// !$*UTF8*$!
{
	archiveVersion = 1;
	classes = {
	};
	objectVersion = 46;
	objects = {

/* Begin PBXBuildFile section */
		58325D8619026926000A3D0E /* libGPUImage.a in Frameworks */ = {isa = PBXBuildFile; fileRef = 58FD075A1902416A0005E74E /* libGPUImage.a */; };
		58325D8919026D7D000A3D0E /* VnBlendingNormal.m in Sources */ = {isa = PBXBuildFile; fileRef = 58325D8819026D7D000A3D0E /* VnBlendingNormal.m */; };
		58325D8C19026F5B000A3D0E /* VnBlendingDarken.m in Sources */ = {isa = PBXBuildFile; fileRef = 58325D8B19026F5B000A3D0E /* VnBlendingDarken.m */; };
		58325D8F19026FDD000A3D0E /* VnBlendingMultiply.m in Sources */ = {isa = PBXBuildFile; fileRef = 58325D8E19026FDD000A3D0E /* VnBlendingMultiply.m */; };
		58325D9219027053000A3D0E /* VnBlendingScreen.m in Sources */ = {isa = PBXBuildFile; fileRef = 58325D9119027053000A3D0E /* VnBlendingScreen.m */; };
		58325D951902711F000A3D0E /* VnBlendingSoftLight.m in Sources */ = {isa = PBXBuildFile; fileRef = 58325D941902711F000A3D0E /* VnBlendingSoftLight.m */; };
		58325D98190271A9000A3D0E /* VnBlendingLighten.m in Sources */ = {isa = PBXBuildFile; fileRef = 58325D97190271A9000A3D0E /* VnBlendingLighten.m */; };
		58325D9B1902724E000A3D0E /* VnBlendingHardLight.m in Sources */ = {isa = PBXBuildFile; fileRef = 58325D9A1902724E000A3D0E /* VnBlendingHardLight.m */; };
		58325D9E190272F9000A3D0E /* VnBlendingVividLight.m in Sources */ = {isa = PBXBuildFile; fileRef = 58325D9D190272F9000A3D0E /* VnBlendingVividLight.m */; };
		58325DA1190274A2000A3D0E /* VnBlendingOverlay.m in Sources */ = {isa = PBXBuildFile; fileRef = 58325DA0190274A2000A3D0E /* VnBlendingOverlay.m */; };
		58325DA4190276AC000A3D0E /* VnBlendingColorDodge.m in Sources */ = {isa = PBXBuildFile; fileRef = 58325DA3190276AC000A3D0E /* VnBlendingColorDodge.m */; };
		58325DA71902774A000A3D0E /* VnBlendingDifference.m in Sources */ = {isa = PBXBuildFile; fileRef = 58325DA61902774A000A3D0E /* VnBlendingDifference.m */; };
		58325DAA190277DC000A3D0E /* VnBlendingLinearDodge.m in Sources */ = {isa = PBXBuildFile; fileRef = 58325DA9190277DC000A3D0E /* VnBlendingLinearDodge.m */; };
		58325DAD1902787B000A3D0E /* VnBlendingColor.m in Sources */ = {isa = PBXBuildFile; fileRef = 58325DAC1902787B000A3D0E /* VnBlendingColor.m */; };
		58325DB019027908000A3D0E /* VnBlendingDarkerColor.m in Sources */ = {isa = PBXBuildFile; fileRef = 58325DAF19027908000A3D0E /* VnBlendingDarkerColor.m */; };
		58325DB3190279B2000A3D0E /* VnBlendingExclusion.m in Sources */ = {isa = PBXBuildFile; fileRef = 58325DB2190279B2000A3D0E /* VnBlendingExclusion.m */; };
		58325DB619027A19000A3D0E /* VnBlendingHue.m in Sources */ = {isa = PBXBuildFile; fileRef = 58325DB519027A19000A3D0E /* VnBlendingHue.m */; };
		58325DB919027AAB000A3D0E /* VnBlendingColorBurn.m in Sources */ = {isa = PBXBuildFile; fileRef = 58325DB819027AAB000A3D0E /* VnBlendingColorBurn.m */; };
		58325DBC19027B47000A3D0E /* VnBlendingSaturation.m in Sources */ = {isa = PBXBuildFile; fileRef = 58325DBB19027B47000A3D0E /* VnBlendingSaturation.m */; };
		58325DC119027DD4000A3D0E /* VnFilterBrightness.m in Sources */ = {isa = PBXBuildFile; fileRef = 58325DC019027DD4000A3D0E /* VnFilterBrightness.m */; };
		58F17A5E19020A530038DF34 /* Localizable.strings in Resources */ = {isa = PBXBuildFile; fileRef = 58F17A6019020A530038DF34 /* Localizable.strings */; };
		58F17A6619020B380038DF34 /* CurrentImage.m in Sources */ = {isa = PBXBuildFile; fileRef = 58F17A6519020B380038DF34 /* CurrentImage.m */; };
		58F17A7219020BEC0038DF34 /* UIDevice+extend.m in Sources */ = {isa = PBXBuildFile; fileRef = 58F17A6919020BEC0038DF34 /* UIDevice+extend.m */; };
		58F17A7319020BEC0038DF34 /* UIScreen+extend.m in Sources */ = {isa = PBXBuildFile; fileRef = 58F17A6B19020BEC0038DF34 /* UIScreen+extend.m */; };
		58F17A7419020BEC0038DF34 /* UIView+extend.m in Sources */ = {isa = PBXBuildFile; fileRef = 58F17A6D19020BEC0038DF34 /* UIView+extend.m */; };
		58F17A7519020BEC0038DF34 /* UIScrollView+extend.m in Sources */ = {isa = PBXBuildFile; fileRef = 58F17A6F19020BEC0038DF34 /* UIScrollView+extend.m */; };
		58F17A7619020BEC0038DF34 /* UIImage+extend.m in Sources */ = {isa = PBXBuildFile; fileRef = 58F17A7119020BEC0038DF34 /* UIImage+extend.m */; };
		58F79C4C18FFAE6000C0D2E1 /* Foundation.framework in Frameworks */ = {isa = PBXBuildFile; fileRef = 58F79C4B18FFAE6000C0D2E1 /* Foundation.framework */; };
		58F79C4E18FFAE6000C0D2E1 /* CoreGraphics.framework in Frameworks */ = {isa = PBXBuildFile; fileRef = 58F79C4D18FFAE6000C0D2E1 /* CoreGraphics.framework */; };
		58F79C5018FFAE6000C0D2E1 /* UIKit.framework in Frameworks */ = {isa = PBXBuildFile; fileRef = 58F79C4F18FFAE6000C0D2E1 /* UIKit.framework */; };
		58F79C5618FFAE6000C0D2E1 /* InfoPlist.strings in Resources */ = {isa = PBXBuildFile; fileRef = 58F79C5418FFAE6000C0D2E1 /* InfoPlist.strings */; };
		58F79C5818FFAE6000C0D2E1 /* main.m in Sources */ = {isa = PBXBuildFile; fileRef = 58F79C5718FFAE6000C0D2E1 /* main.m */; };
		58F79C5C18FFAE6000C0D2E1 /* AppDelegate.m in Sources */ = {isa = PBXBuildFile; fileRef = 58F79C5B18FFAE6000C0D2E1 /* AppDelegate.m */; };
		58F79C5F18FFAE6000C0D2E1 /* Main.storyboard in Resources */ = {isa = PBXBuildFile; fileRef = 58F79C5D18FFAE6000C0D2E1 /* Main.storyboard */; };
		58F79C6218FFAE6000C0D2E1 /* ViewController.m in Sources */ = {isa = PBXBuildFile; fileRef = 58F79C6118FFAE6000C0D2E1 /* ViewController.m */; };
		58F79C6418FFAE6000C0D2E1 /* Images.xcassets in Resources */ = {isa = PBXBuildFile; fileRef = 58F79C6318FFAE6000C0D2E1 /* Images.xcassets */; };
		58F79C6B18FFAE6000C0D2E1 /* XCTest.framework in Frameworks */ = {isa = PBXBuildFile; fileRef = 58F79C6A18FFAE6000C0D2E1 /* XCTest.framework */; };
		58F79C6C18FFAE6000C0D2E1 /* Foundation.framework in Frameworks */ = {isa = PBXBuildFile; fileRef = 58F79C4B18FFAE6000C0D2E1 /* Foundation.framework */; };
		58F79C6D18FFAE6000C0D2E1 /* UIKit.framework in Frameworks */ = {isa = PBXBuildFile; fileRef = 58F79C4F18FFAE6000C0D2E1 /* UIKit.framework */; };
		58F79C7518FFAE6000C0D2E1 /* InfoPlist.strings in Resources */ = {isa = PBXBuildFile; fileRef = 58F79C7318FFAE6000C0D2E1 /* InfoPlist.strings */; };
		58F79C7718FFAE6000C0D2E1 /* Vintage_2_0Tests.m in Sources */ = {isa = PBXBuildFile; fileRef = 58F79C7618FFAE6000C0D2E1 /* Vintage_2_0Tests.m */; };
		58FD07051902405C0005E74E /* Processor.m in Sources */ = {isa = PBXBuildFile; fileRef = 58FD07041902405C0005E74E /* Processor.m */; };
		58FD073B1902410D0005E74E /* GPUAdjustmentsWhiteBalance.m in Sources */ = {isa = PBXBuildFile; fileRef = 58FD070C1902410C0005E74E /* GPUAdjustmentsWhiteBalance.m */; };
		58FD073C1902410D0005E74E /* GPULevelsImageFilter.m in Sources */ = {isa = PBXBuildFile; fileRef = 58FD070E1902410C0005E74E /* GPULevelsImageFilter.m */; };
		58FD073D1902410D0005E74E /* GPUAdjustmentsSaturation.m in Sources */ = {isa = PBXBuildFile; fileRef = 58FD07101902410C0005E74E /* GPUAdjustmentsSaturation.m */; };
		58FD073E1902410D0005E74E /* GPUAdjustmentsBrightness.m in Sources */ = {isa = PBXBuildFile; fileRef = 58FD07121902410C0005E74E /* GPUAdjustmentsBrightness.m */; };
		58FD073F1902410D0005E74E /* GPUKelvinFilter.m in Sources */ = {isa = PBXBuildFile; fileRef = 58FD07141902410C0005E74E /* GPUKelvinFilter.m */; };
		58FD07401902410D0005E74E /* GPUImageVividLightBlendFilter.m in Sources */ = {isa = PBXBuildFile; fileRef = 58FD07161902410C0005E74E /* GPUImageVividLightBlendFilter.m */; };
		58FD07411902410D0005E74E /* GPUImageLinearDodgeBlendFilter.m in Sources */ = {isa = PBXBuildFile; fileRef = 58FD07181902410C0005E74E /* GPUImageLinearDodgeBlendFilter.m */; };
		58FD07421902410D0005E74E /* GPUImageLinearLightBlendFilter.m in Sources */ = {isa = PBXBuildFile; fileRef = 58FD071A1902410C0005E74E /* GPUImageLinearLightBlendFilter.m */; };
		58FD07431902410D0005E74E /* GPUPhotoFilter.m in Sources */ = {isa = PBXBuildFile; fileRef = 58FD071C1902410C0005E74E /* GPUPhotoFilter.m */; };
		58FD07441902410D0005E74E /* GPUImageDarkerColorBlendFilter.m in Sources */ = {isa = PBXBuildFile; fileRef = 58FD071E1902410C0005E74E /* GPUImageDarkerColorBlendFilter.m */; };
		58FD07451902410D0005E74E /* GPUImageVignette2Filter.m in Sources */ = {isa = PBXBuildFile; fileRef = 58FD07201902410C0005E74E /* GPUImageVignette2Filter.m */; };
		58FD07461902410D0005E74E /* GPUimageTumblinBrightnessFilter.m in Sources */ = {isa = PBXBuildFile; fileRef = 58FD07221902410C0005E74E /* GPUimageTumblinBrightnessFilter.m */; };
		58FD07471902410D0005E74E /* GPUImageTumblinLevelsFilter.m in Sources */ = {isa = PBXBuildFile; fileRef = 58FD07241902410D0005E74E /* GPUImageTumblinLevelsFilter.m */; };
		58FD07481902410D0005E74E /* GPUImageVibranceFilter.m in Sources */ = {isa = PBXBuildFile; fileRef = 58FD07261902410D0005E74E /* GPUImageVibranceFilter.m */; };
		58FD07491902410D0005E74E /* GPUImageNaturalSaturationFilter.m in Sources */ = {isa = PBXBuildFile; fileRef = 58FD07281902410D0005E74E /* GPUImageNaturalSaturationFilter.m */; };
		58FD074A1902410D0005E74E /* GPUImageClarityFilter.m in Sources */ = {isa = PBXBuildFile; fileRef = 58FD072A1902410D0005E74E /* GPUImageClarityFilter.m */; };
		58FD074B1902410D0005E74E /* GPUImageAllAdjustmentsInOneFilter.m in Sources */ = {isa = PBXBuildFile; fileRef = 58FD072C1902410D0005E74E /* GPUImageAllAdjustmentsInOneFilter.m */; };
		58FD074C1902410D0005E74E /* GPUImageFocusFilter.m in Sources */ = {isa = PBXBuildFile; fileRef = 58FD072E1902410D0005E74E /* GPUImageFocusFilter.m */; };
		58FD074D1902410D0005E74E /* GPUImageHueBlendAltFIlter.m in Sources */ = {isa = PBXBuildFile; fileRef = 58FD07301902410D0005E74E /* GPUImageHueBlendAltFIlter.m */; };
		58FD074E1902410D0005E74E /* GPUImageSaturationBlendAltFilter.m in Sources */ = {isa = PBXBuildFile; fileRef = 58FD07321902410D0005E74E /* GPUImageSaturationBlendAltFilter.m */; };
		58FD074F1902410D0005E74E /* GPUImageHazyFilter.m in Sources */ = {isa = PBXBuildFile; fileRef = 58FD07341902410D0005E74E /* GPUImageHazyFilter.m */; };
		58FD07501902410D0005E74E /* GPUImageReplaceColorFilter.m in Sources */ = {isa = PBXBuildFile; fileRef = 58FD07361902410D0005E74E /* GPUImageReplaceColorFilter.m */; };
		58FD07511902410D0005E74E /* GPUImageNormalBlendBasedOnSkinColorFIlter.m in Sources */ = {isa = PBXBuildFile; fileRef = 58FD07381902410D0005E74E /* GPUImageNormalBlendBasedOnSkinColorFIlter.m */; };
		58FD07521902410D0005E74E /* GPUImageLensMotionBlurFilter.m in Sources */ = {isa = PBXBuildFile; fileRef = 58FD073A1902410D0005E74E /* GPUImageLensMotionBlurFilter.m */; };
		58FD075F190241920005E74E /* AssetsLibrary.framework in Frameworks */ = {isa = PBXBuildFile; fileRef = 58FD075E190241920005E74E /* AssetsLibrary.framework */; };
		58FD07611902419D0005E74E /* Social.framework in Frameworks */ = {isa = PBXBuildFile; fileRef = 58FD07601902419D0005E74E /* Social.framework */; };
		58FD0763190241A30005E74E /* QuartzCore.framework in Frameworks */ = {isa = PBXBuildFile; fileRef = 58FD0762190241A30005E74E /* QuartzCore.framework */; };
		58FD0765190241B10005E74E /* AVFoundation.framework in Frameworks */ = {isa = PBXBuildFile; fileRef = 58FD0764190241B10005E74E /* AVFoundation.framework */; };
		58FD0767190241BD0005E74E /* OpenGLES.framework in Frameworks */ = {isa = PBXBuildFile; fileRef = 58FD0766190241BD0005E74E /* OpenGLES.framework */; };
		58FD0769190241C70005E74E /* CoreVideo.framework in Frameworks */ = {isa = PBXBuildFile; fileRef = 58FD0768190241C70005E74E /* CoreVideo.framework */; };
		58FD076B190241D10005E74E /* CoreMedia.framework in Frameworks */ = {isa = PBXBuildFile; fileRef = 58FD076A190241D10005E74E /* CoreMedia.framework */; };
		58FD077119025A860005E74E /* VnEffect.m in Sources */ = {isa = PBXBuildFile; fileRef = 58FD077019025A860005E74E /* VnEffect.m */; };
/* End PBXBuildFile section */

/* Begin PBXContainerItemProxy section */
		58F79C6E18FFAE6000C0D2E1 /* PBXContainerItemProxy */ = {
			isa = PBXContainerItemProxy;
			containerPortal = 58F79C4018FFAE6000C0D2E1 /* Project object */;
			proxyType = 1;
			remoteGlobalIDString = 58F79C4718FFAE6000C0D2E1;
			remoteInfo = "Vintage 2.0";
		};
		58FD07591902416A0005E74E /* PBXContainerItemProxy */ = {
			isa = PBXContainerItemProxy;
			containerPortal = 58FD0753190241690005E74E /* GPUImage.xcodeproj */;
			proxyType = 2;
			remoteGlobalIDString = BCF1A33414DDB1EC00852800;
			remoteInfo = GPUImage;
		};
		58FD075B1902416A0005E74E /* PBXContainerItemProxy */ = {
			isa = PBXContainerItemProxy;
			containerPortal = 58FD0753190241690005E74E /* GPUImage.xcodeproj */;
			proxyType = 2;
			remoteGlobalIDString = BCF1A34414DDB1EC00852800;
			remoteInfo = GPUImageTests;
		};
/* End PBXContainerItemProxy section */

/* Begin PBXFileReference section */
		58325D8719026D7D000A3D0E /* VnBlendingNormal.h */ = {isa = PBXFileReference; fileEncoding = 4; lastKnownFileType = sourcecode.c.h; path = VnBlendingNormal.h; sourceTree = "<group>"; };
		58325D8819026D7D000A3D0E /* VnBlendingNormal.m */ = {isa = PBXFileReference; fileEncoding = 4; lastKnownFileType = sourcecode.c.objc; path = VnBlendingNormal.m; sourceTree = "<group>"; };
		58325D8A19026F5B000A3D0E /* VnBlendingDarken.h */ = {isa = PBXFileReference; fileEncoding = 4; lastKnownFileType = sourcecode.c.h; path = VnBlendingDarken.h; sourceTree = "<group>"; };
		58325D8B19026F5B000A3D0E /* VnBlendingDarken.m */ = {isa = PBXFileReference; fileEncoding = 4; lastKnownFileType = sourcecode.c.objc; path = VnBlendingDarken.m; sourceTree = "<group>"; };
		58325D8D19026FDD000A3D0E /* VnBlendingMultiply.h */ = {isa = PBXFileReference; fileEncoding = 4; lastKnownFileType = sourcecode.c.h; path = VnBlendingMultiply.h; sourceTree = "<group>"; };
		58325D8E19026FDD000A3D0E /* VnBlendingMultiply.m */ = {isa = PBXFileReference; fileEncoding = 4; lastKnownFileType = sourcecode.c.objc; path = VnBlendingMultiply.m; sourceTree = "<group>"; };
		58325D9019027053000A3D0E /* VnBlendingScreen.h */ = {isa = PBXFileReference; fileEncoding = 4; lastKnownFileType = sourcecode.c.h; path = VnBlendingScreen.h; sourceTree = "<group>"; };
		58325D9119027053000A3D0E /* VnBlendingScreen.m */ = {isa = PBXFileReference; fileEncoding = 4; lastKnownFileType = sourcecode.c.objc; path = VnBlendingScreen.m; sourceTree = "<group>"; };
		58325D931902711F000A3D0E /* VnBlendingSoftLight.h */ = {isa = PBXFileReference; fileEncoding = 4; lastKnownFileType = sourcecode.c.h; path = VnBlendingSoftLight.h; sourceTree = "<group>"; };
		58325D941902711F000A3D0E /* VnBlendingSoftLight.m */ = {isa = PBXFileReference; fileEncoding = 4; lastKnownFileType = sourcecode.c.objc; path = VnBlendingSoftLight.m; sourceTree = "<group>"; };
		58325D96190271A9000A3D0E /* VnBlendingLighten.h */ = {isa = PBXFileReference; fileEncoding = 4; lastKnownFileType = sourcecode.c.h; path = VnBlendingLighten.h; sourceTree = "<group>"; };
		58325D97190271A9000A3D0E /* VnBlendingLighten.m */ = {isa = PBXFileReference; fileEncoding = 4; lastKnownFileType = sourcecode.c.objc; path = VnBlendingLighten.m; sourceTree = "<group>"; };
		58325D991902724E000A3D0E /* VnBlendingHardLight.h */ = {isa = PBXFileReference; fileEncoding = 4; lastKnownFileType = sourcecode.c.h; path = VnBlendingHardLight.h; sourceTree = "<group>"; };
		58325D9A1902724E000A3D0E /* VnBlendingHardLight.m */ = {isa = PBXFileReference; fileEncoding = 4; lastKnownFileType = sourcecode.c.objc; path = VnBlendingHardLight.m; sourceTree = "<group>"; };
		58325D9C190272F9000A3D0E /* VnBlendingVividLight.h */ = {isa = PBXFileReference; fileEncoding = 4; lastKnownFileType = sourcecode.c.h; path = VnBlendingVividLight.h; sourceTree = "<group>"; };
		58325D9D190272F9000A3D0E /* VnBlendingVividLight.m */ = {isa = PBXFileReference; fileEncoding = 4; lastKnownFileType = sourcecode.c.objc; path = VnBlendingVividLight.m; sourceTree = "<group>"; };
		58325D9F190274A2000A3D0E /* VnBlendingOverlay.h */ = {isa = PBXFileReference; fileEncoding = 4; lastKnownFileType = sourcecode.c.h; path = VnBlendingOverlay.h; sourceTree = "<group>"; };
		58325DA0190274A2000A3D0E /* VnBlendingOverlay.m */ = {isa = PBXFileReference; fileEncoding = 4; lastKnownFileType = sourcecode.c.objc; path = VnBlendingOverlay.m; sourceTree = "<group>"; };
		58325DA2190276AC000A3D0E /* VnBlendingColorDodge.h */ = {isa = PBXFileReference; fileEncoding = 4; lastKnownFileType = sourcecode.c.h; path = VnBlendingColorDodge.h; sourceTree = "<group>"; };
		58325DA3190276AC000A3D0E /* VnBlendingColorDodge.m */ = {isa = PBXFileReference; fileEncoding = 4; lastKnownFileType = sourcecode.c.objc; path = VnBlendingColorDodge.m; sourceTree = "<group>"; };
		58325DA51902774A000A3D0E /* VnBlendingDifference.h */ = {isa = PBXFileReference; fileEncoding = 4; lastKnownFileType = sourcecode.c.h; path = VnBlendingDifference.h; sourceTree = "<group>"; };
		58325DA61902774A000A3D0E /* VnBlendingDifference.m */ = {isa = PBXFileReference; fileEncoding = 4; lastKnownFileType = sourcecode.c.objc; path = VnBlendingDifference.m; sourceTree = "<group>"; };
		58325DA8190277DC000A3D0E /* VnBlendingLinearDodge.h */ = {isa = PBXFileReference; fileEncoding = 4; lastKnownFileType = sourcecode.c.h; path = VnBlendingLinearDodge.h; sourceTree = "<group>"; };
		58325DA9190277DC000A3D0E /* VnBlendingLinearDodge.m */ = {isa = PBXFileReference; fileEncoding = 4; lastKnownFileType = sourcecode.c.objc; path = VnBlendingLinearDodge.m; sourceTree = "<group>"; };
		58325DAB1902787B000A3D0E /* VnBlendingColor.h */ = {isa = PBXFileReference; fileEncoding = 4; lastKnownFileType = sourcecode.c.h; path = VnBlendingColor.h; sourceTree = "<group>"; };
		58325DAC1902787B000A3D0E /* VnBlendingColor.m */ = {isa = PBXFileReference; fileEncoding = 4; lastKnownFileType = sourcecode.c.objc; path = VnBlendingColor.m; sourceTree = "<group>"; };
		58325DAE19027908000A3D0E /* VnBlendingDarkerColor.h */ = {isa = PBXFileReference; fileEncoding = 4; lastKnownFileType = sourcecode.c.h; path = VnBlendingDarkerColor.h; sourceTree = "<group>"; };
		58325DAF19027908000A3D0E /* VnBlendingDarkerColor.m */ = {isa = PBXFileReference; fileEncoding = 4; lastKnownFileType = sourcecode.c.objc; path = VnBlendingDarkerColor.m; sourceTree = "<group>"; };
		58325DB1190279B2000A3D0E /* VnBlendingExclusion.h */ = {isa = PBXFileReference; fileEncoding = 4; lastKnownFileType = sourcecode.c.h; path = VnBlendingExclusion.h; sourceTree = "<group>"; };
		58325DB2190279B2000A3D0E /* VnBlendingExclusion.m */ = {isa = PBXFileReference; fileEncoding = 4; lastKnownFileType = sourcecode.c.objc; path = VnBlendingExclusion.m; sourceTree = "<group>"; };
		58325DB419027A19000A3D0E /* VnBlendingHue.h */ = {isa = PBXFileReference; fileEncoding = 4; lastKnownFileType = sourcecode.c.h; path = VnBlendingHue.h; sourceTree = "<group>"; };
		58325DB519027A19000A3D0E /* VnBlendingHue.m */ = {isa = PBXFileReference; fileEncoding = 4; lastKnownFileType = sourcecode.c.objc; path = VnBlendingHue.m; sourceTree = "<group>"; };
		58325DB719027AAA000A3D0E /* VnBlendingColorBurn.h */ = {isa = PBXFileReference; fileEncoding = 4; lastKnownFileType = sourcecode.c.h; path = VnBlendingColorBurn.h; sourceTree = "<group>"; };
		58325DB819027AAB000A3D0E /* VnBlendingColorBurn.m */ = {isa = PBXFileReference; fileEncoding = 4; lastKnownFileType = sourcecode.c.objc; path = VnBlendingColorBurn.m; sourceTree = "<group>"; };
		58325DBA19027B47000A3D0E /* VnBlendingSaturation.h */ = {isa = PBXFileReference; fileEncoding = 4; lastKnownFileType = sourcecode.c.h; path = VnBlendingSaturation.h; sourceTree = "<group>"; };
		58325DBB19027B47000A3D0E /* VnBlendingSaturation.m */ = {isa = PBXFileReference; fileEncoding = 4; lastKnownFileType = sourcecode.c.objc; path = VnBlendingSaturation.m; sourceTree = "<group>"; };
		58325DBF19027DD4000A3D0E /* VnFilterBrightness.h */ = {isa = PBXFileReference; fileEncoding = 4; lastKnownFileType = sourcecode.c.h; path = VnFilterBrightness.h; sourceTree = "<group>"; };
		58325DC019027DD4000A3D0E /* VnFilterBrightness.m */ = {isa = PBXFileReference; fileEncoding = 4; lastKnownFileType = sourcecode.c.objc; path = VnFilterBrightness.m; sourceTree = "<group>"; };
		58F17A5919020A120038DF34 /* ja */ = {isa = PBXFileReference; lastKnownFileType = text.plist.strings; name = ja; path = ja.lproj/Main.strings; sourceTree = "<group>"; };
		58F17A5A19020A120038DF34 /* ja */ = {isa = PBXFileReference; lastKnownFileType = text.plist.strings; name = ja; path = ja.lproj/InfoPlist.strings; sourceTree = "<group>"; };
		58F17A5B19020A120038DF34 /* ja */ = {isa = PBXFileReference; lastKnownFileType = text.plist.strings; name = ja; path = ja.lproj/InfoPlist.strings; sourceTree = "<group>"; };
		58F17A5F19020A530038DF34 /* en */ = {isa = PBXFileReference; lastKnownFileType = text.plist.strings; name = en; path = en.lproj/Localizable.strings; sourceTree = "<group>"; };
		58F17A6119020A560038DF34 /* ja */ = {isa = PBXFileReference; lastKnownFileType = text.plist.strings; name = ja; path = ja.lproj/Localizable.strings; sourceTree = "<group>"; };
		58F17A6419020B380038DF34 /* CurrentImage.h */ = {isa = PBXFileReference; fileEncoding = 4; lastKnownFileType = sourcecode.c.h; path = CurrentImage.h; sourceTree = "<group>"; };
		58F17A6519020B380038DF34 /* CurrentImage.m */ = {isa = PBXFileReference; fileEncoding = 4; lastKnownFileType = sourcecode.c.objc; path = CurrentImage.m; sourceTree = "<group>"; };
		58F17A6819020BEC0038DF34 /* UIDevice+extend.h */ = {isa = PBXFileReference; fileEncoding = 4; lastKnownFileType = sourcecode.c.h; path = "UIDevice+extend.h"; sourceTree = "<group>"; };
		58F17A6919020BEC0038DF34 /* UIDevice+extend.m */ = {isa = PBXFileReference; fileEncoding = 4; lastKnownFileType = sourcecode.c.objc; path = "UIDevice+extend.m"; sourceTree = "<group>"; };
		58F17A6A19020BEC0038DF34 /* UIScreen+extend.h */ = {isa = PBXFileReference; fileEncoding = 4; lastKnownFileType = sourcecode.c.h; path = "UIScreen+extend.h"; sourceTree = "<group>"; };
		58F17A6B19020BEC0038DF34 /* UIScreen+extend.m */ = {isa = PBXFileReference; fileEncoding = 4; lastKnownFileType = sourcecode.c.objc; path = "UIScreen+extend.m"; sourceTree = "<group>"; };
		58F17A6C19020BEC0038DF34 /* UIView+extend.h */ = {isa = PBXFileReference; fileEncoding = 4; lastKnownFileType = sourcecode.c.h; path = "UIView+extend.h"; sourceTree = "<group>"; };
		58F17A6D19020BEC0038DF34 /* UIView+extend.m */ = {isa = PBXFileReference; fileEncoding = 4; lastKnownFileType = sourcecode.c.objc; path = "UIView+extend.m"; sourceTree = "<group>"; };
		58F17A6E19020BEC0038DF34 /* UIScrollView+extend.h */ = {isa = PBXFileReference; fileEncoding = 4; lastKnownFileType = sourcecode.c.h; path = "UIScrollView+extend.h"; sourceTree = "<group>"; };
		58F17A6F19020BEC0038DF34 /* UIScrollView+extend.m */ = {isa = PBXFileReference; fileEncoding = 4; lastKnownFileType = sourcecode.c.objc; path = "UIScrollView+extend.m"; sourceTree = "<group>"; };
		58F17A7019020BEC0038DF34 /* UIImage+extend.h */ = {isa = PBXFileReference; fileEncoding = 4; lastKnownFileType = sourcecode.c.h; path = "UIImage+extend.h"; sourceTree = "<group>"; };
		58F17A7119020BEC0038DF34 /* UIImage+extend.m */ = {isa = PBXFileReference; fileEncoding = 4; lastKnownFileType = sourcecode.c.objc; path = "UIImage+extend.m"; sourceTree = "<group>"; };
		58F79C4818FFAE6000C0D2E1 /* Vintage 2.0.app */ = {isa = PBXFileReference; explicitFileType = wrapper.application; includeInIndex = 0; path = "Vintage 2.0.app"; sourceTree = BUILT_PRODUCTS_DIR; };
		58F79C4B18FFAE6000C0D2E1 /* Foundation.framework */ = {isa = PBXFileReference; lastKnownFileType = wrapper.framework; name = Foundation.framework; path = System/Library/Frameworks/Foundation.framework; sourceTree = SDKROOT; };
		58F79C4D18FFAE6000C0D2E1 /* CoreGraphics.framework */ = {isa = PBXFileReference; lastKnownFileType = wrapper.framework; name = CoreGraphics.framework; path = System/Library/Frameworks/CoreGraphics.framework; sourceTree = SDKROOT; };
		58F79C4F18FFAE6000C0D2E1 /* UIKit.framework */ = {isa = PBXFileReference; lastKnownFileType = wrapper.framework; name = UIKit.framework; path = System/Library/Frameworks/UIKit.framework; sourceTree = SDKROOT; };
		58F79C5318FFAE6000C0D2E1 /* Vintage 2.0-Info.plist */ = {isa = PBXFileReference; lastKnownFileType = text.plist.xml; path = "Vintage 2.0-Info.plist"; sourceTree = "<group>"; };
		58F79C5518FFAE6000C0D2E1 /* en */ = {isa = PBXFileReference; lastKnownFileType = text.plist.strings; name = en; path = en.lproj/InfoPlist.strings; sourceTree = "<group>"; };
		58F79C5718FFAE6000C0D2E1 /* main.m */ = {isa = PBXFileReference; lastKnownFileType = sourcecode.c.objc; path = main.m; sourceTree = "<group>"; };
		58F79C5918FFAE6000C0D2E1 /* Vintage 2.0-Prefix.pch */ = {isa = PBXFileReference; lastKnownFileType = sourcecode.c.h; path = "Vintage 2.0-Prefix.pch"; sourceTree = "<group>"; };
		58F79C5A18FFAE6000C0D2E1 /* AppDelegate.h */ = {isa = PBXFileReference; lastKnownFileType = sourcecode.c.h; path = AppDelegate.h; sourceTree = "<group>"; };
		58F79C5B18FFAE6000C0D2E1 /* AppDelegate.m */ = {isa = PBXFileReference; lastKnownFileType = sourcecode.c.objc; path = AppDelegate.m; sourceTree = "<group>"; };
		58F79C5E18FFAE6000C0D2E1 /* Base */ = {isa = PBXFileReference; lastKnownFileType = file.storyboard; name = Base; path = Base.lproj/Main.storyboard; sourceTree = "<group>"; };
		58F79C6018FFAE6000C0D2E1 /* ViewController.h */ = {isa = PBXFileReference; lastKnownFileType = sourcecode.c.h; path = ViewController.h; sourceTree = "<group>"; };
		58F79C6118FFAE6000C0D2E1 /* ViewController.m */ = {isa = PBXFileReference; lastKnownFileType = sourcecode.c.objc; path = ViewController.m; sourceTree = "<group>"; };
		58F79C6318FFAE6000C0D2E1 /* Images.xcassets */ = {isa = PBXFileReference; lastKnownFileType = folder.assetcatalog; path = Images.xcassets; sourceTree = "<group>"; };
		58F79C6918FFAE6000C0D2E1 /* Vintage 2.0Tests.xctest */ = {isa = PBXFileReference; explicitFileType = wrapper.cfbundle; includeInIndex = 0; path = "Vintage 2.0Tests.xctest"; sourceTree = BUILT_PRODUCTS_DIR; };
		58F79C6A18FFAE6000C0D2E1 /* XCTest.framework */ = {isa = PBXFileReference; lastKnownFileType = wrapper.framework; name = XCTest.framework; path = Library/Frameworks/XCTest.framework; sourceTree = DEVELOPER_DIR; };
		58F79C7218FFAE6000C0D2E1 /* Vintage 2.0Tests-Info.plist */ = {isa = PBXFileReference; lastKnownFileType = text.plist.xml; path = "Vintage 2.0Tests-Info.plist"; sourceTree = "<group>"; };
		58F79C7418FFAE6000C0D2E1 /* en */ = {isa = PBXFileReference; lastKnownFileType = text.plist.strings; name = en; path = en.lproj/InfoPlist.strings; sourceTree = "<group>"; };
		58F79C7618FFAE6000C0D2E1 /* Vintage_2_0Tests.m */ = {isa = PBXFileReference; lastKnownFileType = sourcecode.c.objc; path = Vintage_2_0Tests.m; sourceTree = "<group>"; };
		58FD07031902405C0005E74E /* Processor.h */ = {isa = PBXFileReference; fileEncoding = 4; lastKnownFileType = sourcecode.c.h; path = Processor.h; sourceTree = "<group>"; };
		58FD07041902405C0005E74E /* Processor.m */ = {isa = PBXFileReference; fileEncoding = 4; lastKnownFileType = sourcecode.c.objc; path = Processor.m; sourceTree = "<group>"; };
		58FD070B1902410C0005E74E /* GPUAdjustmentsWhiteBalance.h */ = {isa = PBXFileReference; fileEncoding = 4; lastKnownFileType = sourcecode.c.h; path = GPUAdjustmentsWhiteBalance.h; sourceTree = "<group>"; };
		58FD070C1902410C0005E74E /* GPUAdjustmentsWhiteBalance.m */ = {isa = PBXFileReference; fileEncoding = 4; lastKnownFileType = sourcecode.c.objc; path = GPUAdjustmentsWhiteBalance.m; sourceTree = "<group>"; };
		58FD070D1902410C0005E74E /* GPULevelsImageFilter.h */ = {isa = PBXFileReference; fileEncoding = 4; lastKnownFileType = sourcecode.c.h; path = GPULevelsImageFilter.h; sourceTree = "<group>"; };
		58FD070E1902410C0005E74E /* GPULevelsImageFilter.m */ = {isa = PBXFileReference; fileEncoding = 4; lastKnownFileType = sourcecode.c.objc; path = GPULevelsImageFilter.m; sourceTree = "<group>"; };
		58FD070F1902410C0005E74E /* GPUAdjustmentsSaturation.h */ = {isa = PBXFileReference; fileEncoding = 4; lastKnownFileType = sourcecode.c.h; path = GPUAdjustmentsSaturation.h; sourceTree = "<group>"; };
		58FD07101902410C0005E74E /* GPUAdjustmentsSaturation.m */ = {isa = PBXFileReference; fileEncoding = 4; lastKnownFileType = sourcecode.c.objc; path = GPUAdjustmentsSaturation.m; sourceTree = "<group>"; };
		58FD07111902410C0005E74E /* GPUAdjustmentsBrightness.h */ = {isa = PBXFileReference; fileEncoding = 4; lastKnownFileType = sourcecode.c.h; path = GPUAdjustmentsBrightness.h; sourceTree = "<group>"; };
		58FD07121902410C0005E74E /* GPUAdjustmentsBrightness.m */ = {isa = PBXFileReference; fileEncoding = 4; lastKnownFileType = sourcecode.c.objc; path = GPUAdjustmentsBrightness.m; sourceTree = "<group>"; };
		58FD07131902410C0005E74E /* GPUKelvinFilter.h */ = {isa = PBXFileReference; fileEncoding = 4; lastKnownFileType = sourcecode.c.h; path = GPUKelvinFilter.h; sourceTree = "<group>"; };
		58FD07141902410C0005E74E /* GPUKelvinFilter.m */ = {isa = PBXFileReference; fileEncoding = 4; lastKnownFileType = sourcecode.c.objc; path = GPUKelvinFilter.m; sourceTree = "<group>"; };
		58FD07151902410C0005E74E /* GPUImageVividLightBlendFilter.h */ = {isa = PBXFileReference; fileEncoding = 4; lastKnownFileType = sourcecode.c.h; path = GPUImageVividLightBlendFilter.h; sourceTree = "<group>"; };
		58FD07161902410C0005E74E /* GPUImageVividLightBlendFilter.m */ = {isa = PBXFileReference; fileEncoding = 4; lastKnownFileType = sourcecode.c.objc; path = GPUImageVividLightBlendFilter.m; sourceTree = "<group>"; };
		58FD07171902410C0005E74E /* GPUImageLinearDodgeBlendFilter.h */ = {isa = PBXFileReference; fileEncoding = 4; lastKnownFileType = sourcecode.c.h; path = GPUImageLinearDodgeBlendFilter.h; sourceTree = "<group>"; };
		58FD07181902410C0005E74E /* GPUImageLinearDodgeBlendFilter.m */ = {isa = PBXFileReference; fileEncoding = 4; lastKnownFileType = sourcecode.c.objc; path = GPUImageLinearDodgeBlendFilter.m; sourceTree = "<group>"; };
		58FD07191902410C0005E74E /* GPUImageLinearLightBlendFilter.h */ = {isa = PBXFileReference; fileEncoding = 4; lastKnownFileType = sourcecode.c.h; path = GPUImageLinearLightBlendFilter.h; sourceTree = "<group>"; };
		58FD071A1902410C0005E74E /* GPUImageLinearLightBlendFilter.m */ = {isa = PBXFileReference; fileEncoding = 4; lastKnownFileType = sourcecode.c.objc; path = GPUImageLinearLightBlendFilter.m; sourceTree = "<group>"; };
		58FD071B1902410C0005E74E /* GPUPhotoFilter.h */ = {isa = PBXFileReference; fileEncoding = 4; lastKnownFileType = sourcecode.c.h; path = GPUPhotoFilter.h; sourceTree = "<group>"; };
		58FD071C1902410C0005E74E /* GPUPhotoFilter.m */ = {isa = PBXFileReference; fileEncoding = 4; lastKnownFileType = sourcecode.c.objc; path = GPUPhotoFilter.m; sourceTree = "<group>"; };
		58FD071D1902410C0005E74E /* GPUImageDarkerColorBlendFilter.h */ = {isa = PBXFileReference; fileEncoding = 4; lastKnownFileType = sourcecode.c.h; path = GPUImageDarkerColorBlendFilter.h; sourceTree = "<group>"; };
		58FD071E1902410C0005E74E /* GPUImageDarkerColorBlendFilter.m */ = {isa = PBXFileReference; fileEncoding = 4; lastKnownFileType = sourcecode.c.objc; path = GPUImageDarkerColorBlendFilter.m; sourceTree = "<group>"; };
		58FD071F1902410C0005E74E /* GPUImageVignette2Filter.h */ = {isa = PBXFileReference; fileEncoding = 4; lastKnownFileType = sourcecode.c.h; path = GPUImageVignette2Filter.h; sourceTree = "<group>"; };
		58FD07201902410C0005E74E /* GPUImageVignette2Filter.m */ = {isa = PBXFileReference; fileEncoding = 4; lastKnownFileType = sourcecode.c.objc; path = GPUImageVignette2Filter.m; sourceTree = "<group>"; };
		58FD07211902410C0005E74E /* GPUimageTumblinBrightnessFilter.h */ = {isa = PBXFileReference; fileEncoding = 4; lastKnownFileType = sourcecode.c.h; path = GPUimageTumblinBrightnessFilter.h; sourceTree = "<group>"; };
		58FD07221902410C0005E74E /* GPUimageTumblinBrightnessFilter.m */ = {isa = PBXFileReference; fileEncoding = 4; lastKnownFileType = sourcecode.c.objc; path = GPUimageTumblinBrightnessFilter.m; sourceTree = "<group>"; };
		58FD07231902410C0005E74E /* GPUImageTumblinLevelsFilter.h */ = {isa = PBXFileReference; fileEncoding = 4; lastKnownFileType = sourcecode.c.h; path = GPUImageTumblinLevelsFilter.h; sourceTree = "<group>"; };
		58FD07241902410D0005E74E /* GPUImageTumblinLevelsFilter.m */ = {isa = PBXFileReference; fileEncoding = 4; lastKnownFileType = sourcecode.c.objc; path = GPUImageTumblinLevelsFilter.m; sourceTree = "<group>"; };
		58FD07251902410D0005E74E /* GPUImageVibranceFilter.h */ = {isa = PBXFileReference; fileEncoding = 4; lastKnownFileType = sourcecode.c.h; path = GPUImageVibranceFilter.h; sourceTree = "<group>"; };
		58FD07261902410D0005E74E /* GPUImageVibranceFilter.m */ = {isa = PBXFileReference; fileEncoding = 4; lastKnownFileType = sourcecode.c.objc; path = GPUImageVibranceFilter.m; sourceTree = "<group>"; };
		58FD07271902410D0005E74E /* GPUImageNaturalSaturationFilter.h */ = {isa = PBXFileReference; fileEncoding = 4; lastKnownFileType = sourcecode.c.h; path = GPUImageNaturalSaturationFilter.h; sourceTree = "<group>"; };
		58FD07281902410D0005E74E /* GPUImageNaturalSaturationFilter.m */ = {isa = PBXFileReference; fileEncoding = 4; lastKnownFileType = sourcecode.c.objc; path = GPUImageNaturalSaturationFilter.m; sourceTree = "<group>"; };
		58FD07291902410D0005E74E /* GPUImageClarityFilter.h */ = {isa = PBXFileReference; fileEncoding = 4; lastKnownFileType = sourcecode.c.h; path = GPUImageClarityFilter.h; sourceTree = "<group>"; };
		58FD072A1902410D0005E74E /* GPUImageClarityFilter.m */ = {isa = PBXFileReference; fileEncoding = 4; lastKnownFileType = sourcecode.c.objc; path = GPUImageClarityFilter.m; sourceTree = "<group>"; };
		58FD072B1902410D0005E74E /* GPUImageAllAdjustmentsInOneFilter.h */ = {isa = PBXFileReference; fileEncoding = 4; lastKnownFileType = sourcecode.c.h; path = GPUImageAllAdjustmentsInOneFilter.h; sourceTree = "<group>"; };
		58FD072C1902410D0005E74E /* GPUImageAllAdjustmentsInOneFilter.m */ = {isa = PBXFileReference; fileEncoding = 4; lastKnownFileType = sourcecode.c.objc; path = GPUImageAllAdjustmentsInOneFilter.m; sourceTree = "<group>"; };
		58FD072D1902410D0005E74E /* GPUImageFocusFilter.h */ = {isa = PBXFileReference; fileEncoding = 4; lastKnownFileType = sourcecode.c.h; path = GPUImageFocusFilter.h; sourceTree = "<group>"; };
		58FD072E1902410D0005E74E /* GPUImageFocusFilter.m */ = {isa = PBXFileReference; fileEncoding = 4; lastKnownFileType = sourcecode.c.objc; path = GPUImageFocusFilter.m; sourceTree = "<group>"; };
		58FD072F1902410D0005E74E /* GPUImageHueBlendAltFIlter.h */ = {isa = PBXFileReference; fileEncoding = 4; lastKnownFileType = sourcecode.c.h; path = GPUImageHueBlendAltFIlter.h; sourceTree = "<group>"; };
		58FD07301902410D0005E74E /* GPUImageHueBlendAltFIlter.m */ = {isa = PBXFileReference; fileEncoding = 4; lastKnownFileType = sourcecode.c.objc; path = GPUImageHueBlendAltFIlter.m; sourceTree = "<group>"; };
		58FD07311902410D0005E74E /* GPUImageSaturationBlendAltFilter.h */ = {isa = PBXFileReference; fileEncoding = 4; lastKnownFileType = sourcecode.c.h; path = GPUImageSaturationBlendAltFilter.h; sourceTree = "<group>"; };
		58FD07321902410D0005E74E /* GPUImageSaturationBlendAltFilter.m */ = {isa = PBXFileReference; fileEncoding = 4; lastKnownFileType = sourcecode.c.objc; path = GPUImageSaturationBlendAltFilter.m; sourceTree = "<group>"; };
		58FD07331902410D0005E74E /* GPUImageHazyFilter.h */ = {isa = PBXFileReference; fileEncoding = 4; lastKnownFileType = sourcecode.c.h; path = GPUImageHazyFilter.h; sourceTree = "<group>"; };
		58FD07341902410D0005E74E /* GPUImageHazyFilter.m */ = {isa = PBXFileReference; fileEncoding = 4; lastKnownFileType = sourcecode.c.objc; path = GPUImageHazyFilter.m; sourceTree = "<group>"; };
		58FD07351902410D0005E74E /* GPUImageReplaceColorFilter.h */ = {isa = PBXFileReference; fileEncoding = 4; lastKnownFileType = sourcecode.c.h; path = GPUImageReplaceColorFilter.h; sourceTree = "<group>"; };
		58FD07361902410D0005E74E /* GPUImageReplaceColorFilter.m */ = {isa = PBXFileReference; fileEncoding = 4; lastKnownFileType = sourcecode.c.objc; path = GPUImageReplaceColorFilter.m; sourceTree = "<group>"; };
		58FD07371902410D0005E74E /* GPUImageNormalBlendBasedOnSkinColorFIlter.h */ = {isa = PBXFileReference; fileEncoding = 4; lastKnownFileType = sourcecode.c.h; path = GPUImageNormalBlendBasedOnSkinColorFIlter.h; sourceTree = "<group>"; };
		58FD07381902410D0005E74E /* GPUImageNormalBlendBasedOnSkinColorFIlter.m */ = {isa = PBXFileReference; fileEncoding = 4; lastKnownFileType = sourcecode.c.objc; path = GPUImageNormalBlendBasedOnSkinColorFIlter.m; sourceTree = "<group>"; };
		58FD07391902410D0005E74E /* GPUImageLensMotionBlurFilter.h */ = {isa = PBXFileReference; fileEncoding = 4; lastKnownFileType = sourcecode.c.h; path = GPUImageLensMotionBlurFilter.h; sourceTree = "<group>"; };
		58FD073A1902410D0005E74E /* GPUImageLensMotionBlurFilter.m */ = {isa = PBXFileReference; fileEncoding = 4; lastKnownFileType = sourcecode.c.objc; path = GPUImageLensMotionBlurFilter.m; sourceTree = "<group>"; };
		58FD0753190241690005E74E /* GPUImage.xcodeproj */ = {isa = PBXFileReference; lastKnownFileType = "wrapper.pb-project"; name = GPUImage.xcodeproj; path = GPUImage/framework/GPUImage.xcodeproj; sourceTree = "<group>"; };
		58FD075E190241920005E74E /* AssetsLibrary.framework */ = {isa = PBXFileReference; lastKnownFileType = wrapper.framework; name = AssetsLibrary.framework; path = System/Library/Frameworks/AssetsLibrary.framework; sourceTree = SDKROOT; };
		58FD07601902419D0005E74E /* Social.framework */ = {isa = PBXFileReference; lastKnownFileType = wrapper.framework; name = Social.framework; path = System/Library/Frameworks/Social.framework; sourceTree = SDKROOT; };
		58FD0762190241A30005E74E /* QuartzCore.framework */ = {isa = PBXFileReference; lastKnownFileType = wrapper.framework; name = QuartzCore.framework; path = System/Library/Frameworks/QuartzCore.framework; sourceTree = SDKROOT; };
		58FD0764190241B10005E74E /* AVFoundation.framework */ = {isa = PBXFileReference; lastKnownFileType = wrapper.framework; name = AVFoundation.framework; path = System/Library/Frameworks/AVFoundation.framework; sourceTree = SDKROOT; };
		58FD0766190241BD0005E74E /* OpenGLES.framework */ = {isa = PBXFileReference; lastKnownFileType = wrapper.framework; name = OpenGLES.framework; path = System/Library/Frameworks/OpenGLES.framework; sourceTree = SDKROOT; };
		58FD0768190241C70005E74E /* CoreVideo.framework */ = {isa = PBXFileReference; lastKnownFileType = wrapper.framework; name = CoreVideo.framework; path = System/Library/Frameworks/CoreVideo.framework; sourceTree = SDKROOT; };
		58FD076A190241D10005E74E /* CoreMedia.framework */ = {isa = PBXFileReference; lastKnownFileType = wrapper.framework; name = CoreMedia.framework; path = System/Library/Frameworks/CoreMedia.framework; sourceTree = SDKROOT; };
		58FD076F19025A860005E74E /* VnEffect.h */ = {isa = PBXFileReference; fileEncoding = 4; lastKnownFileType = sourcecode.c.h; path = VnEffect.h; sourceTree = "<group>"; };
		58FD077019025A860005E74E /* VnEffect.m */ = {isa = PBXFileReference; fileEncoding = 4; lastKnownFileType = sourcecode.c.objc; path = VnEffect.m; sourceTree = "<group>"; };
/* End PBXFileReference section */

/* Begin PBXFrameworksBuildPhase section */
		58F79C4518FFAE6000C0D2E1 /* Frameworks */ = {
			isa = PBXFrameworksBuildPhase;
			buildActionMask = 2147483647;
			files = (
				58325D8619026926000A3D0E /* libGPUImage.a in Frameworks */,
				58F79C4E18FFAE6000C0D2E1 /* CoreGraphics.framework in Frameworks */,
				58FD076B190241D10005E74E /* CoreMedia.framework in Frameworks */,
				58FD0769190241C70005E74E /* CoreVideo.framework in Frameworks */,
				58FD0767190241BD0005E74E /* OpenGLES.framework in Frameworks */,
				58FD0765190241B10005E74E /* AVFoundation.framework in Frameworks */,
				58FD0763190241A30005E74E /* QuartzCore.framework in Frameworks */,
				58FD07611902419D0005E74E /* Social.framework in Frameworks */,
				58FD075F190241920005E74E /* AssetsLibrary.framework in Frameworks */,
				58F79C5018FFAE6000C0D2E1 /* UIKit.framework in Frameworks */,
				58F79C4C18FFAE6000C0D2E1 /* Foundation.framework in Frameworks */,
			);
			runOnlyForDeploymentPostprocessing = 0;
		};
		58F79C6618FFAE6000C0D2E1 /* Frameworks */ = {
			isa = PBXFrameworksBuildPhase;
			buildActionMask = 2147483647;
			files = (
				58F79C6B18FFAE6000C0D2E1 /* XCTest.framework in Frameworks */,
				58F79C6D18FFAE6000C0D2E1 /* UIKit.framework in Frameworks */,
				58F79C6C18FFAE6000C0D2E1 /* Foundation.framework in Frameworks */,
			);
			runOnlyForDeploymentPostprocessing = 0;
		};
/* End PBXFrameworksBuildPhase section */

/* Begin PBXGroup section */
		58325DBD19027DAC000A3D0E /* 1.0 */ = {
			isa = PBXGroup;
			children = (
			);
			name = 1.0;
			sourceTree = "<group>";
		};
		58325DBE19027DB1000A3D0E /* 2.0 */ = {
			isa = PBXGroup;
			children = (
			);
			name = 2.0;
			sourceTree = "<group>";
		};
		58F17A6219020AA80038DF34 /* Shared */ = {
			isa = PBXGroup;
			children = (
				58FD07031902405C0005E74E /* Processor.h */,
				58FD07041902405C0005E74E /* Processor.m */,
				58F17A6419020B380038DF34 /* CurrentImage.h */,
				58F17A6519020B380038DF34 /* CurrentImage.m */,
			);
			name = Shared;
			sourceTree = "<group>";
		};
		58F17A6719020BDD0038DF34 /* Categories */ = {
			isa = PBXGroup;
			children = (
				58F17A6819020BEC0038DF34 /* UIDevice+extend.h */,
				58F17A6919020BEC0038DF34 /* UIDevice+extend.m */,
				58F17A6A19020BEC0038DF34 /* UIScreen+extend.h */,
				58F17A6B19020BEC0038DF34 /* UIScreen+extend.m */,
				58F17A6C19020BEC0038DF34 /* UIView+extend.h */,
				58F17A6D19020BEC0038DF34 /* UIView+extend.m */,
				58F17A6E19020BEC0038DF34 /* UIScrollView+extend.h */,
				58F17A6F19020BEC0038DF34 /* UIScrollView+extend.m */,
				58F17A7019020BEC0038DF34 /* UIImage+extend.h */,
				58F17A7119020BEC0038DF34 /* UIImage+extend.m */,
			);
			name = Categories;
			sourceTree = "<group>";
		};
		58F79C3F18FFAE6000C0D2E1 = {
			isa = PBXGroup;
			children = (
				58F79C5118FFAE6000C0D2E1 /* Vintage 2.0 */,
				58F79C7018FFAE6000C0D2E1 /* Vintage 2.0Tests */,
				58F79C4A18FFAE6000C0D2E1 /* Frameworks */,
				58F79C4918FFAE6000C0D2E1 /* Products */,
			);
			sourceTree = "<group>";
		};
		58F79C4918FFAE6000C0D2E1 /* Products */ = {
			isa = PBXGroup;
			children = (
				58F79C4818FFAE6000C0D2E1 /* Vintage 2.0.app */,
				58F79C6918FFAE6000C0D2E1 /* Vintage 2.0Tests.xctest */,
			);
			name = Products;
			sourceTree = "<group>";
		};
		58F79C4A18FFAE6000C0D2E1 /* Frameworks */ = {
			isa = PBXGroup;
			children = (
				58FD076A190241D10005E74E /* CoreMedia.framework */,
				58FD0768190241C70005E74E /* CoreVideo.framework */,
				58FD0766190241BD0005E74E /* OpenGLES.framework */,
				58FD0764190241B10005E74E /* AVFoundation.framework */,
				58FD0762190241A30005E74E /* QuartzCore.framework */,
				58FD07601902419D0005E74E /* Social.framework */,
				58FD075E190241920005E74E /* AssetsLibrary.framework */,
				58FD0753190241690005E74E /* GPUImage.xcodeproj */,
				58F79C4B18FFAE6000C0D2E1 /* Foundation.framework */,
				58F79C4D18FFAE6000C0D2E1 /* CoreGraphics.framework */,
				58F79C4F18FFAE6000C0D2E1 /* UIKit.framework */,
				58F79C6A18FFAE6000C0D2E1 /* XCTest.framework */,
			);
			name = Frameworks;
			sourceTree = "<group>";
		};
		58F79C5118FFAE6000C0D2E1 /* Vintage 2.0 */ = {
			isa = PBXGroup;
			children = (
				58F17A6719020BDD0038DF34 /* Categories */,
				58FD076D19025A4D0005E74E /* VnFilters */,
				58FD076C19025A3A0005E74E /* VnBlendings */,
				58FD070A190240F60005E74E /* GPUimageFilter */,
				58FD0706190240B80005E74E /* VnEffects */,
				58FD077319025CAC0005E74E /* VnPhotoFilters */,
				58F17A6219020AA80038DF34 /* Shared */,
				58F79C5A18FFAE6000C0D2E1 /* AppDelegate.h */,
				58F79C5B18FFAE6000C0D2E1 /* AppDelegate.m */,
				58F79C5D18FFAE6000C0D2E1 /* Main.storyboard */,
				58F79C6018FFAE6000C0D2E1 /* ViewController.h */,
				58F79C6118FFAE6000C0D2E1 /* ViewController.m */,
				58F79C6318FFAE6000C0D2E1 /* Images.xcassets */,
				58F79C5218FFAE6000C0D2E1 /* Supporting Files */,
			);
			path = "Vintage 2.0";
			sourceTree = "<group>";
		};
		58F79C5218FFAE6000C0D2E1 /* Supporting Files */ = {
			isa = PBXGroup;
			children = (
				58F79C5318FFAE6000C0D2E1 /* Vintage 2.0-Info.plist */,
				58F79C5418FFAE6000C0D2E1 /* InfoPlist.strings */,
				58F79C5718FFAE6000C0D2E1 /* main.m */,
				58F79C5918FFAE6000C0D2E1 /* Vintage 2.0-Prefix.pch */,
				58F17A6019020A530038DF34 /* Localizable.strings */,
			);
			name = "Supporting Files";
			sourceTree = "<group>";
		};
		58F79C7018FFAE6000C0D2E1 /* Vintage 2.0Tests */ = {
			isa = PBXGroup;
			children = (
				58F79C7618FFAE6000C0D2E1 /* Vintage_2_0Tests.m */,
				58F79C7118FFAE6000C0D2E1 /* Supporting Files */,
			);
			path = "Vintage 2.0Tests";
			sourceTree = "<group>";
		};
		58F79C7118FFAE6000C0D2E1 /* Supporting Files */ = {
			isa = PBXGroup;
			children = (
				58F79C7218FFAE6000C0D2E1 /* Vintage 2.0Tests-Info.plist */,
				58F79C7318FFAE6000C0D2E1 /* InfoPlist.strings */,
			);
			name = "Supporting Files";
			sourceTree = "<group>";
		};
		58FD0706190240B80005E74E /* VnEffects */ = {
			isa = PBXGroup;
			children = (
				58FD076F19025A860005E74E /* VnEffect.h */,
				58FD077019025A860005E74E /* VnEffect.m */,
				58325DBE19027DB1000A3D0E /* 2.0 */,
				58325DBD19027DAC000A3D0E /* 1.0 */,
			);
			name = VnEffects;
			sourceTree = "<group>";
		};
		58FD070A190240F60005E74E /* GPUimageFilter */ = {
			isa = PBXGroup;
			children = (
				58FD070B1902410C0005E74E /* GPUAdjustmentsWhiteBalance.h */,
				58FD070C1902410C0005E74E /* GPUAdjustmentsWhiteBalance.m */,
				58FD070D1902410C0005E74E /* GPULevelsImageFilter.h */,
				58FD070E1902410C0005E74E /* GPULevelsImageFilter.m */,
				58FD070F1902410C0005E74E /* GPUAdjustmentsSaturation.h */,
				58FD07101902410C0005E74E /* GPUAdjustmentsSaturation.m */,
				58FD07111902410C0005E74E /* GPUAdjustmentsBrightness.h */,
				58FD07121902410C0005E74E /* GPUAdjustmentsBrightness.m */,
				58FD07131902410C0005E74E /* GPUKelvinFilter.h */,
				58FD07141902410C0005E74E /* GPUKelvinFilter.m */,
				58FD07151902410C0005E74E /* GPUImageVividLightBlendFilter.h */,
				58FD07161902410C0005E74E /* GPUImageVividLightBlendFilter.m */,
				58FD07171902410C0005E74E /* GPUImageLinearDodgeBlendFilter.h */,
				58FD07181902410C0005E74E /* GPUImageLinearDodgeBlendFilter.m */,
				58FD07191902410C0005E74E /* GPUImageLinearLightBlendFilter.h */,
				58FD071A1902410C0005E74E /* GPUImageLinearLightBlendFilter.m */,
				58FD071B1902410C0005E74E /* GPUPhotoFilter.h */,
				58FD071C1902410C0005E74E /* GPUPhotoFilter.m */,
				58FD071D1902410C0005E74E /* GPUImageDarkerColorBlendFilter.h */,
				58FD071E1902410C0005E74E /* GPUImageDarkerColorBlendFilter.m */,
				58FD071F1902410C0005E74E /* GPUImageVignette2Filter.h */,
				58FD07201902410C0005E74E /* GPUImageVignette2Filter.m */,
				58FD07211902410C0005E74E /* GPUimageTumblinBrightnessFilter.h */,
				58FD07221902410C0005E74E /* GPUimageTumblinBrightnessFilter.m */,
				58FD07231902410C0005E74E /* GPUImageTumblinLevelsFilter.h */,
				58FD07241902410D0005E74E /* GPUImageTumblinLevelsFilter.m */,
				58FD07251902410D0005E74E /* GPUImageVibranceFilter.h */,
				58FD07261902410D0005E74E /* GPUImageVibranceFilter.m */,
				58FD07271902410D0005E74E /* GPUImageNaturalSaturationFilter.h */,
				58FD07281902410D0005E74E /* GPUImageNaturalSaturationFilter.m */,
				58FD07291902410D0005E74E /* GPUImageClarityFilter.h */,
				58FD072A1902410D0005E74E /* GPUImageClarityFilter.m */,
				58FD072B1902410D0005E74E /* GPUImageAllAdjustmentsInOneFilter.h */,
				58FD072C1902410D0005E74E /* GPUImageAllAdjustmentsInOneFilter.m */,
				58FD072D1902410D0005E74E /* GPUImageFocusFilter.h */,
				58FD072E1902410D0005E74E /* GPUImageFocusFilter.m */,
				58FD072F1902410D0005E74E /* GPUImageHueBlendAltFIlter.h */,
				58FD07301902410D0005E74E /* GPUImageHueBlendAltFIlter.m */,
				58FD07311902410D0005E74E /* GPUImageSaturationBlendAltFilter.h */,
				58FD07321902410D0005E74E /* GPUImageSaturationBlendAltFilter.m */,
				58FD07331902410D0005E74E /* GPUImageHazyFilter.h */,
				58FD07341902410D0005E74E /* GPUImageHazyFilter.m */,
				58FD07351902410D0005E74E /* GPUImageReplaceColorFilter.h */,
				58FD07361902410D0005E74E /* GPUImageReplaceColorFilter.m */,
				58FD07371902410D0005E74E /* GPUImageNormalBlendBasedOnSkinColorFIlter.h */,
				58FD07381902410D0005E74E /* GPUImageNormalBlendBasedOnSkinColorFIlter.m */,
				58FD07391902410D0005E74E /* GPUImageLensMotionBlurFilter.h */,
				58FD073A1902410D0005E74E /* GPUImageLensMotionBlurFilter.m */,
			);
			name = GPUimageFilter;
			sourceTree = "<group>";
		};
		58FD0754190241690005E74E /* Products */ = {
			isa = PBXGroup;
			children = (
				58FD075A1902416A0005E74E /* libGPUImage.a */,
				58FD075C1902416A0005E74E /* GPUImageTests.octest */,
			);
			name = Products;
			sourceTree = "<group>";
		};
		58FD076C19025A3A0005E74E /* VnBlendings */ = {
			isa = PBXGroup;
			children = (
				58325D8719026D7D000A3D0E /* VnBlendingNormal.h */,
				58325D8819026D7D000A3D0E /* VnBlendingNormal.m */,
				58325D8A19026F5B000A3D0E /* VnBlendingDarken.h */,
				58325D8B19026F5B000A3D0E /* VnBlendingDarken.m */,
				58325D8D19026FDD000A3D0E /* VnBlendingMultiply.h */,
				58325D8E19026FDD000A3D0E /* VnBlendingMultiply.m */,
				58325D9019027053000A3D0E /* VnBlendingScreen.h */,
				58325D9119027053000A3D0E /* VnBlendingScreen.m */,
				58325D931902711F000A3D0E /* VnBlendingSoftLight.h */,
				58325D941902711F000A3D0E /* VnBlendingSoftLight.m */,
				58325D96190271A9000A3D0E /* VnBlendingLighten.h */,
				58325D97190271A9000A3D0E /* VnBlendingLighten.m */,
				58325D991902724E000A3D0E /* VnBlendingHardLight.h */,
				58325D9A1902724E000A3D0E /* VnBlendingHardLight.m */,
				58325D9C190272F9000A3D0E /* VnBlendingVividLight.h */,
				58325D9D190272F9000A3D0E /* VnBlendingVividLight.m */,
				58325D9F190274A2000A3D0E /* VnBlendingOverlay.h */,
				58325DA0190274A2000A3D0E /* VnBlendingOverlay.m */,
				58325DA2190276AC000A3D0E /* VnBlendingColorDodge.h */,
				58325DA3190276AC000A3D0E /* VnBlendingColorDodge.m */,
				58325DA51902774A000A3D0E /* VnBlendingDifference.h */,
				58325DA61902774A000A3D0E /* VnBlendingDifference.m */,
				58325DA8190277DC000A3D0E /* VnBlendingLinearDodge.h */,
				58325DA9190277DC000A3D0E /* VnBlendingLinearDodge.m */,
				58325DAB1902787B000A3D0E /* VnBlendingColor.h */,
				58325DAC1902787B000A3D0E /* VnBlendingColor.m */,
				58325DAE19027908000A3D0E /* VnBlendingDarkerColor.h */,
				58325DAF19027908000A3D0E /* VnBlendingDarkerColor.m */,
				58325DB1190279B2000A3D0E /* VnBlendingExclusion.h */,
				58325DB2190279B2000A3D0E /* VnBlendingExclusion.m */,
				58325DB419027A19000A3D0E /* VnBlendingHue.h */,
				58325DB519027A19000A3D0E /* VnBlendingHue.m */,
				58325DB719027AAA000A3D0E /* VnBlendingColorBurn.h */,
				58325DB819027AAB000A3D0E /* VnBlendingColorBurn.m */,
				58325DBA19027B47000A3D0E /* VnBlendingSaturation.h */,
				58325DBB19027B47000A3D0E /* VnBlendingSaturation.m */,
			);
			name = VnBlendings;
			sourceTree = "<group>";
		};
		58FD076D19025A4D0005E74E /* VnFilters */ = {
			isa = PBXGroup;
			children = (
				58325DBF19027DD4000A3D0E /* VnFilterBrightness.h */,
				58325DC019027DD4000A3D0E /* VnFilterBrightness.m */,
			);
			name = VnFilters;
			sourceTree = "<group>";
		};
		58FD077319025CAC0005E74E /* VnPhotoFilters */ = {
			isa = PBXGroup;
			children = (
			);
			name = VnPhotoFilters;
			sourceTree = "<group>";
		};
/* End PBXGroup section */

/* Begin PBXNativeTarget section */
		58F79C4718FFAE6000C0D2E1 /* Vintage 2.0 */ = {
			isa = PBXNativeTarget;
			buildConfigurationList = 58F79C7A18FFAE6000C0D2E1 /* Build configuration list for PBXNativeTarget "Vintage 2.0" */;
			buildPhases = (
				58F79C4418FFAE6000C0D2E1 /* Sources */,
				58F79C4518FFAE6000C0D2E1 /* Frameworks */,
				58F79C4618FFAE6000C0D2E1 /* Resources */,
			);
			buildRules = (
			);
			dependencies = (
			);
			name = "Vintage 2.0";
			productName = "Vintage 2.0";
			productReference = 58F79C4818FFAE6000C0D2E1 /* Vintage 2.0.app */;
			productType = "com.apple.product-type.application";
		};
		58F79C6818FFAE6000C0D2E1 /* Vintage 2.0Tests */ = {
			isa = PBXNativeTarget;
			buildConfigurationList = 58F79C7D18FFAE6000C0D2E1 /* Build configuration list for PBXNativeTarget "Vintage 2.0Tests" */;
			buildPhases = (
				58F79C6518FFAE6000C0D2E1 /* Sources */,
				58F79C6618FFAE6000C0D2E1 /* Frameworks */,
				58F79C6718FFAE6000C0D2E1 /* Resources */,
			);
			buildRules = (
			);
			dependencies = (
				58F79C6F18FFAE6000C0D2E1 /* PBXTargetDependency */,
			);
			name = "Vintage 2.0Tests";
			productName = "Vintage 2.0Tests";
			productReference = 58F79C6918FFAE6000C0D2E1 /* Vintage 2.0Tests.xctest */;
			productType = "com.apple.product-type.bundle.unit-test";
		};
/* End PBXNativeTarget section */

/* Begin PBXProject section */
		58F79C4018FFAE6000C0D2E1 /* Project object */ = {
			isa = PBXProject;
			attributes = {
				LastUpgradeCheck = 0510;
				ORGANIZATIONNAME = SSC;
				TargetAttributes = {
					58F79C6818FFAE6000C0D2E1 = {
						TestTargetID = 58F79C4718FFAE6000C0D2E1;
					};
				};
			};
			buildConfigurationList = 58F79C4318FFAE6000C0D2E1 /* Build configuration list for PBXProject "Vintage 2.0" */;
			compatibilityVersion = "Xcode 3.2";
			developmentRegion = English;
			hasScannedForEncodings = 0;
			knownRegions = (
				en,
				Base,
				ja,
			);
			mainGroup = 58F79C3F18FFAE6000C0D2E1;
			productRefGroup = 58F79C4918FFAE6000C0D2E1 /* Products */;
			projectDirPath = "";
			projectReferences = (
				{
					ProductGroup = 58FD0754190241690005E74E /* Products */;
					ProjectRef = 58FD0753190241690005E74E /* GPUImage.xcodeproj */;
				},
			);
			projectRoot = "";
			targets = (
				58F79C4718FFAE6000C0D2E1 /* Vintage 2.0 */,
				58F79C6818FFAE6000C0D2E1 /* Vintage 2.0Tests */,
			);
		};
/* End PBXProject section */

/* Begin PBXReferenceProxy section */
		58FD075A1902416A0005E74E /* libGPUImage.a */ = {
			isa = PBXReferenceProxy;
			fileType = archive.ar;
			path = libGPUImage.a;
			remoteRef = 58FD07591902416A0005E74E /* PBXContainerItemProxy */;
			sourceTree = BUILT_PRODUCTS_DIR;
		};
		58FD075C1902416A0005E74E /* GPUImageTests.octest */ = {
			isa = PBXReferenceProxy;
			fileType = wrapper.cfbundle;
			path = GPUImageTests.octest;
			remoteRef = 58FD075B1902416A0005E74E /* PBXContainerItemProxy */;
			sourceTree = BUILT_PRODUCTS_DIR;
		};
/* End PBXReferenceProxy section */

/* Begin PBXResourcesBuildPhase section */
		58F79C4618FFAE6000C0D2E1 /* Resources */ = {
			isa = PBXResourcesBuildPhase;
			buildActionMask = 2147483647;
			files = (
				58F79C6418FFAE6000C0D2E1 /* Images.xcassets in Resources */,
				58F17A5E19020A530038DF34 /* Localizable.strings in Resources */,
				58F79C5618FFAE6000C0D2E1 /* InfoPlist.strings in Resources */,
				58F79C5F18FFAE6000C0D2E1 /* Main.storyboard in Resources */,
			);
			runOnlyForDeploymentPostprocessing = 0;
		};
		58F79C6718FFAE6000C0D2E1 /* Resources */ = {
			isa = PBXResourcesBuildPhase;
			buildActionMask = 2147483647;
			files = (
				58F79C7518FFAE6000C0D2E1 /* InfoPlist.strings in Resources */,
			);
			runOnlyForDeploymentPostprocessing = 0;
		};
/* End PBXResourcesBuildPhase section */

/* Begin PBXSourcesBuildPhase section */
		58F79C4418FFAE6000C0D2E1 /* Sources */ = {
			isa = PBXSourcesBuildPhase;
			buildActionMask = 2147483647;
			files = (
				58FD07501902410D0005E74E /* GPUImageReplaceColorFilter.m in Sources */,
				58325DB3190279B2000A3D0E /* VnBlendingExclusion.m in Sources */,
				58325DA71902774A000A3D0E /* VnBlendingDifference.m in Sources */,
				58FD074F1902410D0005E74E /* GPUImageHazyFilter.m in Sources */,
				58FD077119025A860005E74E /* VnEffect.m in Sources */,
				58F17A7219020BEC0038DF34 /* UIDevice+extend.m in Sources */,
				58F17A7419020BEC0038DF34 /* UIView+extend.m in Sources */,
				58F17A7319020BEC0038DF34 /* UIScreen+extend.m in Sources */,
				58325D9B1902724E000A3D0E /* VnBlendingHardLight.m in Sources */,
				58325DAA190277DC000A3D0E /* VnBlendingLinearDodge.m in Sources */,
				58FD07481902410D0005E74E /* GPUImageVibranceFilter.m in Sources */,
				58FD07471902410D0005E74E /* GPUImageTumblinLevelsFilter.m in Sources */,
				58F17A7619020BEC0038DF34 /* UIImage+extend.m in Sources */,
				58FD073C1902410D0005E74E /* GPULevelsImageFilter.m in Sources */,
				58FD074B1902410D0005E74E /* GPUImageAllAdjustmentsInOneFilter.m in Sources */,
				58325D951902711F000A3D0E /* VnBlendingSoftLight.m in Sources */,
				58FD073B1902410D0005E74E /* GPUAdjustmentsWhiteBalance.m in Sources */,
				58325DB919027AAB000A3D0E /* VnBlendingColorBurn.m in Sources */,
				58325DC119027DD4000A3D0E /* VnFilterBrightness.m in Sources */,
				58F17A7519020BEC0038DF34 /* UIScrollView+extend.m in Sources */,
				58FD073F1902410D0005E74E /* GPUKelvinFilter.m in Sources */,
				58FD074A1902410D0005E74E /* GPUImageClarityFilter.m in Sources */,
				58325D9219027053000A3D0E /* VnBlendingScreen.m in Sources */,
				58FD07401902410D0005E74E /* GPUImageVividLightBlendFilter.m in Sources */,
				58FD074C1902410D0005E74E /* GPUImageFocusFilter.m in Sources */,
				58FD07421902410D0005E74E /* GPUImageLinearLightBlendFilter.m in Sources */,
				58325D8F19026FDD000A3D0E /* VnBlendingMultiply.m in Sources */,
				58FD073E1902410D0005E74E /* GPUAdjustmentsBrightness.m in Sources */,
				58325DBC19027B47000A3D0E /* VnBlendingSaturation.m in Sources */,
				58FD07451902410D0005E74E /* GPUImageVignette2Filter.m in Sources */,
				58325D8C19026F5B000A3D0E /* VnBlendingDarken.m in Sources */,
				58325D98190271A9000A3D0E /* VnBlendingLighten.m in Sources */,
				58325DA4190276AC000A3D0E /* VnBlendingColorDodge.m in Sources */,
				58FD07431902410D0005E74E /* GPUPhotoFilter.m in Sources */,
				58FD07411902410D0005E74E /* GPUImageLinearDodgeBlendFilter.m in Sources */,
				58FD074D1902410D0005E74E /* GPUImageHueBlendAltFIlter.m in Sources */,
				58325DB019027908000A3D0E /* VnBlendingDarkerColor.m in Sources */,
				58FD07491902410D0005E74E /* GPUImageNaturalSaturationFilter.m in Sources */,
				58FD073D1902410D0005E74E /* GPUAdjustmentsSaturation.m in Sources */,
				58325DAD1902787B000A3D0E /* VnBlendingColor.m in Sources */,
				58F79C6218FFAE6000C0D2E1 /* ViewController.m in Sources */,
				58325D9E190272F9000A3D0E /* VnBlendingVividLight.m in Sources */,
				58FD07051902405C0005E74E /* Processor.m in Sources */,
				58FD07441902410D0005E74E /* GPUImageDarkerColorBlendFilter.m in Sources */,
				58F79C5C18FFAE6000C0D2E1 /* AppDelegate.m in Sources */,
				58325D8919026D7D000A3D0E /* VnBlendingNormal.m in Sources */,
				58FD07521902410D0005E74E /* GPUImageLensMotionBlurFilter.m in Sources */,
				58F79C5818FFAE6000C0D2E1 /* main.m in Sources */,
				58325DA1190274A2000A3D0E /* VnBlendingOverlay.m in Sources */,
				58FD074E1902410D0005E74E /* GPUImageSaturationBlendAltFilter.m in Sources */,
				58F17A6619020B380038DF34 /* CurrentImage.m in Sources */,
				58325DB619027A19000A3D0E /* VnBlendingHue.m in Sources */,
				58FD07461902410D0005E74E /* GPUimageTumblinBrightnessFilter.m in Sources */,
				58FD07511902410D0005E74E /* GPUImageNormalBlendBasedOnSkinColorFIlter.m in Sources */,
			);
			runOnlyForDeploymentPostprocessing = 0;
		};
		58F79C6518FFAE6000C0D2E1 /* Sources */ = {
			isa = PBXSourcesBuildPhase;
			buildActionMask = 2147483647;
			files = (
				58F79C7718FFAE6000C0D2E1 /* Vintage_2_0Tests.m in Sources */,
			);
			runOnlyForDeploymentPostprocessing = 0;
		};
/* End PBXSourcesBuildPhase section */

/* Begin PBXTargetDependency section */
		58F79C6F18FFAE6000C0D2E1 /* PBXTargetDependency */ = {
			isa = PBXTargetDependency;
			target = 58F79C4718FFAE6000C0D2E1 /* Vintage 2.0 */;
			targetProxy = 58F79C6E18FFAE6000C0D2E1 /* PBXContainerItemProxy */;
		};
/* End PBXTargetDependency section */

/* Begin PBXVariantGroup section */
		58F17A6019020A530038DF34 /* Localizable.strings */ = {
			isa = PBXVariantGroup;
			children = (
				58F17A5F19020A530038DF34 /* en */,
				58F17A6119020A560038DF34 /* ja */,
			);
			name = Localizable.strings;
			sourceTree = "<group>";
		};
		58F79C5418FFAE6000C0D2E1 /* InfoPlist.strings */ = {
			isa = PBXVariantGroup;
			children = (
				58F79C5518FFAE6000C0D2E1 /* en */,
				58F17A5A19020A120038DF34 /* ja */,
			);
			name = InfoPlist.strings;
			sourceTree = "<group>";
		};
		58F79C5D18FFAE6000C0D2E1 /* Main.storyboard */ = {
			isa = PBXVariantGroup;
			children = (
				58F79C5E18FFAE6000C0D2E1 /* Base */,
				58F17A5919020A120038DF34 /* ja */,
			);
			name = Main.storyboard;
			sourceTree = "<group>";
		};
		58F79C7318FFAE6000C0D2E1 /* InfoPlist.strings */ = {
			isa = PBXVariantGroup;
			children = (
				58F79C7418FFAE6000C0D2E1 /* en */,
				58F17A5B19020A120038DF34 /* ja */,
			);
			name = InfoPlist.strings;
			sourceTree = "<group>";
		};
/* End PBXVariantGroup section */

/* Begin XCBuildConfiguration section */
		58F79C7818FFAE6000C0D2E1 /* Debug */ = {
			isa = XCBuildConfiguration;
			buildSettings = {
				ALWAYS_SEARCH_USER_PATHS = NO;
				CLANG_CXX_LANGUAGE_STANDARD = "gnu++0x";
				CLANG_CXX_LIBRARY = "libc++";
				CLANG_ENABLE_MODULES = YES;
				CLANG_ENABLE_OBJC_ARC = YES;
				CLANG_WARN_BOOL_CONVERSION = YES;
				CLANG_WARN_CONSTANT_CONVERSION = YES;
				CLANG_WARN_DIRECT_OBJC_ISA_USAGE = YES_ERROR;
				CLANG_WARN_EMPTY_BODY = YES;
				CLANG_WARN_ENUM_CONVERSION = YES;
				CLANG_WARN_INT_CONVERSION = YES;
				CLANG_WARN_OBJC_ROOT_CLASS = YES_ERROR;
				CLANG_WARN__DUPLICATE_METHOD_MATCH = YES;
				"CODE_SIGN_IDENTITY[sdk=iphoneos*]" = "iPhone Developer";
				COPY_PHASE_STRIP = NO;
				GCC_C_LANGUAGE_STANDARD = gnu99;
				GCC_DYNAMIC_NO_PIC = NO;
				GCC_OPTIMIZATION_LEVEL = 0;
				GCC_PREPROCESSOR_DEFINITIONS = (
					"DEBUG=1",
					"$(inherited)",
				);
				GCC_SYMBOLS_PRIVATE_EXTERN = NO;
				GCC_WARN_64_TO_32_BIT_CONVERSION = YES;
				GCC_WARN_ABOUT_RETURN_TYPE = YES_ERROR;
				GCC_WARN_UNDECLARED_SELECTOR = YES;
				GCC_WARN_UNINITIALIZED_AUTOS = YES_AGGRESSIVE;
				GCC_WARN_UNUSED_FUNCTION = YES;
				GCC_WARN_UNUSED_VARIABLE = YES;
				IPHONEOS_DEPLOYMENT_TARGET = 7.1;
				ONLY_ACTIVE_ARCH = YES;
				SDKROOT = iphoneos;
			};
			name = Debug;
		};
		58F79C7918FFAE6000C0D2E1 /* Release */ = {
			isa = XCBuildConfiguration;
			buildSettings = {
				ALWAYS_SEARCH_USER_PATHS = NO;
				CLANG_CXX_LANGUAGE_STANDARD = "gnu++0x";
				CLANG_CXX_LIBRARY = "libc++";
				CLANG_ENABLE_MODULES = YES;
				CLANG_ENABLE_OBJC_ARC = YES;
				CLANG_WARN_BOOL_CONVERSION = YES;
				CLANG_WARN_CONSTANT_CONVERSION = YES;
				CLANG_WARN_DIRECT_OBJC_ISA_USAGE = YES_ERROR;
				CLANG_WARN_EMPTY_BODY = YES;
				CLANG_WARN_ENUM_CONVERSION = YES;
				CLANG_WARN_INT_CONVERSION = YES;
				CLANG_WARN_OBJC_ROOT_CLASS = YES_ERROR;
				CLANG_WARN__DUPLICATE_METHOD_MATCH = YES;
				"CODE_SIGN_IDENTITY[sdk=iphoneos*]" = "iPhone Developer";
				COPY_PHASE_STRIP = YES;
				ENABLE_NS_ASSERTIONS = NO;
				GCC_C_LANGUAGE_STANDARD = gnu99;
				GCC_WARN_64_TO_32_BIT_CONVERSION = YES;
				GCC_WARN_ABOUT_RETURN_TYPE = YES_ERROR;
				GCC_WARN_UNDECLARED_SELECTOR = YES;
				GCC_WARN_UNINITIALIZED_AUTOS = YES_AGGRESSIVE;
				GCC_WARN_UNUSED_FUNCTION = YES;
				GCC_WARN_UNUSED_VARIABLE = YES;
				IPHONEOS_DEPLOYMENT_TARGET = 7.1;
				SDKROOT = iphoneos;
				VALIDATE_PRODUCT = YES;
			};
			name = Release;
		};
		58F79C7B18FFAE6000C0D2E1 /* Debug */ = {
			isa = XCBuildConfiguration;
			buildSettings = {
				ASSETCATALOG_COMPILER_APPICON_NAME = AppIcon;
				ASSETCATALOG_COMPILER_LAUNCHIMAGE_NAME = LaunchImage;
				GCC_PRECOMPILE_PREFIX_HEADER = YES;
				GCC_PREFIX_HEADER = "Vintage 2.0/Vintage 2.0-Prefix.pch";
				INFOPLIST_FILE = "Vintage 2.0/Vintage 2.0-Info.plist";
				IPHONEOS_DEPLOYMENT_TARGET = 6.0;
				OTHER_LDFLAGS = "-ObjC";
				PRODUCT_NAME = "$(TARGET_NAME)";
				USER_HEADER_SEARCH_PATHS = "./GPUImage/framework/**";
				WRAPPER_EXTENSION = app;
			};
			name = Debug;
		};
		58F79C7C18FFAE6000C0D2E1 /* Release */ = {
			isa = XCBuildConfiguration;
			buildSettings = {
				ASSETCATALOG_COMPILER_APPICON_NAME = AppIcon;
				ASSETCATALOG_COMPILER_LAUNCHIMAGE_NAME = LaunchImage;
				GCC_PRECOMPILE_PREFIX_HEADER = YES;
				GCC_PREFIX_HEADER = "Vintage 2.0/Vintage 2.0-Prefix.pch";
				INFOPLIST_FILE = "Vintage 2.0/Vintage 2.0-Info.plist";
				IPHONEOS_DEPLOYMENT_TARGET = 6.0;
				OTHER_LDFLAGS = "-ObjC";
				PRODUCT_NAME = "$(TARGET_NAME)";
				USER_HEADER_SEARCH_PATHS = "./GPUImage/framework/**";
				WRAPPER_EXTENSION = app;
			};
			name = Release;
		};
		58F79C7E18FFAE6000C0D2E1 /* Debug */ = {
			isa = XCBuildConfiguration;
			buildSettings = {
				BUNDLE_LOADER = "$(BUILT_PRODUCTS_DIR)/Vintage 2.0.app/Vintage 2.0";
				FRAMEWORK_SEARCH_PATHS = (
					"$(SDKROOT)/Developer/Library/Frameworks",
					"$(inherited)",
					"$(DEVELOPER_FRAMEWORKS_DIR)",
				);
				GCC_PRECOMPILE_PREFIX_HEADER = YES;
				GCC_PREFIX_HEADER = "Vintage 2.0/Vintage 2.0-Prefix.pch";
				GCC_PREPROCESSOR_DEFINITIONS = (
					"DEBUG=1",
					"$(inherited)",
				);
				INFOPLIST_FILE = "Vintage 2.0Tests/Vintage 2.0Tests-Info.plist";
				PRODUCT_NAME = "$(TARGET_NAME)";
				TEST_HOST = "$(BUNDLE_LOADER)";
				WRAPPER_EXTENSION = xctest;
			};
			name = Debug;
		};
		58F79C7F18FFAE6000C0D2E1 /* Release */ = {
			isa = XCBuildConfiguration;
			buildSettings = {
				BUNDLE_LOADER = "$(BUILT_PRODUCTS_DIR)/Vintage 2.0.app/Vintage 2.0";
				FRAMEWORK_SEARCH_PATHS = (
					"$(SDKROOT)/Developer/Library/Frameworks",
					"$(inherited)",
					"$(DEVELOPER_FRAMEWORKS_DIR)",
				);
				GCC_PRECOMPILE_PREFIX_HEADER = YES;
				GCC_PREFIX_HEADER = "Vintage 2.0/Vintage 2.0-Prefix.pch";
				INFOPLIST_FILE = "Vintage 2.0Tests/Vintage 2.0Tests-Info.plist";
				PRODUCT_NAME = "$(TARGET_NAME)";
				TEST_HOST = "$(BUNDLE_LOADER)";
				WRAPPER_EXTENSION = xctest;
			};
			name = Release;
		};
/* End XCBuildConfiguration section */

/* Begin XCConfigurationList section */
		58F79C4318FFAE6000C0D2E1 /* Build configuration list for PBXProject "Vintage 2.0" */ = {
			isa = XCConfigurationList;
			buildConfigurations = (
				58F79C7818FFAE6000C0D2E1 /* Debug */,
				58F79C7918FFAE6000C0D2E1 /* Release */,
			);
			defaultConfigurationIsVisible = 0;
			defaultConfigurationName = Release;
		};
		58F79C7A18FFAE6000C0D2E1 /* Build configuration list for PBXNativeTarget "Vintage 2.0" */ = {
			isa = XCConfigurationList;
			buildConfigurations = (
				58F79C7B18FFAE6000C0D2E1 /* Debug */,
				58F79C7C18FFAE6000C0D2E1 /* Release */,
			);
			defaultConfigurationIsVisible = 0;
			defaultConfigurationName = Release;
		};
		58F79C7D18FFAE6000C0D2E1 /* Build configuration list for PBXNativeTarget "Vintage 2.0Tests" */ = {
			isa = XCConfigurationList;
			buildConfigurations = (
				58F79C7E18FFAE6000C0D2E1 /* Debug */,
				58F79C7F18FFAE6000C0D2E1 /* Release */,
			);
			defaultConfigurationIsVisible = 0;
			defaultConfigurationName = Release;
		};
/* End XCConfigurationList section */
	};
	rootObject = 58F79C4018FFAE6000C0D2E1 /* Project object */;
}
