// !$*UTF8*$!
{
	archiveVersion = 1;
	classes = {
	};
	objectVersion = 46;
	objects = {

/* Begin PBXBuildFile section */
		581595E818AEBFB400621C3F /* Localizable.strings in Resources */ = {isa = PBXBuildFile; fileRef = 581595EA18AEBFB400621C3F /* Localizable.strings */; };
		5826CEAB18AE14230091E303 /* UIScrollView+extend.m in Sources */ = {isa = PBXBuildFile; fileRef = 5826CEAA18AE14230091E303 /* UIScrollView+extend.m */; };
		588F11F818AE1FC700787045 /* GPUImagePhotoFilter.m in Sources */ = {isa = PBXBuildFile; fileRef = 588F11F718AE1FC700787045 /* GPUImagePhotoFilter.m */; };
		588F11FC18AE1FEC00787045 /* GPUImageGradientMapFilter.m in Sources */ = {isa = PBXBuildFile; fileRef = 588F11FB18AE1FEC00787045 /* GPUImageGradientMapFilter.m */; };
		588F120018AE203400787045 /* GPUImageHueSaturationFilter.m in Sources */ = {isa = PBXBuildFile; fileRef = 588F11FF18AE203400787045 /* GPUImageHueSaturationFilter.m */; };
		588F120418AE205E00787045 /* GPUImageColorBalanceFilter.m in Sources */ = {isa = PBXBuildFile; fileRef = 588F120318AE205E00787045 /* GPUImageColorBalanceFilter.m */; };
		588F120818AE207800787045 /* GPUImageSelectiveColorFilter.m in Sources */ = {isa = PBXBuildFile; fileRef = 588F120718AE207800787045 /* GPUImageSelectiveColorFilter.m */; };
		588F120C18AE208E00787045 /* GPUImageChannelMixerFilter.m in Sources */ = {isa = PBXBuildFile; fileRef = 588F120B18AE208E00787045 /* GPUImageChannelMixerFilter.m */; };
		588F121018AE20A100787045 /* GPUImageGradientColorGenerator.m in Sources */ = {isa = PBXBuildFile; fileRef = 588F120F18AE20A100787045 /* GPUImageGradientColorGenerator.m */; };
		588F121418AE215200787045 /* GPUImageEffects.m in Sources */ = {isa = PBXBuildFile; fileRef = 588F121318AE215200787045 /* GPUImageEffects.m */; };
		588F121B18AE21C200787045 /* Miami3.acv in Resources */ = {isa = PBXBuildFile; fileRef = 588F121618AE21C200787045 /* Miami3.acv */; };
		588F121C18AE21C200787045 /* Miami2.acv in Resources */ = {isa = PBXBuildFile; fileRef = 588F121718AE21C200787045 /* Miami2.acv */; };
		588F121D18AE21C200787045 /* Miami1.acv in Resources */ = {isa = PBXBuildFile; fileRef = 588F121818AE21C200787045 /* Miami1.acv */; };
		588F121E18AE21C200787045 /* GPUEffectMiami.m in Sources */ = {isa = PBXBuildFile; fileRef = 588F121A18AE21C200787045 /* GPUEffectMiami.m */; };
		588F122718AE21EB00787045 /* Summers5.acv in Resources */ = {isa = PBXBuildFile; fileRef = 588F122018AE21EB00787045 /* Summers5.acv */; };
		588F122818AE21EB00787045 /* Summers4.acv in Resources */ = {isa = PBXBuildFile; fileRef = 588F122118AE21EB00787045 /* Summers4.acv */; };
		588F122918AE21EB00787045 /* Summers3.acv in Resources */ = {isa = PBXBuildFile; fileRef = 588F122218AE21EB00787045 /* Summers3.acv */; };
		588F122A18AE21EB00787045 /* Summers2.acv in Resources */ = {isa = PBXBuildFile; fileRef = 588F122318AE21EB00787045 /* Summers2.acv */; };
		588F122B18AE21EB00787045 /* Summers1.acv in Resources */ = {isa = PBXBuildFile; fileRef = 588F122418AE21EB00787045 /* Summers1.acv */; };
		588F122C18AE21EB00787045 /* GPUEffectSummers.m in Sources */ = {isa = PBXBuildFile; fileRef = 588F122618AE21EB00787045 /* GPUEffectSummers.m */; };
		588F123418AE220500787045 /* Girder4.acv in Resources */ = {isa = PBXBuildFile; fileRef = 588F122E18AE220500787045 /* Girder4.acv */; };
		588F123518AE220500787045 /* Girder3.acv in Resources */ = {isa = PBXBuildFile; fileRef = 588F122F18AE220500787045 /* Girder3.acv */; };
		588F123618AE220500787045 /* Girder2.acv in Resources */ = {isa = PBXBuildFile; fileRef = 588F123018AE220500787045 /* Girder2.acv */; };
		588F123718AE220500787045 /* Girder1.acv in Resources */ = {isa = PBXBuildFile; fileRef = 588F123118AE220500787045 /* Girder1.acv */; };
		588F123818AE220500787045 /* GPUEffectGirder.m in Sources */ = {isa = PBXBuildFile; fileRef = 588F123318AE220500787045 /* GPUEffectGirder.m */; };
		588F123E18AE224F00787045 /* FaerieVintage1.acv in Resources */ = {isa = PBXBuildFile; fileRef = 588F123A18AE224F00787045 /* FaerieVintage1.acv */; };
		588F123F18AE224F00787045 /* FaerieVintage2.acv in Resources */ = {isa = PBXBuildFile; fileRef = 588F123B18AE224F00787045 /* FaerieVintage2.acv */; };
		588F124018AE224F00787045 /* GPUEffectFaerieVintage.m in Sources */ = {isa = PBXBuildFile; fileRef = 588F123D18AE224F00787045 /* GPUEffectFaerieVintage.m */; };
		588F124518AE22CE00787045 /* PinkBubbleTea.acv in Resources */ = {isa = PBXBuildFile; fileRef = 588F124218AE22CE00787045 /* PinkBubbleTea.acv */; };
		588F124618AE22CE00787045 /* GPUEffectPinkBubbleTea.m in Sources */ = {isa = PBXBuildFile; fileRef = 588F124418AE22CE00787045 /* GPUEffectPinkBubbleTea.m */; };
		588F124A18AE22F800787045 /* GPUEffectBeachVintage.m in Sources */ = {isa = PBXBuildFile; fileRef = 588F124918AE22F800787045 /* GPUEffectBeachVintage.m */; };
		588F124F18AE235000787045 /* SunsetCarnevale1.acv in Resources */ = {isa = PBXBuildFile; fileRef = 588F124C18AE235000787045 /* SunsetCarnevale1.acv */; };
		588F125018AE235000787045 /* GPUEffectSunsetCarnevale.m in Sources */ = {isa = PBXBuildFile; fileRef = 588F124E18AE235000787045 /* GPUEffectSunsetCarnevale.m */; };
		588F125818AE241800787045 /* DreamyVintage1.acv in Resources */ = {isa = PBXBuildFile; fileRef = 588F125518AE241800787045 /* DreamyVintage1.acv */; };
		588F125918AE241800787045 /* GPUEffectDreamyVintage.m in Sources */ = {isa = PBXBuildFile; fileRef = 588F125718AE241800787045 /* GPUEffectDreamyVintage.m */; };
		588F125E18AE245D00787045 /* CavalleriaRusticana1.acv in Resources */ = {isa = PBXBuildFile; fileRef = 588F125B18AE245D00787045 /* CavalleriaRusticana1.acv */; };
		588F125F18AE245D00787045 /* GPUEffectCavalleriaRusticana.m in Sources */ = {isa = PBXBuildFile; fileRef = 588F125D18AE245D00787045 /* GPUEffectCavalleriaRusticana.m */; };
		588F126618AE248E00787045 /* VividVintage3.acv in Resources */ = {isa = PBXBuildFile; fileRef = 588F126118AE248E00787045 /* VividVintage3.acv */; };
		588F126718AE248E00787045 /* VividVintage1.acv in Resources */ = {isa = PBXBuildFile; fileRef = 588F126218AE248E00787045 /* VividVintage1.acv */; };
		588F126818AE248E00787045 /* VividVintage2.acv in Resources */ = {isa = PBXBuildFile; fileRef = 588F126318AE248E00787045 /* VividVintage2.acv */; };
		588F126918AE248E00787045 /* GPUEffectVividVintage.m in Sources */ = {isa = PBXBuildFile; fileRef = 588F126518AE248E00787045 /* GPUEffectVividVintage.m */; };
		588F127118AE24D300787045 /* CreamyNoon1.acv in Resources */ = {isa = PBXBuildFile; fileRef = 588F126B18AE24D300787045 /* CreamyNoon1.acv */; };
		588F127218AE24D300787045 /* CreamyNoon2.acv in Resources */ = {isa = PBXBuildFile; fileRef = 588F126C18AE24D300787045 /* CreamyNoon2.acv */; };
		588F127318AE24D300787045 /* CreamyNoon3.acv in Resources */ = {isa = PBXBuildFile; fileRef = 588F126D18AE24D300787045 /* CreamyNoon3.acv */; };
		588F127418AE24D300787045 /* CreamyNoon4.acv in Resources */ = {isa = PBXBuildFile; fileRef = 588F126E18AE24D300787045 /* CreamyNoon4.acv */; };
		588F127518AE24D300787045 /* GPUEffectCreamyNoon.m in Sources */ = {isa = PBXBuildFile; fileRef = 588F127018AE24D300787045 /* GPUEffectCreamyNoon.m */; };
		588F127C18AE251700787045 /* Vanilla1.acv in Resources */ = {isa = PBXBuildFile; fileRef = 588F127718AE251700787045 /* Vanilla1.acv */; };
		588F127D18AE251700787045 /* Vanilla2.acv in Resources */ = {isa = PBXBuildFile; fileRef = 588F127818AE251700787045 /* Vanilla2.acv */; };
		588F127E18AE251700787045 /* Vanilla3.acv in Resources */ = {isa = PBXBuildFile; fileRef = 588F127918AE251700787045 /* Vanilla3.acv */; };
		588F127F18AE251700787045 /* GPUEffectVanilla.m in Sources */ = {isa = PBXBuildFile; fileRef = 588F127B18AE251700787045 /* GPUEffectVanilla.m */; };
		58F5563918AE16EB008B2857 /* UIBlurredButton.m in Sources */ = {isa = PBXBuildFile; fileRef = 58F5563818AE16EB008B2857 /* UIBlurredButton.m */; };
		58F696FC18AD799B006F2089 /* CoreMedia.framework in Frameworks */ = {isa = PBXBuildFile; fileRef = 58F696FB18AD799B006F2089 /* CoreMedia.framework */; };
		58F696FE18AD79A7006F2089 /* CoreVideo.framework in Frameworks */ = {isa = PBXBuildFile; fileRef = 58F696FD18AD79A7006F2089 /* CoreVideo.framework */; };
		58F6970018AD79AF006F2089 /* OpenGLES.framework in Frameworks */ = {isa = PBXBuildFile; fileRef = 58F696FF18AD79AF006F2089 /* OpenGLES.framework */; };
		58F6970218AD79B9006F2089 /* AVFoundation.framework in Frameworks */ = {isa = PBXBuildFile; fileRef = 58F6970118AD79B9006F2089 /* AVFoundation.framework */; };
		58F6970418AD79C3006F2089 /* QuartzCore.framework in Frameworks */ = {isa = PBXBuildFile; fileRef = 58F6970318AD79C3006F2089 /* QuartzCore.framework */; };
		58F767B218AD6F4800015FBA /* Foundation.framework in Frameworks */ = {isa = PBXBuildFile; fileRef = 58F767B118AD6F4800015FBA /* Foundation.framework */; };
		58F767B418AD6F4800015FBA /* CoreGraphics.framework in Frameworks */ = {isa = PBXBuildFile; fileRef = 58F767B318AD6F4800015FBA /* CoreGraphics.framework */; };
		58F767B618AD6F4800015FBA /* UIKit.framework in Frameworks */ = {isa = PBXBuildFile; fileRef = 58F767B518AD6F4800015FBA /* UIKit.framework */; };
		58F767BC18AD6F4900015FBA /* InfoPlist.strings in Resources */ = {isa = PBXBuildFile; fileRef = 58F767BA18AD6F4900015FBA /* InfoPlist.strings */; };
		58F767BE18AD6F4900015FBA /* main.m in Sources */ = {isa = PBXBuildFile; fileRef = 58F767BD18AD6F4900015FBA /* main.m */; };
		58F767C218AD6F4900015FBA /* AppDelegate.m in Sources */ = {isa = PBXBuildFile; fileRef = 58F767C118AD6F4900015FBA /* AppDelegate.m */; };
		58F767C518AD6F4900015FBA /* Main.storyboard in Resources */ = {isa = PBXBuildFile; fileRef = 58F767C318AD6F4900015FBA /* Main.storyboard */; };
		58F767C818AD6F4900015FBA /* HomeViewController.m in Sources */ = {isa = PBXBuildFile; fileRef = 58F767C718AD6F4900015FBA /* HomeViewController.m */; };
		58F767CA18AD6F4900015FBA /* Images.xcassets in Resources */ = {isa = PBXBuildFile; fileRef = 58F767C918AD6F4900015FBA /* Images.xcassets */; };
		58F767D118AD6F4900015FBA /* XCTest.framework in Frameworks */ = {isa = PBXBuildFile; fileRef = 58F767D018AD6F4900015FBA /* XCTest.framework */; };
		58F767D218AD6F4900015FBA /* Foundation.framework in Frameworks */ = {isa = PBXBuildFile; fileRef = 58F767B118AD6F4800015FBA /* Foundation.framework */; };
		58F767D318AD6F4900015FBA /* UIKit.framework in Frameworks */ = {isa = PBXBuildFile; fileRef = 58F767B518AD6F4800015FBA /* UIKit.framework */; };
		58F767DB18AD6F4900015FBA /* InfoPlist.strings in Resources */ = {isa = PBXBuildFile; fileRef = 58F767D918AD6F4900015FBA /* InfoPlist.strings */; };
		58F767DD18AD6F4900015FBA /* VintageTests.m in Sources */ = {isa = PBXBuildFile; fileRef = 58F767DC18AD6F4900015FBA /* VintageTests.m */; };
		58F78B1518AE6D97004510AC /* libGPUImage.a in Frameworks */ = {isa = PBXBuildFile; fileRef = 58F78B1218AE6D1F004510AC /* libGPUImage.a */; };
		58FB369318AEAFEC00B284FB /* rounded-mplus-1p-bold.ttf in Resources */ = {isa = PBXBuildFile; fileRef = 58FB368D18AEAFEC00B284FB /* rounded-mplus-1p-bold.ttf */; };
		58FB369418AEAFEC00B284FB /* rounded-mplus-1p-heavy.ttf in Resources */ = {isa = PBXBuildFile; fileRef = 58FB368E18AEAFEC00B284FB /* rounded-mplus-1p-heavy.ttf */; };
		58FB369518AEAFEC00B284FB /* rounded-mplus-1p-light.ttf in Resources */ = {isa = PBXBuildFile; fileRef = 58FB368F18AEAFEC00B284FB /* rounded-mplus-1p-light.ttf */; };
		58FB369618AEAFEC00B284FB /* rounded-mplus-1p-medium.ttf in Resources */ = {isa = PBXBuildFile; fileRef = 58FB369018AEAFEC00B284FB /* rounded-mplus-1p-medium.ttf */; };
		58FB369718AEAFEC00B284FB /* rounded-mplus-1p-regular.ttf in Resources */ = {isa = PBXBuildFile; fileRef = 58FB369118AEAFEC00B284FB /* rounded-mplus-1p-regular.ttf */; };
		58FB369818AEAFEC00B284FB /* rounded-mplus-1p-thin.ttf in Resources */ = {isa = PBXBuildFile; fileRef = 58FB369218AEAFEC00B284FB /* rounded-mplus-1p-thin.ttf */; };
		58FB898118AE1031001F661B /* home-568h@2x.jpg in Resources */ = {isa = PBXBuildFile; fileRef = 58FB897F18AE1031001F661B /* home-568h@2x.jpg */; };
		58FB898218AE1031001F661B /* home@2x.jpg in Resources */ = {isa = PBXBuildFile; fileRef = 58FB898018AE1031001F661B /* home@2x.jpg */; };
		58FB898B18AE10CF001F661B /* RootController.m in Sources */ = {isa = PBXBuildFile; fileRef = 58FB898A18AE10CF001F661B /* RootController.m */; };
		58FB899018AE1165001F661B /* UIFadeNavigationController.m in Sources */ = {isa = PBXBuildFile; fileRef = 58FB898F18AE1165001F661B /* UIFadeNavigationController.m */; };
		58FB899A18AE12B1001F661B /* UIDevice+extend.m in Sources */ = {isa = PBXBuildFile; fileRef = 58FB899318AE12B1001F661B /* UIDevice+extend.m */; };
		58FB899B18AE12B1001F661B /* UIScreen+extend.m in Sources */ = {isa = PBXBuildFile; fileRef = 58FB899518AE12B1001F661B /* UIScreen+extend.m */; };
		58FB899C18AE12B1001F661B /* UIView+extend.m in Sources */ = {isa = PBXBuildFile; fileRef = 58FB899718AE12B1001F661B /* UIView+extend.m */; };
		58FF47EF18AE478E00B978D9 /* GentleMemories1.acv in Resources */ = {isa = PBXBuildFile; fileRef = 58FF47E918AE478E00B978D9 /* GentleMemories1.acv */; };
		58FF47F018AE478E00B978D9 /* GentleMemories2.acv in Resources */ = {isa = PBXBuildFile; fileRef = 58FF47EA18AE478E00B978D9 /* GentleMemories2.acv */; };
		58FF47F118AE478E00B978D9 /* GentleMemories3.acv in Resources */ = {isa = PBXBuildFile; fileRef = 58FF47EB18AE478E00B978D9 /* GentleMemories3.acv */; };
		58FF47F218AE478E00B978D9 /* GentleMemories4.acv in Resources */ = {isa = PBXBuildFile; fileRef = 58FF47EC18AE478E00B978D9 /* GentleMemories4.acv */; };
		58FF47F318AE478E00B978D9 /* GPUEffectGentleMemories.m in Sources */ = {isa = PBXBuildFile; fileRef = 58FF47EE18AE478E00B978D9 /* GPUEffectGentleMemories.m */; };
		58FF47F918AE47D000B978D9 /* SpringLight1.acv in Resources */ = {isa = PBXBuildFile; fileRef = 58FF47F518AE47D000B978D9 /* SpringLight1.acv */; };
		58FF47FA18AE47D000B978D9 /* SpringLight2.acv in Resources */ = {isa = PBXBuildFile; fileRef = 58FF47F618AE47D000B978D9 /* SpringLight2.acv */; };
		58FF47FB18AE47D000B978D9 /* GPUEffectSpringLight.m in Sources */ = {isa = PBXBuildFile; fileRef = 58FF47F818AE47D000B978D9 /* GPUEffectSpringLight.m */; };
		58FF480118AE484F00B978D9 /* Joyful1.acv in Resources */ = {isa = PBXBuildFile; fileRef = 58FF47FD18AE484F00B978D9 /* Joyful1.acv */; };
		58FF480218AE484F00B978D9 /* Joyful2.acv in Resources */ = {isa = PBXBuildFile; fileRef = 58FF47FE18AE484F00B978D9 /* Joyful2.acv */; };
		58FF480318AE484F00B978D9 /* GPUEffectJoyful.m in Sources */ = {isa = PBXBuildFile; fileRef = 58FF480018AE484F00B978D9 /* GPUEffectJoyful.m */; };
		58FF480A18AE488B00B978D9 /* WarmAutumn1.acv in Resources */ = {isa = PBXBuildFile; fileRef = 58FF480518AE488B00B978D9 /* WarmAutumn1.acv */; };
		58FF480B18AE488B00B978D9 /* WarmAutumn2.acv in Resources */ = {isa = PBXBuildFile; fileRef = 58FF480618AE488B00B978D9 /* WarmAutumn2.acv */; };
		58FF480C18AE488B00B978D9 /* WarmAutumn3.acv in Resources */ = {isa = PBXBuildFile; fileRef = 58FF480718AE488B00B978D9 /* WarmAutumn3.acv */; };
		58FF480D18AE488B00B978D9 /* GPUEffectWarmAutumn.m in Sources */ = {isa = PBXBuildFile; fileRef = 58FF480918AE488B00B978D9 /* GPUEffectWarmAutumn.m */; };
		58FF481218AE48BB00B978D9 /* Weekend.acv in Resources */ = {isa = PBXBuildFile; fileRef = 58FF480F18AE48BB00B978D9 /* Weekend.acv */; };
		58FF481318AE48BB00B978D9 /* GPUEffectWeekend.m in Sources */ = {isa = PBXBuildFile; fileRef = 58FF481118AE48BB00B978D9 /* GPUEffectWeekend.m */; };
		58FF481718AE490D00B978D9 /* GPUEffectOldTone.m in Sources */ = {isa = PBXBuildFile; fileRef = 58FF481618AE490D00B978D9 /* GPUEffectOldTone.m */; };
		58FF481D18AE49DC00B978D9 /* Vintage11.acv in Resources */ = {isa = PBXBuildFile; fileRef = 58FF481918AE49DC00B978D9 /* Vintage11.acv */; };
		58FF481E18AE49DC00B978D9 /* Vintage12.acv in Resources */ = {isa = PBXBuildFile; fileRef = 58FF481A18AE49DC00B978D9 /* Vintage12.acv */; };
		58FF481F18AE49DC00B978D9 /* GPUEffectVintage1.m in Sources */ = {isa = PBXBuildFile; fileRef = 58FF481C18AE49DC00B978D9 /* GPUEffectVintage1.m */; };
		58FF482518AE49F800B978D9 /* Vintage21.acv in Resources */ = {isa = PBXBuildFile; fileRef = 58FF482118AE49F800B978D9 /* Vintage21.acv */; };
		58FF482618AE49F800B978D9 /* Vintage22.acv in Resources */ = {isa = PBXBuildFile; fileRef = 58FF482218AE49F800B978D9 /* Vintage22.acv */; };
		58FF482718AE49F800B978D9 /* GPUEffectVintage2.m in Sources */ = {isa = PBXBuildFile; fileRef = 58FF482418AE49F800B978D9 /* GPUEffectVintage2.m */; };
		58FF482C18AE4A2000B978D9 /* VintageFilm.acv in Resources */ = {isa = PBXBuildFile; fileRef = 58FF482918AE4A2000B978D9 /* VintageFilm.acv */; };
		58FF482D18AE4A2000B978D9 /* GPUEffectVintageFilm.m in Sources */ = {isa = PBXBuildFile; fileRef = 58FF482B18AE4A2000B978D9 /* GPUEffectVintageFilm.m */; };
		58FF483318AE4B3C00B978D9 /* Hazelnut1.acv in Resources */ = {isa = PBXBuildFile; fileRef = 58FF482F18AE4B3C00B978D9 /* Hazelnut1.acv */; };
		58FF483418AE4B3C00B978D9 /* Hazelnut2.acv in Resources */ = {isa = PBXBuildFile; fileRef = 58FF483018AE4B3C00B978D9 /* Hazelnut2.acv */; };
		58FF483518AE4B3C00B978D9 /* GPUEffectHazelnut.m in Sources */ = {isa = PBXBuildFile; fileRef = 58FF483218AE4B3C00B978D9 /* GPUEffectHazelnut.m */; };
		58FF483A18AE4BDF00B978D9 /* Candy.acv in Resources */ = {isa = PBXBuildFile; fileRef = 58FF483718AE4BDF00B978D9 /* Candy.acv */; };
		58FF483B18AE4BDF00B978D9 /* GPUEffectColorfulCandy.m in Sources */ = {isa = PBXBuildFile; fileRef = 58FF483918AE4BDF00B978D9 /* GPUEffectColorfulCandy.m */; };
		58FF483F18AE4C8300B978D9 /* GPUEffectHaze3.m in Sources */ = {isa = PBXBuildFile; fileRef = 58FF483E18AE4C8300B978D9 /* GPUEffectHaze3.m */; };
		58FF484518AE513D00B978D9 /* GPUImageVividLightBlendFilter.m in Sources */ = {isa = PBXBuildFile; fileRef = 58FF484218AE513D00B978D9 /* GPUImageVividLightBlendFilter.m */; };
		58FF484618AE513D00B978D9 /* GPUImageLinearDodgeBlendFilter.m in Sources */ = {isa = PBXBuildFile; fileRef = 58FF484418AE513D00B978D9 /* GPUImageLinearDodgeBlendFilter.m */; };
		58FF484918AE516500B978D9 /* GPUKelvinFilter.m in Sources */ = {isa = PBXBuildFile; fileRef = 58FF484818AE516500B978D9 /* GPUKelvinFilter.m */; };
		58FF485618AE586F00B978D9 /* GPUAdjustmentsWhiteBalance.m in Sources */ = {isa = PBXBuildFile; fileRef = 58FF484F18AE586F00B978D9 /* GPUAdjustmentsWhiteBalance.m */; };
		58FF485718AE586F00B978D9 /* GPULevelsImageFilter.m in Sources */ = {isa = PBXBuildFile; fileRef = 58FF485118AE586F00B978D9 /* GPULevelsImageFilter.m */; };
		58FF485818AE586F00B978D9 /* GPUAdjustmentsSaturation.m in Sources */ = {isa = PBXBuildFile; fileRef = 58FF485318AE586F00B978D9 /* GPUAdjustmentsSaturation.m */; };
		58FF485918AE586F00B978D9 /* GPUAdjustmentsBrightness.m in Sources */ = {isa = PBXBuildFile; fileRef = 58FF485518AE586F00B978D9 /* GPUAdjustmentsBrightness.m */; };
		58FF485C18AE589F00B978D9 /* GPUPhotoFilter.m in Sources */ = {isa = PBXBuildFile; fileRef = 58FF485B18AE589F00B978D9 /* GPUPhotoFilter.m */; };
/* End PBXBuildFile section */

/* Begin PBXContainerItemProxy section */
		58F767D418AD6F4900015FBA /* PBXContainerItemProxy */ = {
			isa = PBXContainerItemProxy;
			containerPortal = 58F767A618AD6F4800015FBA /* Project object */;
			proxyType = 1;
			remoteGlobalIDString = 58F767AD18AD6F4800015FBA;
			remoteInfo = Vintage;
		};
		58F78B1118AE6D1F004510AC /* PBXContainerItemProxy */ = {
			isa = PBXContainerItemProxy;
			containerPortal = 58F78B0B18AE6D1E004510AC /* GPUImage.xcodeproj */;
			proxyType = 2;
			remoteGlobalIDString = BCF1A33414DDB1EC00852800;
			remoteInfo = GPUImage;
		};
		58F78B1318AE6D1F004510AC /* PBXContainerItemProxy */ = {
			isa = PBXContainerItemProxy;
			containerPortal = 58F78B0B18AE6D1E004510AC /* GPUImage.xcodeproj */;
			proxyType = 2;
			remoteGlobalIDString = BCF1A34414DDB1EC00852800;
			remoteInfo = GPUImageTests;
		};
/* End PBXContainerItemProxy section */

/* Begin PBXFileReference section */
		581595E918AEBFB400621C3F /* Base */ = {isa = PBXFileReference; lastKnownFileType = file; name = Base; path = Base.lproj/Localizable.strings; sourceTree = "<group>"; };
		581595EE18AEBFB800621C3F /* en */ = {isa = PBXFileReference; lastKnownFileType = file; name = en; path = en.lproj/Localizable.strings; sourceTree = "<group>"; };
		581595EF18AEBFB900621C3F /* ja */ = {isa = PBXFileReference; lastKnownFileType = file; name = ja; path = ja.lproj/Localizable.strings; sourceTree = "<group>"; };
		5826CEA918AE14230091E303 /* UIScrollView+extend.h */ = {isa = PBXFileReference; fileEncoding = 4; lastKnownFileType = sourcecode.c.h; path = "UIScrollView+extend.h"; sourceTree = "<group>"; };
		5826CEAA18AE14230091E303 /* UIScrollView+extend.m */ = {isa = PBXFileReference; fileEncoding = 4; lastKnownFileType = sourcecode.c.objc; path = "UIScrollView+extend.m"; sourceTree = "<group>"; };
		588F11F618AE1FC700787045 /* GPUImagePhotoFilter.h */ = {isa = PBXFileReference; fileEncoding = 4; lastKnownFileType = sourcecode.c.h; path = GPUImagePhotoFilter.h; sourceTree = "<group>"; };
		588F11F718AE1FC700787045 /* GPUImagePhotoFilter.m */ = {isa = PBXFileReference; fileEncoding = 4; lastKnownFileType = sourcecode.c.objc; path = GPUImagePhotoFilter.m; sourceTree = "<group>"; };
		588F11FA18AE1FEC00787045 /* GPUImageGradientMapFilter.h */ = {isa = PBXFileReference; fileEncoding = 4; lastKnownFileType = sourcecode.c.h; path = GPUImageGradientMapFilter.h; sourceTree = "<group>"; };
		588F11FB18AE1FEC00787045 /* GPUImageGradientMapFilter.m */ = {isa = PBXFileReference; fileEncoding = 4; lastKnownFileType = sourcecode.c.objc; path = GPUImageGradientMapFilter.m; sourceTree = "<group>"; };
		588F11FE18AE203400787045 /* GPUImageHueSaturationFilter.h */ = {isa = PBXFileReference; fileEncoding = 4; lastKnownFileType = sourcecode.c.h; path = GPUImageHueSaturationFilter.h; sourceTree = "<group>"; };
		588F11FF18AE203400787045 /* GPUImageHueSaturationFilter.m */ = {isa = PBXFileReference; fileEncoding = 4; lastKnownFileType = sourcecode.c.objc; path = GPUImageHueSaturationFilter.m; sourceTree = "<group>"; };
		588F120218AE205E00787045 /* GPUImageColorBalanceFilter.h */ = {isa = PBXFileReference; fileEncoding = 4; lastKnownFileType = sourcecode.c.h; path = GPUImageColorBalanceFilter.h; sourceTree = "<group>"; };
		588F120318AE205E00787045 /* GPUImageColorBalanceFilter.m */ = {isa = PBXFileReference; fileEncoding = 4; lastKnownFileType = sourcecode.c.objc; path = GPUImageColorBalanceFilter.m; sourceTree = "<group>"; };
		588F120618AE207800787045 /* GPUImageSelectiveColorFilter.h */ = {isa = PBXFileReference; fileEncoding = 4; lastKnownFileType = sourcecode.c.h; path = GPUImageSelectiveColorFilter.h; sourceTree = "<group>"; };
		588F120718AE207800787045 /* GPUImageSelectiveColorFilter.m */ = {isa = PBXFileReference; fileEncoding = 4; lastKnownFileType = sourcecode.c.objc; path = GPUImageSelectiveColorFilter.m; sourceTree = "<group>"; };
		588F120A18AE208E00787045 /* GPUImageChannelMixerFilter.h */ = {isa = PBXFileReference; fileEncoding = 4; lastKnownFileType = sourcecode.c.h; path = GPUImageChannelMixerFilter.h; sourceTree = "<group>"; };
		588F120B18AE208E00787045 /* GPUImageChannelMixerFilter.m */ = {isa = PBXFileReference; fileEncoding = 4; lastKnownFileType = sourcecode.c.objc; path = GPUImageChannelMixerFilter.m; sourceTree = "<group>"; };
		588F120E18AE20A100787045 /* GPUImageGradientColorGenerator.h */ = {isa = PBXFileReference; fileEncoding = 4; lastKnownFileType = sourcecode.c.h; path = GPUImageGradientColorGenerator.h; sourceTree = "<group>"; };
		588F120F18AE20A100787045 /* GPUImageGradientColorGenerator.m */ = {isa = PBXFileReference; fileEncoding = 4; lastKnownFileType = sourcecode.c.objc; path = GPUImageGradientColorGenerator.m; sourceTree = "<group>"; };
		588F121118AE215200787045 /* GPUImageEffectsImport.h */ = {isa = PBXFileReference; fileEncoding = 4; lastKnownFileType = sourcecode.c.h; path = GPUImageEffectsImport.h; sourceTree = "<group>"; };
		588F121218AE215200787045 /* GPUImageEffects.h */ = {isa = PBXFileReference; fileEncoding = 4; lastKnownFileType = sourcecode.c.h; path = GPUImageEffects.h; sourceTree = "<group>"; };
		588F121318AE215200787045 /* GPUImageEffects.m */ = {isa = PBXFileReference; fileEncoding = 4; lastKnownFileType = sourcecode.c.objc; path = GPUImageEffects.m; sourceTree = "<group>"; };
		588F121618AE21C200787045 /* Miami3.acv */ = {isa = PBXFileReference; lastKnownFileType = file; path = Miami3.acv; sourceTree = "<group>"; };
		588F121718AE21C200787045 /* Miami2.acv */ = {isa = PBXFileReference; lastKnownFileType = file; path = Miami2.acv; sourceTree = "<group>"; };
		588F121818AE21C200787045 /* Miami1.acv */ = {isa = PBXFileReference; lastKnownFileType = file; path = Miami1.acv; sourceTree = "<group>"; };
		588F121918AE21C200787045 /* GPUEffectMiami.h */ = {isa = PBXFileReference; fileEncoding = 4; lastKnownFileType = sourcecode.c.h; path = GPUEffectMiami.h; sourceTree = "<group>"; };
		588F121A18AE21C200787045 /* GPUEffectMiami.m */ = {isa = PBXFileReference; fileEncoding = 4; lastKnownFileType = sourcecode.c.objc; path = GPUEffectMiami.m; sourceTree = "<group>"; };
		588F122018AE21EB00787045 /* Summers5.acv */ = {isa = PBXFileReference; lastKnownFileType = file; path = Summers5.acv; sourceTree = "<group>"; };
		588F122118AE21EB00787045 /* Summers4.acv */ = {isa = PBXFileReference; lastKnownFileType = file; path = Summers4.acv; sourceTree = "<group>"; };
		588F122218AE21EB00787045 /* Summers3.acv */ = {isa = PBXFileReference; lastKnownFileType = file; path = Summers3.acv; sourceTree = "<group>"; };
		588F122318AE21EB00787045 /* Summers2.acv */ = {isa = PBXFileReference; lastKnownFileType = file; path = Summers2.acv; sourceTree = "<group>"; };
		588F122418AE21EB00787045 /* Summers1.acv */ = {isa = PBXFileReference; lastKnownFileType = file; path = Summers1.acv; sourceTree = "<group>"; };
		588F122518AE21EB00787045 /* GPUEffectSummers.h */ = {isa = PBXFileReference; fileEncoding = 4; lastKnownFileType = sourcecode.c.h; path = GPUEffectSummers.h; sourceTree = "<group>"; };
		588F122618AE21EB00787045 /* GPUEffectSummers.m */ = {isa = PBXFileReference; fileEncoding = 4; lastKnownFileType = sourcecode.c.objc; path = GPUEffectSummers.m; sourceTree = "<group>"; };
		588F122E18AE220500787045 /* Girder4.acv */ = {isa = PBXFileReference; lastKnownFileType = file; path = Girder4.acv; sourceTree = "<group>"; };
		588F122F18AE220500787045 /* Girder3.acv */ = {isa = PBXFileReference; lastKnownFileType = file; path = Girder3.acv; sourceTree = "<group>"; };
		588F123018AE220500787045 /* Girder2.acv */ = {isa = PBXFileReference; lastKnownFileType = file; path = Girder2.acv; sourceTree = "<group>"; };
		588F123118AE220500787045 /* Girder1.acv */ = {isa = PBXFileReference; lastKnownFileType = file; path = Girder1.acv; sourceTree = "<group>"; };
		588F123218AE220500787045 /* GPUEffectGirder.h */ = {isa = PBXFileReference; fileEncoding = 4; lastKnownFileType = sourcecode.c.h; path = GPUEffectGirder.h; sourceTree = "<group>"; };
		588F123318AE220500787045 /* GPUEffectGirder.m */ = {isa = PBXFileReference; fileEncoding = 4; lastKnownFileType = sourcecode.c.objc; path = GPUEffectGirder.m; sourceTree = "<group>"; };
		588F123A18AE224F00787045 /* FaerieVintage1.acv */ = {isa = PBXFileReference; lastKnownFileType = file; path = FaerieVintage1.acv; sourceTree = "<group>"; };
		588F123B18AE224F00787045 /* FaerieVintage2.acv */ = {isa = PBXFileReference; lastKnownFileType = file; path = FaerieVintage2.acv; sourceTree = "<group>"; };
		588F123C18AE224F00787045 /* GPUEffectFaerieVintage.h */ = {isa = PBXFileReference; fileEncoding = 4; lastKnownFileType = sourcecode.c.h; path = GPUEffectFaerieVintage.h; sourceTree = "<group>"; };
		588F123D18AE224F00787045 /* GPUEffectFaerieVintage.m */ = {isa = PBXFileReference; fileEncoding = 4; lastKnownFileType = sourcecode.c.objc; path = GPUEffectFaerieVintage.m; sourceTree = "<group>"; };
		588F124218AE22CE00787045 /* PinkBubbleTea.acv */ = {isa = PBXFileReference; lastKnownFileType = file; path = PinkBubbleTea.acv; sourceTree = "<group>"; };
		588F124318AE22CE00787045 /* GPUEffectPinkBubbleTea.h */ = {isa = PBXFileReference; fileEncoding = 4; lastKnownFileType = sourcecode.c.h; path = GPUEffectPinkBubbleTea.h; sourceTree = "<group>"; };
		588F124418AE22CE00787045 /* GPUEffectPinkBubbleTea.m */ = {isa = PBXFileReference; fileEncoding = 4; lastKnownFileType = sourcecode.c.objc; path = GPUEffectPinkBubbleTea.m; sourceTree = "<group>"; };
		588F124818AE22F800787045 /* GPUEffectBeachVintage.h */ = {isa = PBXFileReference; fileEncoding = 4; lastKnownFileType = sourcecode.c.h; path = GPUEffectBeachVintage.h; sourceTree = "<group>"; };
		588F124918AE22F800787045 /* GPUEffectBeachVintage.m */ = {isa = PBXFileReference; fileEncoding = 4; lastKnownFileType = sourcecode.c.objc; path = GPUEffectBeachVintage.m; sourceTree = "<group>"; };
		588F124C18AE235000787045 /* SunsetCarnevale1.acv */ = {isa = PBXFileReference; lastKnownFileType = file; path = SunsetCarnevale1.acv; sourceTree = "<group>"; };
		588F124D18AE235000787045 /* GPUEffectSunsetCarnevale.h */ = {isa = PBXFileReference; fileEncoding = 4; lastKnownFileType = sourcecode.c.h; path = GPUEffectSunsetCarnevale.h; sourceTree = "<group>"; };
		588F124E18AE235000787045 /* GPUEffectSunsetCarnevale.m */ = {isa = PBXFileReference; fileEncoding = 4; lastKnownFileType = sourcecode.c.objc; path = GPUEffectSunsetCarnevale.m; sourceTree = "<group>"; };
		588F125518AE241800787045 /* DreamyVintage1.acv */ = {isa = PBXFileReference; lastKnownFileType = file; path = DreamyVintage1.acv; sourceTree = "<group>"; };
		588F125618AE241800787045 /* GPUEffectDreamyVintage.h */ = {isa = PBXFileReference; fileEncoding = 4; lastKnownFileType = sourcecode.c.h; path = GPUEffectDreamyVintage.h; sourceTree = "<group>"; };
		588F125718AE241800787045 /* GPUEffectDreamyVintage.m */ = {isa = PBXFileReference; fileEncoding = 4; lastKnownFileType = sourcecode.c.objc; path = GPUEffectDreamyVintage.m; sourceTree = "<group>"; };
		588F125B18AE245D00787045 /* CavalleriaRusticana1.acv */ = {isa = PBXFileReference; lastKnownFileType = file; path = CavalleriaRusticana1.acv; sourceTree = "<group>"; };
		588F125C18AE245D00787045 /* GPUEffectCavalleriaRusticana.h */ = {isa = PBXFileReference; fileEncoding = 4; lastKnownFileType = sourcecode.c.h; path = GPUEffectCavalleriaRusticana.h; sourceTree = "<group>"; };
		588F125D18AE245D00787045 /* GPUEffectCavalleriaRusticana.m */ = {isa = PBXFileReference; fileEncoding = 4; lastKnownFileType = sourcecode.c.objc; path = GPUEffectCavalleriaRusticana.m; sourceTree = "<group>"; };
		588F126118AE248E00787045 /* VividVintage3.acv */ = {isa = PBXFileReference; lastKnownFileType = file; path = VividVintage3.acv; sourceTree = "<group>"; };
		588F126218AE248E00787045 /* VividVintage1.acv */ = {isa = PBXFileReference; lastKnownFileType = file; path = VividVintage1.acv; sourceTree = "<group>"; };
		588F126318AE248E00787045 /* VividVintage2.acv */ = {isa = PBXFileReference; lastKnownFileType = file; path = VividVintage2.acv; sourceTree = "<group>"; };
		588F126418AE248E00787045 /* GPUEffectVividVintage.h */ = {isa = PBXFileReference; fileEncoding = 4; lastKnownFileType = sourcecode.c.h; path = GPUEffectVividVintage.h; sourceTree = "<group>"; };
		588F126518AE248E00787045 /* GPUEffectVividVintage.m */ = {isa = PBXFileReference; fileEncoding = 4; lastKnownFileType = sourcecode.c.objc; path = GPUEffectVividVintage.m; sourceTree = "<group>"; };
		588F126B18AE24D300787045 /* CreamyNoon1.acv */ = {isa = PBXFileReference; lastKnownFileType = file; path = CreamyNoon1.acv; sourceTree = "<group>"; };
		588F126C18AE24D300787045 /* CreamyNoon2.acv */ = {isa = PBXFileReference; lastKnownFileType = file; path = CreamyNoon2.acv; sourceTree = "<group>"; };
		588F126D18AE24D300787045 /* CreamyNoon3.acv */ = {isa = PBXFileReference; lastKnownFileType = file; path = CreamyNoon3.acv; sourceTree = "<group>"; };
		588F126E18AE24D300787045 /* CreamyNoon4.acv */ = {isa = PBXFileReference; lastKnownFileType = file; path = CreamyNoon4.acv; sourceTree = "<group>"; };
		588F126F18AE24D300787045 /* GPUEffectCreamyNoon.h */ = {isa = PBXFileReference; fileEncoding = 4; lastKnownFileType = sourcecode.c.h; path = GPUEffectCreamyNoon.h; sourceTree = "<group>"; };
		588F127018AE24D300787045 /* GPUEffectCreamyNoon.m */ = {isa = PBXFileReference; fileEncoding = 4; lastKnownFileType = sourcecode.c.objc; path = GPUEffectCreamyNoon.m; sourceTree = "<group>"; };
		588F127718AE251700787045 /* Vanilla1.acv */ = {isa = PBXFileReference; lastKnownFileType = file; path = Vanilla1.acv; sourceTree = "<group>"; };
		588F127818AE251700787045 /* Vanilla2.acv */ = {isa = PBXFileReference; lastKnownFileType = file; path = Vanilla2.acv; sourceTree = "<group>"; };
		588F127918AE251700787045 /* Vanilla3.acv */ = {isa = PBXFileReference; lastKnownFileType = file; path = Vanilla3.acv; sourceTree = "<group>"; };
		588F127A18AE251700787045 /* GPUEffectVanilla.h */ = {isa = PBXFileReference; fileEncoding = 4; lastKnownFileType = sourcecode.c.h; path = GPUEffectVanilla.h; sourceTree = "<group>"; };
		588F127B18AE251700787045 /* GPUEffectVanilla.m */ = {isa = PBXFileReference; fileEncoding = 4; lastKnownFileType = sourcecode.c.objc; path = GPUEffectVanilla.m; sourceTree = "<group>"; };
		58F5563718AE16EB008B2857 /* UIBlurredButton.h */ = {isa = PBXFileReference; fileEncoding = 4; lastKnownFileType = sourcecode.c.h; path = UIBlurredButton.h; sourceTree = "<group>"; };
		58F5563818AE16EB008B2857 /* UIBlurredButton.m */ = {isa = PBXFileReference; fileEncoding = 4; lastKnownFileType = sourcecode.c.objc; path = UIBlurredButton.m; sourceTree = "<group>"; };
		58F696FB18AD799B006F2089 /* CoreMedia.framework */ = {isa = PBXFileReference; lastKnownFileType = wrapper.framework; name = CoreMedia.framework; path = System/Library/Frameworks/CoreMedia.framework; sourceTree = SDKROOT; };
		58F696FD18AD79A7006F2089 /* CoreVideo.framework */ = {isa = PBXFileReference; lastKnownFileType = wrapper.framework; name = CoreVideo.framework; path = System/Library/Frameworks/CoreVideo.framework; sourceTree = SDKROOT; };
		58F696FF18AD79AF006F2089 /* OpenGLES.framework */ = {isa = PBXFileReference; lastKnownFileType = wrapper.framework; name = OpenGLES.framework; path = System/Library/Frameworks/OpenGLES.framework; sourceTree = SDKROOT; };
		58F6970118AD79B9006F2089 /* AVFoundation.framework */ = {isa = PBXFileReference; lastKnownFileType = wrapper.framework; name = AVFoundation.framework; path = System/Library/Frameworks/AVFoundation.framework; sourceTree = SDKROOT; };
		58F6970318AD79C3006F2089 /* QuartzCore.framework */ = {isa = PBXFileReference; lastKnownFileType = wrapper.framework; name = QuartzCore.framework; path = System/Library/Frameworks/QuartzCore.framework; sourceTree = SDKROOT; };
		58F767AE18AD6F4800015FBA /* Vintage.app */ = {isa = PBXFileReference; explicitFileType = wrapper.application; includeInIndex = 0; path = Vintage.app; sourceTree = BUILT_PRODUCTS_DIR; };
		58F767B118AD6F4800015FBA /* Foundation.framework */ = {isa = PBXFileReference; lastKnownFileType = wrapper.framework; name = Foundation.framework; path = System/Library/Frameworks/Foundation.framework; sourceTree = SDKROOT; };
		58F767B318AD6F4800015FBA /* CoreGraphics.framework */ = {isa = PBXFileReference; lastKnownFileType = wrapper.framework; name = CoreGraphics.framework; path = System/Library/Frameworks/CoreGraphics.framework; sourceTree = SDKROOT; };
		58F767B518AD6F4800015FBA /* UIKit.framework */ = {isa = PBXFileReference; lastKnownFileType = wrapper.framework; name = UIKit.framework; path = System/Library/Frameworks/UIKit.framework; sourceTree = SDKROOT; };
		58F767B918AD6F4900015FBA /* Vintage-Info.plist */ = {isa = PBXFileReference; lastKnownFileType = text.plist.xml; path = "Vintage-Info.plist"; sourceTree = "<group>"; };
		58F767BB18AD6F4900015FBA /* en */ = {isa = PBXFileReference; lastKnownFileType = text.plist.strings; name = en; path = en.lproj/InfoPlist.strings; sourceTree = "<group>"; };
		58F767BD18AD6F4900015FBA /* main.m */ = {isa = PBXFileReference; lastKnownFileType = sourcecode.c.objc; path = main.m; sourceTree = "<group>"; };
		58F767BF18AD6F4900015FBA /* Vintage-Prefix.pch */ = {isa = PBXFileReference; lastKnownFileType = sourcecode.c.h; path = "Vintage-Prefix.pch"; sourceTree = "<group>"; };
		58F767C018AD6F4900015FBA /* AppDelegate.h */ = {isa = PBXFileReference; lastKnownFileType = sourcecode.c.h; path = AppDelegate.h; sourceTree = "<group>"; };
		58F767C118AD6F4900015FBA /* AppDelegate.m */ = {isa = PBXFileReference; lastKnownFileType = sourcecode.c.objc; path = AppDelegate.m; sourceTree = "<group>"; };
		58F767C418AD6F4900015FBA /* Base */ = {isa = PBXFileReference; lastKnownFileType = file.storyboard; name = Base; path = Base.lproj/Main.storyboard; sourceTree = "<group>"; };
		58F767C618AD6F4900015FBA /* HomeViewController.h */ = {isa = PBXFileReference; lastKnownFileType = sourcecode.c.h; path = HomeViewController.h; sourceTree = "<group>"; };
		58F767C718AD6F4900015FBA /* HomeViewController.m */ = {isa = PBXFileReference; lastKnownFileType = sourcecode.c.objc; path = HomeViewController.m; sourceTree = "<group>"; };
		58F767C918AD6F4900015FBA /* Images.xcassets */ = {isa = PBXFileReference; lastKnownFileType = folder.assetcatalog; path = Images.xcassets; sourceTree = "<group>"; };
		58F767CF18AD6F4900015FBA /* VintageTests.xctest */ = {isa = PBXFileReference; explicitFileType = wrapper.cfbundle; includeInIndex = 0; path = VintageTests.xctest; sourceTree = BUILT_PRODUCTS_DIR; };
		58F767D018AD6F4900015FBA /* XCTest.framework */ = {isa = PBXFileReference; lastKnownFileType = wrapper.framework; name = XCTest.framework; path = Library/Frameworks/XCTest.framework; sourceTree = DEVELOPER_DIR; };
		58F767D818AD6F4900015FBA /* VintageTests-Info.plist */ = {isa = PBXFileReference; lastKnownFileType = text.plist.xml; path = "VintageTests-Info.plist"; sourceTree = "<group>"; };
		58F767DA18AD6F4900015FBA /* en */ = {isa = PBXFileReference; lastKnownFileType = text.plist.strings; name = en; path = en.lproj/InfoPlist.strings; sourceTree = "<group>"; };
		58F767DC18AD6F4900015FBA /* VintageTests.m */ = {isa = PBXFileReference; lastKnownFileType = sourcecode.c.objc; path = VintageTests.m; sourceTree = "<group>"; };
		58F78AD418AEB3290099A85F /* ja */ = {isa = PBXFileReference; lastKnownFileType = text.plist.strings; name = ja; path = ja.lproj/Main.strings; sourceTree = "<group>"; };
		58F78AD518AEB3290099A85F /* ja */ = {isa = PBXFileReference; lastKnownFileType = text.plist.strings; name = ja; path = ja.lproj/InfoPlist.strings; sourceTree = "<group>"; };
		58F78AD618AEB32A0099A85F /* ja */ = {isa = PBXFileReference; lastKnownFileType = text.plist.strings; name = ja; path = ja.lproj/InfoPlist.strings; sourceTree = "<group>"; };
		58F78B0B18AE6D1E004510AC /* GPUImage.xcodeproj */ = {isa = PBXFileReference; lastKnownFileType = "wrapper.pb-project"; name = GPUImage.xcodeproj; path = GPUImage/framework/GPUImage.xcodeproj; sourceTree = "<group>"; };
		58FB368D18AEAFEC00B284FB /* rounded-mplus-1p-bold.ttf */ = {isa = PBXFileReference; lastKnownFileType = file; path = "rounded-mplus-1p-bold.ttf"; sourceTree = "<group>"; };
		58FB368E18AEAFEC00B284FB /* rounded-mplus-1p-heavy.ttf */ = {isa = PBXFileReference; lastKnownFileType = file; path = "rounded-mplus-1p-heavy.ttf"; sourceTree = "<group>"; };
		58FB368F18AEAFEC00B284FB /* rounded-mplus-1p-light.ttf */ = {isa = PBXFileReference; lastKnownFileType = file; path = "rounded-mplus-1p-light.ttf"; sourceTree = "<group>"; };
		58FB369018AEAFEC00B284FB /* rounded-mplus-1p-medium.ttf */ = {isa = PBXFileReference; lastKnownFileType = file; path = "rounded-mplus-1p-medium.ttf"; sourceTree = "<group>"; };
		58FB369118AEAFEC00B284FB /* rounded-mplus-1p-regular.ttf */ = {isa = PBXFileReference; lastKnownFileType = file; path = "rounded-mplus-1p-regular.ttf"; sourceTree = "<group>"; };
		58FB369218AEAFEC00B284FB /* rounded-mplus-1p-thin.ttf */ = {isa = PBXFileReference; lastKnownFileType = file; path = "rounded-mplus-1p-thin.ttf"; sourceTree = "<group>"; };
		58FB897F18AE1031001F661B /* home-568h@2x.jpg */ = {isa = PBXFileReference; lastKnownFileType = image.jpeg; path = "home-568h@2x.jpg"; sourceTree = "<group>"; };
		58FB898018AE1031001F661B /* home@2x.jpg */ = {isa = PBXFileReference; lastKnownFileType = image.jpeg; path = "home@2x.jpg"; sourceTree = "<group>"; };
		58FB898918AE10CF001F661B /* RootController.h */ = {isa = PBXFileReference; fileEncoding = 4; lastKnownFileType = sourcecode.c.h; path = RootController.h; sourceTree = "<group>"; };
		58FB898A18AE10CF001F661B /* RootController.m */ = {isa = PBXFileReference; fileEncoding = 4; lastKnownFileType = sourcecode.c.objc; path = RootController.m; sourceTree = "<group>"; };
		58FB898E18AE1165001F661B /* UIFadeNavigationController.h */ = {isa = PBXFileReference; fileEncoding = 4; lastKnownFileType = sourcecode.c.h; path = UIFadeNavigationController.h; sourceTree = "<group>"; };
		58FB898F18AE1165001F661B /* UIFadeNavigationController.m */ = {isa = PBXFileReference; fileEncoding = 4; lastKnownFileType = sourcecode.c.objc; path = UIFadeNavigationController.m; sourceTree = "<group>"; };
		58FB899218AE12B1001F661B /* UIDevice+extend.h */ = {isa = PBXFileReference; fileEncoding = 4; lastKnownFileType = sourcecode.c.h; path = "UIDevice+extend.h"; sourceTree = "<group>"; };
		58FB899318AE12B1001F661B /* UIDevice+extend.m */ = {isa = PBXFileReference; fileEncoding = 4; lastKnownFileType = sourcecode.c.objc; path = "UIDevice+extend.m"; sourceTree = "<group>"; };
		58FB899418AE12B1001F661B /* UIScreen+extend.h */ = {isa = PBXFileReference; fileEncoding = 4; lastKnownFileType = sourcecode.c.h; path = "UIScreen+extend.h"; sourceTree = "<group>"; };
		58FB899518AE12B1001F661B /* UIScreen+extend.m */ = {isa = PBXFileReference; fileEncoding = 4; lastKnownFileType = sourcecode.c.objc; path = "UIScreen+extend.m"; sourceTree = "<group>"; };
		58FB899618AE12B1001F661B /* UIView+extend.h */ = {isa = PBXFileReference; fileEncoding = 4; lastKnownFileType = sourcecode.c.h; path = "UIView+extend.h"; sourceTree = "<group>"; };
		58FB899718AE12B1001F661B /* UIView+extend.m */ = {isa = PBXFileReference; fileEncoding = 4; lastKnownFileType = sourcecode.c.objc; path = "UIView+extend.m"; sourceTree = "<group>"; };
		58FF47E918AE478E00B978D9 /* GentleMemories1.acv */ = {isa = PBXFileReference; lastKnownFileType = file; path = GentleMemories1.acv; sourceTree = "<group>"; };
		58FF47EA18AE478E00B978D9 /* GentleMemories2.acv */ = {isa = PBXFileReference; lastKnownFileType = file; path = GentleMemories2.acv; sourceTree = "<group>"; };
		58FF47EB18AE478E00B978D9 /* GentleMemories3.acv */ = {isa = PBXFileReference; lastKnownFileType = file; path = GentleMemories3.acv; sourceTree = "<group>"; };
		58FF47EC18AE478E00B978D9 /* GentleMemories4.acv */ = {isa = PBXFileReference; lastKnownFileType = file; path = GentleMemories4.acv; sourceTree = "<group>"; };
		58FF47ED18AE478E00B978D9 /* GPUEffectGentleMemories.h */ = {isa = PBXFileReference; fileEncoding = 4; lastKnownFileType = sourcecode.c.h; path = GPUEffectGentleMemories.h; sourceTree = "<group>"; };
		58FF47EE18AE478E00B978D9 /* GPUEffectGentleMemories.m */ = {isa = PBXFileReference; fileEncoding = 4; lastKnownFileType = sourcecode.c.objc; path = GPUEffectGentleMemories.m; sourceTree = "<group>"; };
		58FF47F518AE47D000B978D9 /* SpringLight1.acv */ = {isa = PBXFileReference; lastKnownFileType = file; path = SpringLight1.acv; sourceTree = "<group>"; };
		58FF47F618AE47D000B978D9 /* SpringLight2.acv */ = {isa = PBXFileReference; lastKnownFileType = file; path = SpringLight2.acv; sourceTree = "<group>"; };
		58FF47F718AE47D000B978D9 /* GPUEffectSpringLight.h */ = {isa = PBXFileReference; fileEncoding = 4; lastKnownFileType = sourcecode.c.h; path = GPUEffectSpringLight.h; sourceTree = "<group>"; };
		58FF47F818AE47D000B978D9 /* GPUEffectSpringLight.m */ = {isa = PBXFileReference; fileEncoding = 4; lastKnownFileType = sourcecode.c.objc; path = GPUEffectSpringLight.m; sourceTree = "<group>"; };
		58FF47FD18AE484F00B978D9 /* Joyful1.acv */ = {isa = PBXFileReference; lastKnownFileType = file; path = Joyful1.acv; sourceTree = "<group>"; };
		58FF47FE18AE484F00B978D9 /* Joyful2.acv */ = {isa = PBXFileReference; lastKnownFileType = file; path = Joyful2.acv; sourceTree = "<group>"; };
		58FF47FF18AE484F00B978D9 /* GPUEffectJoyful.h */ = {isa = PBXFileReference; fileEncoding = 4; lastKnownFileType = sourcecode.c.h; path = GPUEffectJoyful.h; sourceTree = "<group>"; };
		58FF480018AE484F00B978D9 /* GPUEffectJoyful.m */ = {isa = PBXFileReference; fileEncoding = 4; lastKnownFileType = sourcecode.c.objc; path = GPUEffectJoyful.m; sourceTree = "<group>"; };
		58FF480518AE488B00B978D9 /* WarmAutumn1.acv */ = {isa = PBXFileReference; lastKnownFileType = file; path = WarmAutumn1.acv; sourceTree = "<group>"; };
		58FF480618AE488B00B978D9 /* WarmAutumn2.acv */ = {isa = PBXFileReference; lastKnownFileType = file; path = WarmAutumn2.acv; sourceTree = "<group>"; };
		58FF480718AE488B00B978D9 /* WarmAutumn3.acv */ = {isa = PBXFileReference; lastKnownFileType = file; path = WarmAutumn3.acv; sourceTree = "<group>"; };
		58FF480818AE488B00B978D9 /* GPUEffectWarmAutumn.h */ = {isa = PBXFileReference; fileEncoding = 4; lastKnownFileType = sourcecode.c.h; path = GPUEffectWarmAutumn.h; sourceTree = "<group>"; };
		58FF480918AE488B00B978D9 /* GPUEffectWarmAutumn.m */ = {isa = PBXFileReference; fileEncoding = 4; lastKnownFileType = sourcecode.c.objc; path = GPUEffectWarmAutumn.m; sourceTree = "<group>"; };
		58FF480F18AE48BB00B978D9 /* Weekend.acv */ = {isa = PBXFileReference; lastKnownFileType = file; path = Weekend.acv; sourceTree = "<group>"; };
		58FF481018AE48BB00B978D9 /* GPUEffectWeekend.h */ = {isa = PBXFileReference; fileEncoding = 4; lastKnownFileType = sourcecode.c.h; path = GPUEffectWeekend.h; sourceTree = "<group>"; };
		58FF481118AE48BB00B978D9 /* GPUEffectWeekend.m */ = {isa = PBXFileReference; fileEncoding = 4; lastKnownFileType = sourcecode.c.objc; path = GPUEffectWeekend.m; sourceTree = "<group>"; };
		58FF481518AE490D00B978D9 /* GPUEffectOldTone.h */ = {isa = PBXFileReference; fileEncoding = 4; lastKnownFileType = sourcecode.c.h; path = GPUEffectOldTone.h; sourceTree = "<group>"; };
		58FF481618AE490D00B978D9 /* GPUEffectOldTone.m */ = {isa = PBXFileReference; fileEncoding = 4; lastKnownFileType = sourcecode.c.objc; path = GPUEffectOldTone.m; sourceTree = "<group>"; };
		58FF481918AE49DC00B978D9 /* Vintage11.acv */ = {isa = PBXFileReference; lastKnownFileType = file; path = Vintage11.acv; sourceTree = "<group>"; };
		58FF481A18AE49DC00B978D9 /* Vintage12.acv */ = {isa = PBXFileReference; lastKnownFileType = file; path = Vintage12.acv; sourceTree = "<group>"; };
		58FF481B18AE49DC00B978D9 /* GPUEffectVintage1.h */ = {isa = PBXFileReference; fileEncoding = 4; lastKnownFileType = sourcecode.c.h; path = GPUEffectVintage1.h; sourceTree = "<group>"; };
		58FF481C18AE49DC00B978D9 /* GPUEffectVintage1.m */ = {isa = PBXFileReference; fileEncoding = 4; lastKnownFileType = sourcecode.c.objc; path = GPUEffectVintage1.m; sourceTree = "<group>"; };
		58FF482118AE49F800B978D9 /* Vintage21.acv */ = {isa = PBXFileReference; lastKnownFileType = file; path = Vintage21.acv; sourceTree = "<group>"; };
		58FF482218AE49F800B978D9 /* Vintage22.acv */ = {isa = PBXFileReference; lastKnownFileType = file; path = Vintage22.acv; sourceTree = "<group>"; };
		58FF482318AE49F800B978D9 /* GPUEffectVintage2.h */ = {isa = PBXFileReference; fileEncoding = 4; lastKnownFileType = sourcecode.c.h; path = GPUEffectVintage2.h; sourceTree = "<group>"; };
		58FF482418AE49F800B978D9 /* GPUEffectVintage2.m */ = {isa = PBXFileReference; fileEncoding = 4; lastKnownFileType = sourcecode.c.objc; path = GPUEffectVintage2.m; sourceTree = "<group>"; };
		58FF482918AE4A2000B978D9 /* VintageFilm.acv */ = {isa = PBXFileReference; lastKnownFileType = file; path = VintageFilm.acv; sourceTree = "<group>"; };
		58FF482A18AE4A2000B978D9 /* GPUEffectVintageFilm.h */ = {isa = PBXFileReference; fileEncoding = 4; lastKnownFileType = sourcecode.c.h; path = GPUEffectVintageFilm.h; sourceTree = "<group>"; };
		58FF482B18AE4A2000B978D9 /* GPUEffectVintageFilm.m */ = {isa = PBXFileReference; fileEncoding = 4; lastKnownFileType = sourcecode.c.objc; path = GPUEffectVintageFilm.m; sourceTree = "<group>"; };
		58FF482F18AE4B3C00B978D9 /* Hazelnut1.acv */ = {isa = PBXFileReference; lastKnownFileType = file; path = Hazelnut1.acv; sourceTree = "<group>"; };
		58FF483018AE4B3C00B978D9 /* Hazelnut2.acv */ = {isa = PBXFileReference; lastKnownFileType = file; path = Hazelnut2.acv; sourceTree = "<group>"; };
		58FF483118AE4B3C00B978D9 /* GPUEffectHazelnut.h */ = {isa = PBXFileReference; fileEncoding = 4; lastKnownFileType = sourcecode.c.h; path = GPUEffectHazelnut.h; sourceTree = "<group>"; };
		58FF483218AE4B3C00B978D9 /* GPUEffectHazelnut.m */ = {isa = PBXFileReference; fileEncoding = 4; lastKnownFileType = sourcecode.c.objc; path = GPUEffectHazelnut.m; sourceTree = "<group>"; };
		58FF483718AE4BDF00B978D9 /* Candy.acv */ = {isa = PBXFileReference; lastKnownFileType = file; path = Candy.acv; sourceTree = "<group>"; };
		58FF483818AE4BDF00B978D9 /* GPUEffectColorfulCandy.h */ = {isa = PBXFileReference; fileEncoding = 4; lastKnownFileType = sourcecode.c.h; path = GPUEffectColorfulCandy.h; sourceTree = "<group>"; };
		58FF483918AE4BDF00B978D9 /* GPUEffectColorfulCandy.m */ = {isa = PBXFileReference; fileEncoding = 4; lastKnownFileType = sourcecode.c.objc; path = GPUEffectColorfulCandy.m; sourceTree = "<group>"; };
		58FF483D18AE4C8300B978D9 /* GPUEffectHaze3.h */ = {isa = PBXFileReference; fileEncoding = 4; lastKnownFileType = sourcecode.c.h; path = GPUEffectHaze3.h; sourceTree = "<group>"; };
		58FF483E18AE4C8300B978D9 /* GPUEffectHaze3.m */ = {isa = PBXFileReference; fileEncoding = 4; lastKnownFileType = sourcecode.c.objc; path = GPUEffectHaze3.m; sourceTree = "<group>"; };
		58FF484118AE513D00B978D9 /* GPUImageVividLightBlendFilter.h */ = {isa = PBXFileReference; fileEncoding = 4; lastKnownFileType = sourcecode.c.h; path = GPUImageVividLightBlendFilter.h; sourceTree = "<group>"; };
		58FF484218AE513D00B978D9 /* GPUImageVividLightBlendFilter.m */ = {isa = PBXFileReference; fileEncoding = 4; lastKnownFileType = sourcecode.c.objc; path = GPUImageVividLightBlendFilter.m; sourceTree = "<group>"; };
		58FF484318AE513D00B978D9 /* GPUImageLinearDodgeBlendFilter.h */ = {isa = PBXFileReference; fileEncoding = 4; lastKnownFileType = sourcecode.c.h; path = GPUImageLinearDodgeBlendFilter.h; sourceTree = "<group>"; };
		58FF484418AE513D00B978D9 /* GPUImageLinearDodgeBlendFilter.m */ = {isa = PBXFileReference; fileEncoding = 4; lastKnownFileType = sourcecode.c.objc; path = GPUImageLinearDodgeBlendFilter.m; sourceTree = "<group>"; };
		58FF484718AE516500B978D9 /* GPUKelvinFilter.h */ = {isa = PBXFileReference; fileEncoding = 4; lastKnownFileType = sourcecode.c.h; path = GPUKelvinFilter.h; sourceTree = "<group>"; };
		58FF484818AE516500B978D9 /* GPUKelvinFilter.m */ = {isa = PBXFileReference; fileEncoding = 4; lastKnownFileType = sourcecode.c.objc; path = GPUKelvinFilter.m; sourceTree = "<group>"; };
		58FF484E18AE586F00B978D9 /* GPUAdjustmentsWhiteBalance.h */ = {isa = PBXFileReference; fileEncoding = 4; lastKnownFileType = sourcecode.c.h; path = GPUAdjustmentsWhiteBalance.h; sourceTree = "<group>"; };
		58FF484F18AE586F00B978D9 /* GPUAdjustmentsWhiteBalance.m */ = {isa = PBXFileReference; fileEncoding = 4; lastKnownFileType = sourcecode.c.objc; path = GPUAdjustmentsWhiteBalance.m; sourceTree = "<group>"; };
		58FF485018AE586F00B978D9 /* GPULevelsImageFilter.h */ = {isa = PBXFileReference; fileEncoding = 4; lastKnownFileType = sourcecode.c.h; path = GPULevelsImageFilter.h; sourceTree = "<group>"; };
		58FF485118AE586F00B978D9 /* GPULevelsImageFilter.m */ = {isa = PBXFileReference; fileEncoding = 4; lastKnownFileType = sourcecode.c.objc; path = GPULevelsImageFilter.m; sourceTree = "<group>"; };
		58FF485218AE586F00B978D9 /* GPUAdjustmentsSaturation.h */ = {isa = PBXFileReference; fileEncoding = 4; lastKnownFileType = sourcecode.c.h; path = GPUAdjustmentsSaturation.h; sourceTree = "<group>"; };
		58FF485318AE586F00B978D9 /* GPUAdjustmentsSaturation.m */ = {isa = PBXFileReference; fileEncoding = 4; lastKnownFileType = sourcecode.c.objc; path = GPUAdjustmentsSaturation.m; sourceTree = "<group>"; };
		58FF485418AE586F00B978D9 /* GPUAdjustmentsBrightness.h */ = {isa = PBXFileReference; fileEncoding = 4; lastKnownFileType = sourcecode.c.h; path = GPUAdjustmentsBrightness.h; sourceTree = "<group>"; };
		58FF485518AE586F00B978D9 /* GPUAdjustmentsBrightness.m */ = {isa = PBXFileReference; fileEncoding = 4; lastKnownFileType = sourcecode.c.objc; path = GPUAdjustmentsBrightness.m; sourceTree = "<group>"; };
		58FF485A18AE589F00B978D9 /* GPUPhotoFilter.h */ = {isa = PBXFileReference; fileEncoding = 4; lastKnownFileType = sourcecode.c.h; path = GPUPhotoFilter.h; sourceTree = "<group>"; };
		58FF485B18AE589F00B978D9 /* GPUPhotoFilter.m */ = {isa = PBXFileReference; fileEncoding = 4; lastKnownFileType = sourcecode.c.objc; path = GPUPhotoFilter.m; sourceTree = "<group>"; };
/* End PBXFileReference section */

/* Begin PBXFrameworksBuildPhase section */
		58F767AB18AD6F4800015FBA /* Frameworks */ = {
			isa = PBXFrameworksBuildPhase;
			buildActionMask = 2147483647;
			files = (
				58F78B1518AE6D97004510AC /* libGPUImage.a in Frameworks */,
				58F6970418AD79C3006F2089 /* QuartzCore.framework in Frameworks */,
				58F6970218AD79B9006F2089 /* AVFoundation.framework in Frameworks */,
				58F6970018AD79AF006F2089 /* OpenGLES.framework in Frameworks */,
				58F696FE18AD79A7006F2089 /* CoreVideo.framework in Frameworks */,
				58F696FC18AD799B006F2089 /* CoreMedia.framework in Frameworks */,
				58F767B418AD6F4800015FBA /* CoreGraphics.framework in Frameworks */,
				58F767B618AD6F4800015FBA /* UIKit.framework in Frameworks */,
				58F767B218AD6F4800015FBA /* Foundation.framework in Frameworks */,
			);
			runOnlyForDeploymentPostprocessing = 0;
		};
		58F767CC18AD6F4900015FBA /* Frameworks */ = {
			isa = PBXFrameworksBuildPhase;
			buildActionMask = 2147483647;
			files = (
				58F767D118AD6F4900015FBA /* XCTest.framework in Frameworks */,
				58F767D318AD6F4900015FBA /* UIKit.framework in Frameworks */,
				58F767D218AD6F4900015FBA /* Foundation.framework in Frameworks */,
			);
			runOnlyForDeploymentPostprocessing = 0;
		};
/* End PBXFrameworksBuildPhase section */

/* Begin PBXGroup section */
		5801D75E18AE0E5D00425412 /* Images */ = {
			isa = PBXGroup;
			children = (
				5801D76218AE0E6200425412 /* Home */,
			);
			name = Images;
			sourceTree = "<group>";
		};
		5801D76218AE0E6200425412 /* Home */ = {
			isa = PBXGroup;
			children = (
				58FB897F18AE1031001F661B /* home-568h@2x.jpg */,
				58FB898018AE1031001F661B /* home@2x.jpg */,
			);
			name = Home;
			sourceTree = "<group>";
		};
		588F11EE18AE1F4E00787045 /* Effects */ = {
			isa = PBXGroup;
			children = (
				588F121118AE215200787045 /* GPUImageEffectsImport.h */,
				588F121218AE215200787045 /* GPUImageEffects.h */,
				588F121318AE215200787045 /* GPUImageEffects.m */,
				588F11F218AE1F5500787045 /* 1.0 */,
			);
			name = Effects;
			sourceTree = "<group>";
		};
		588F11F218AE1F5500787045 /* 1.0 */ = {
			isa = PBXGroup;
			children = (
				58FF483C18AE4C7800B978D9 /* Haze3 */,
				58FF483618AE4BCE00B978D9 /* ColorfulCandy */,
				58FF482E18AE4B1E00B978D9 /* Hazelnut */,
				58FF482818AE4A0B00B978D9 /* VintageFilm */,
				58FF482018AE49E000B978D9 /* Vintage2 */,
				58FF481818AE49D100B978D9 /* Vintage1 */,
				58FF481418AE48FE00B978D9 /* OldTone */,
				58FF480E18AE48AD00B978D9 /* Weekend */,
				58FF480418AE487700B978D9 /* WarmAutumn */,
				58FF47FC18AE483F00B978D9 /* Joyful */,
				58FF47F418AE47C300B978D9 /* WarmSpringLight */,
				58FF47E518AE477F00B978D9 /* GentleMemories */,
				588F127618AE24D800787045 /* Vanilla */,
				588F126A18AE24BC00787045 /* CreamyNoon */,
				588F126018AE248000787045 /* VividVintage */,
				588F125A18AE244200787045 /* CavalleriaRusticana */,
				588F125118AE240900787045 /* DreamyVintage */,
				588F124B18AE234000787045 /* SunsetCarnevale */,
				588F124718AE22D200787045 /* BeachVintage */,
				588F124118AE22C000787045 /* PinkBubbleTea */,
				588F123918AE224200787045 /* FaerieVintage */,
				588F122D18AE21F300787045 /* Girder */,
				588F121F18AE21DC00787045 /* Summers */,
				588F121518AE21B600787045 /* Miami */,
			);
			name = 1.0;
			sourceTree = "<group>";
		};
		588F11F418AE1F9D00787045 /* GPUImageLayer */ = {
			isa = PBXGroup;
			children = (
				588F120D18AE209200787045 /* GradientColor */,
				588F120918AE207E00787045 /* ChannelMixier */,
				588F120518AE206800787045 /* SelectiveColor */,
				588F120118AE203C00787045 /* ColorBalance */,
				588F11FD18AE1FF500787045 /* HueSaturation */,
				588F11F918AE1FDF00787045 /* GradientMap */,
				588F11F518AE1FB300787045 /* PhotoFilter */,
			);
			name = GPUImageLayer;
			sourceTree = "<group>";
		};
		588F11F518AE1FB300787045 /* PhotoFilter */ = {
			isa = PBXGroup;
			children = (
				588F11F618AE1FC700787045 /* GPUImagePhotoFilter.h */,
				588F11F718AE1FC700787045 /* GPUImagePhotoFilter.m */,
			);
			name = PhotoFilter;
			sourceTree = "<group>";
		};
		588F11F918AE1FDF00787045 /* GradientMap */ = {
			isa = PBXGroup;
			children = (
				588F11FA18AE1FEC00787045 /* GPUImageGradientMapFilter.h */,
				588F11FB18AE1FEC00787045 /* GPUImageGradientMapFilter.m */,
			);
			name = GradientMap;
			sourceTree = "<group>";
		};
		588F11FD18AE1FF500787045 /* HueSaturation */ = {
			isa = PBXGroup;
			children = (
				588F11FE18AE203400787045 /* GPUImageHueSaturationFilter.h */,
				588F11FF18AE203400787045 /* GPUImageHueSaturationFilter.m */,
			);
			name = HueSaturation;
			sourceTree = "<group>";
		};
		588F120118AE203C00787045 /* ColorBalance */ = {
			isa = PBXGroup;
			children = (
				588F120218AE205E00787045 /* GPUImageColorBalanceFilter.h */,
				588F120318AE205E00787045 /* GPUImageColorBalanceFilter.m */,
			);
			name = ColorBalance;
			sourceTree = "<group>";
		};
		588F120518AE206800787045 /* SelectiveColor */ = {
			isa = PBXGroup;
			children = (
				588F120618AE207800787045 /* GPUImageSelectiveColorFilter.h */,
				588F120718AE207800787045 /* GPUImageSelectiveColorFilter.m */,
			);
			name = SelectiveColor;
			sourceTree = "<group>";
		};
		588F120918AE207E00787045 /* ChannelMixier */ = {
			isa = PBXGroup;
			children = (
				588F120A18AE208E00787045 /* GPUImageChannelMixerFilter.h */,
				588F120B18AE208E00787045 /* GPUImageChannelMixerFilter.m */,
			);
			name = ChannelMixier;
			sourceTree = "<group>";
		};
		588F120D18AE209200787045 /* GradientColor */ = {
			isa = PBXGroup;
			children = (
				588F120E18AE20A100787045 /* GPUImageGradientColorGenerator.h */,
				588F120F18AE20A100787045 /* GPUImageGradientColorGenerator.m */,
			);
			name = GradientColor;
			sourceTree = "<group>";
		};
		588F121518AE21B600787045 /* Miami */ = {
			isa = PBXGroup;
			children = (
				588F121618AE21C200787045 /* Miami3.acv */,
				588F121718AE21C200787045 /* Miami2.acv */,
				588F121818AE21C200787045 /* Miami1.acv */,
				588F121918AE21C200787045 /* GPUEffectMiami.h */,
				588F121A18AE21C200787045 /* GPUEffectMiami.m */,
			);
			name = Miami;
			sourceTree = "<group>";
		};
		588F121F18AE21DC00787045 /* Summers */ = {
			isa = PBXGroup;
			children = (
				588F122018AE21EB00787045 /* Summers5.acv */,
				588F122118AE21EB00787045 /* Summers4.acv */,
				588F122218AE21EB00787045 /* Summers3.acv */,
				588F122318AE21EB00787045 /* Summers2.acv */,
				588F122418AE21EB00787045 /* Summers1.acv */,
				588F122518AE21EB00787045 /* GPUEffectSummers.h */,
				588F122618AE21EB00787045 /* GPUEffectSummers.m */,
			);
			name = Summers;
			sourceTree = "<group>";
		};
		588F122D18AE21F300787045 /* Girder */ = {
			isa = PBXGroup;
			children = (
				588F122E18AE220500787045 /* Girder4.acv */,
				588F122F18AE220500787045 /* Girder3.acv */,
				588F123018AE220500787045 /* Girder2.acv */,
				588F123118AE220500787045 /* Girder1.acv */,
				588F123218AE220500787045 /* GPUEffectGirder.h */,
				588F123318AE220500787045 /* GPUEffectGirder.m */,
			);
			name = Girder;
			sourceTree = "<group>";
		};
		588F123918AE224200787045 /* FaerieVintage */ = {
			isa = PBXGroup;
			children = (
				588F123A18AE224F00787045 /* FaerieVintage1.acv */,
				588F123B18AE224F00787045 /* FaerieVintage2.acv */,
				588F123C18AE224F00787045 /* GPUEffectFaerieVintage.h */,
				588F123D18AE224F00787045 /* GPUEffectFaerieVintage.m */,
			);
			name = FaerieVintage;
			sourceTree = "<group>";
		};
		588F124118AE22C000787045 /* PinkBubbleTea */ = {
			isa = PBXGroup;
			children = (
				588F124218AE22CE00787045 /* PinkBubbleTea.acv */,
				588F124318AE22CE00787045 /* GPUEffectPinkBubbleTea.h */,
				588F124418AE22CE00787045 /* GPUEffectPinkBubbleTea.m */,
			);
			name = PinkBubbleTea;
			sourceTree = "<group>";
		};
		588F124718AE22D200787045 /* BeachVintage */ = {
			isa = PBXGroup;
			children = (
				588F124818AE22F800787045 /* GPUEffectBeachVintage.h */,
				588F124918AE22F800787045 /* GPUEffectBeachVintage.m */,
			);
			name = BeachVintage;
			sourceTree = "<group>";
		};
		588F124B18AE234000787045 /* SunsetCarnevale */ = {
			isa = PBXGroup;
			children = (
				588F124C18AE235000787045 /* SunsetCarnevale1.acv */,
				588F124D18AE235000787045 /* GPUEffectSunsetCarnevale.h */,
				588F124E18AE235000787045 /* GPUEffectSunsetCarnevale.m */,
			);
			name = SunsetCarnevale;
			sourceTree = "<group>";
		};
		588F125118AE240900787045 /* DreamyVintage */ = {
			isa = PBXGroup;
			children = (
				588F125518AE241800787045 /* DreamyVintage1.acv */,
				588F125618AE241800787045 /* GPUEffectDreamyVintage.h */,
				588F125718AE241800787045 /* GPUEffectDreamyVintage.m */,
			);
			name = DreamyVintage;
			sourceTree = "<group>";
		};
		588F125A18AE244200787045 /* CavalleriaRusticana */ = {
			isa = PBXGroup;
			children = (
				588F125B18AE245D00787045 /* CavalleriaRusticana1.acv */,
				588F125C18AE245D00787045 /* GPUEffectCavalleriaRusticana.h */,
				588F125D18AE245D00787045 /* GPUEffectCavalleriaRusticana.m */,
			);
			name = CavalleriaRusticana;
			sourceTree = "<group>";
		};
		588F126018AE248000787045 /* VividVintage */ = {
			isa = PBXGroup;
			children = (
				588F126118AE248E00787045 /* VividVintage3.acv */,
				588F126218AE248E00787045 /* VividVintage1.acv */,
				588F126318AE248E00787045 /* VividVintage2.acv */,
				588F126418AE248E00787045 /* GPUEffectVividVintage.h */,
				588F126518AE248E00787045 /* GPUEffectVividVintage.m */,
			);
			name = VividVintage;
			sourceTree = "<group>";
		};
		588F126A18AE24BC00787045 /* CreamyNoon */ = {
			isa = PBXGroup;
			children = (
				588F126B18AE24D300787045 /* CreamyNoon1.acv */,
				588F126C18AE24D300787045 /* CreamyNoon2.acv */,
				588F126D18AE24D300787045 /* CreamyNoon3.acv */,
				588F126E18AE24D300787045 /* CreamyNoon4.acv */,
				588F126F18AE24D300787045 /* GPUEffectCreamyNoon.h */,
				588F127018AE24D300787045 /* GPUEffectCreamyNoon.m */,
			);
			name = CreamyNoon;
			sourceTree = "<group>";
		};
		588F127618AE24D800787045 /* Vanilla */ = {
			isa = PBXGroup;
			children = (
				588F127718AE251700787045 /* Vanilla1.acv */,
				588F127818AE251700787045 /* Vanilla2.acv */,
				588F127918AE251700787045 /* Vanilla3.acv */,
				588F127A18AE251700787045 /* GPUEffectVanilla.h */,
				588F127B18AE251700787045 /* GPUEffectVanilla.m */,
			);
			name = Vanilla;
			sourceTree = "<group>";
		};
		58F5563218AE16A8008B2857 /* UIComponents */ = {
			isa = PBXGroup;
			children = (
				58F5563618AE16B6008B2857 /* Home */,
			);
			name = UIComponents;
			sourceTree = "<group>";
		};
		58F5563618AE16B6008B2857 /* Home */ = {
			isa = PBXGroup;
			children = (
				58F5563718AE16EB008B2857 /* UIBlurredButton.h */,
				58F5563818AE16EB008B2857 /* UIBlurredButton.m */,
			);
			name = Home;
			sourceTree = "<group>";
		};
		58F767A518AD6F4800015FBA = {
			isa = PBXGroup;
			children = (
				58F767B718AD6F4800015FBA /* Vintage */,
				58F767D618AD6F4900015FBA /* VintageTests */,
				58F767B018AD6F4800015FBA /* Frameworks */,
				58F767AF18AD6F4800015FBA /* Products */,
			);
			sourceTree = "<group>";
		};
		58F767AF18AD6F4800015FBA /* Products */ = {
			isa = PBXGroup;
			children = (
				58F767AE18AD6F4800015FBA /* Vintage.app */,
				58F767CF18AD6F4900015FBA /* VintageTests.xctest */,
			);
			name = Products;
			sourceTree = "<group>";
		};
		58F767B018AD6F4800015FBA /* Frameworks */ = {
			isa = PBXGroup;
			children = (
				58F78B0B18AE6D1E004510AC /* GPUImage.xcodeproj */,
				58F6970318AD79C3006F2089 /* QuartzCore.framework */,
				58F6970118AD79B9006F2089 /* AVFoundation.framework */,
				58F696FF18AD79AF006F2089 /* OpenGLES.framework */,
				58F696FD18AD79A7006F2089 /* CoreVideo.framework */,
				58F696FB18AD799B006F2089 /* CoreMedia.framework */,
				58F767B118AD6F4800015FBA /* Foundation.framework */,
				58F767B318AD6F4800015FBA /* CoreGraphics.framework */,
				58F767B518AD6F4800015FBA /* UIKit.framework */,
				58F767D018AD6F4900015FBA /* XCTest.framework */,
			);
			name = Frameworks;
			sourceTree = "<group>";
		};
		58F767B718AD6F4800015FBA /* Vintage */ = {
			isa = PBXGroup;
			children = (
				58FB368918AEAFCE00B284FB /* Fonts */,
				58FF484018AE512900B978D9 /* GPUImageFilter */,
				588F11F418AE1F9D00787045 /* GPUImageLayer */,
				588F11EE18AE1F4E00787045 /* Effects */,
				5801D75E18AE0E5D00425412 /* Images */,
				58F767C018AD6F4900015FBA /* AppDelegate.h */,
				58F767C118AD6F4900015FBA /* AppDelegate.m */,
				58F767C318AD6F4900015FBA /* Main.storyboard */,
				58FB899118AE1293001F661B /* Categories */,
				58FB898D18AE114D001F661B /* Classes */,
				58F5563218AE16A8008B2857 /* UIComponents */,
				58FB898618AE1071001F661B /* NavigationViewController */,
				58FB898718AE1083001F661B /* ViewContoroller */,
				58F767C918AD6F4900015FBA /* Images.xcassets */,
				58F767B818AD6F4900015FBA /* Supporting Files */,
			);
			path = Vintage;
			sourceTree = "<group>";
		};
		58F767B818AD6F4900015FBA /* Supporting Files */ = {
			isa = PBXGroup;
			children = (
				58F767B918AD6F4900015FBA /* Vintage-Info.plist */,
				58F767BA18AD6F4900015FBA /* InfoPlist.strings */,
				58F767BD18AD6F4900015FBA /* main.m */,
				58F767BF18AD6F4900015FBA /* Vintage-Prefix.pch */,
				581595EA18AEBFB400621C3F /* Localizable.strings */,
			);
			name = "Supporting Files";
			sourceTree = "<group>";
		};
		58F767D618AD6F4900015FBA /* VintageTests */ = {
			isa = PBXGroup;
			children = (
				58F767DC18AD6F4900015FBA /* VintageTests.m */,
				58F767D718AD6F4900015FBA /* Supporting Files */,
			);
			path = VintageTests;
			sourceTree = "<group>";
		};
		58F767D718AD6F4900015FBA /* Supporting Files */ = {
			isa = PBXGroup;
			children = (
				58F767D818AD6F4900015FBA /* VintageTests-Info.plist */,
				58F767D918AD6F4900015FBA /* InfoPlist.strings */,
			);
			name = "Supporting Files";
			sourceTree = "<group>";
		};
		58F78B0C18AE6D1E004510AC /* Products */ = {
			isa = PBXGroup;
			children = (
				58F78B1218AE6D1F004510AC /* libGPUImage.a */,
				58F78B1418AE6D1F004510AC /* GPUImageTests.octest */,
			);
			name = Products;
			sourceTree = "<group>";
		};
		58FB368918AEAFCE00B284FB /* Fonts */ = {
			isa = PBXGroup;
			children = (
				58FB368D18AEAFEC00B284FB /* rounded-mplus-1p-bold.ttf */,
				58FB368E18AEAFEC00B284FB /* rounded-mplus-1p-heavy.ttf */,
				58FB368F18AEAFEC00B284FB /* rounded-mplus-1p-light.ttf */,
				58FB369018AEAFEC00B284FB /* rounded-mplus-1p-medium.ttf */,
				58FB369118AEAFEC00B284FB /* rounded-mplus-1p-regular.ttf */,
				58FB369218AEAFEC00B284FB /* rounded-mplus-1p-thin.ttf */,
			);
			name = Fonts;
			sourceTree = "<group>";
		};
		58FB898618AE1071001F661B /* NavigationViewController */ = {
			isa = PBXGroup;
			children = (
				58FB898918AE10CF001F661B /* RootController.h */,
				58FB898A18AE10CF001F661B /* RootController.m */,
			);
			name = NavigationViewController;
			sourceTree = "<group>";
		};
		58FB898718AE1083001F661B /* ViewContoroller */ = {
			isa = PBXGroup;
			children = (
				58FB898818AE1096001F661B /* Home */,
			);
			name = ViewContoroller;
			sourceTree = "<group>";
		};
		58FB898818AE1096001F661B /* Home */ = {
			isa = PBXGroup;
			children = (
				58F767C618AD6F4900015FBA /* HomeViewController.h */,
				58F767C718AD6F4900015FBA /* HomeViewController.m */,
			);
			name = Home;
			sourceTree = "<group>";
		};
		58FB898D18AE114D001F661B /* Classes */ = {
			isa = PBXGroup;
			children = (
				58FB898E18AE1165001F661B /* UIFadeNavigationController.h */,
				58FB898F18AE1165001F661B /* UIFadeNavigationController.m */,
			);
			name = Classes;
			sourceTree = "<group>";
		};
		58FB899118AE1293001F661B /* Categories */ = {
			isa = PBXGroup;
			children = (
				58FB899218AE12B1001F661B /* UIDevice+extend.h */,
				58FB899318AE12B1001F661B /* UIDevice+extend.m */,
				58FB899418AE12B1001F661B /* UIScreen+extend.h */,
				58FB899518AE12B1001F661B /* UIScreen+extend.m */,
				58FB899618AE12B1001F661B /* UIView+extend.h */,
				58FB899718AE12B1001F661B /* UIView+extend.m */,
				5826CEA918AE14230091E303 /* UIScrollView+extend.h */,
				5826CEAA18AE14230091E303 /* UIScrollView+extend.m */,
			);
			name = Categories;
			sourceTree = "<group>";
		};
		58FF47E518AE477F00B978D9 /* GentleMemories */ = {
			isa = PBXGroup;
			children = (
				58FF47E918AE478E00B978D9 /* GentleMemories1.acv */,
				58FF47EA18AE478E00B978D9 /* GentleMemories2.acv */,
				58FF47EB18AE478E00B978D9 /* GentleMemories3.acv */,
				58FF47EC18AE478E00B978D9 /* GentleMemories4.acv */,
				58FF47ED18AE478E00B978D9 /* GPUEffectGentleMemories.h */,
				58FF47EE18AE478E00B978D9 /* GPUEffectGentleMemories.m */,
			);
			name = GentleMemories;
			sourceTree = "<group>";
		};
		58FF47F418AE47C300B978D9 /* WarmSpringLight */ = {
			isa = PBXGroup;
			children = (
				58FF47F518AE47D000B978D9 /* SpringLight1.acv */,
				58FF47F618AE47D000B978D9 /* SpringLight2.acv */,
				58FF47F718AE47D000B978D9 /* GPUEffectSpringLight.h */,
				58FF47F818AE47D000B978D9 /* GPUEffectSpringLight.m */,
			);
			name = WarmSpringLight;
			sourceTree = "<group>";
		};
		58FF47FC18AE483F00B978D9 /* Joyful */ = {
			isa = PBXGroup;
			children = (
				58FF47FD18AE484F00B978D9 /* Joyful1.acv */,
				58FF47FE18AE484F00B978D9 /* Joyful2.acv */,
				58FF47FF18AE484F00B978D9 /* GPUEffectJoyful.h */,
				58FF480018AE484F00B978D9 /* GPUEffectJoyful.m */,
			);
			name = Joyful;
			sourceTree = "<group>";
		};
		58FF480418AE487700B978D9 /* WarmAutumn */ = {
			isa = PBXGroup;
			children = (
				58FF480518AE488B00B978D9 /* WarmAutumn1.acv */,
				58FF480618AE488B00B978D9 /* WarmAutumn2.acv */,
				58FF480718AE488B00B978D9 /* WarmAutumn3.acv */,
				58FF480818AE488B00B978D9 /* GPUEffectWarmAutumn.h */,
				58FF480918AE488B00B978D9 /* GPUEffectWarmAutumn.m */,
			);
			name = WarmAutumn;
			sourceTree = "<group>";
		};
		58FF480E18AE48AD00B978D9 /* Weekend */ = {
			isa = PBXGroup;
			children = (
				58FF480F18AE48BB00B978D9 /* Weekend.acv */,
				58FF481018AE48BB00B978D9 /* GPUEffectWeekend.h */,
				58FF481118AE48BB00B978D9 /* GPUEffectWeekend.m */,
			);
			name = Weekend;
			sourceTree = "<group>";
		};
		58FF481418AE48FE00B978D9 /* OldTone */ = {
			isa = PBXGroup;
			children = (
				58FF481518AE490D00B978D9 /* GPUEffectOldTone.h */,
				58FF481618AE490D00B978D9 /* GPUEffectOldTone.m */,
			);
			name = OldTone;
			sourceTree = "<group>";
		};
		58FF481818AE49D100B978D9 /* Vintage1 */ = {
			isa = PBXGroup;
			children = (
				58FF481918AE49DC00B978D9 /* Vintage11.acv */,
				58FF481A18AE49DC00B978D9 /* Vintage12.acv */,
				58FF481B18AE49DC00B978D9 /* GPUEffectVintage1.h */,
				58FF481C18AE49DC00B978D9 /* GPUEffectVintage1.m */,
			);
			name = Vintage1;
			sourceTree = "<group>";
		};
		58FF482018AE49E000B978D9 /* Vintage2 */ = {
			isa = PBXGroup;
			children = (
				58FF482118AE49F800B978D9 /* Vintage21.acv */,
				58FF482218AE49F800B978D9 /* Vintage22.acv */,
				58FF482318AE49F800B978D9 /* GPUEffectVintage2.h */,
				58FF482418AE49F800B978D9 /* GPUEffectVintage2.m */,
			);
			name = Vintage2;
			sourceTree = "<group>";
		};
		58FF482818AE4A0B00B978D9 /* VintageFilm */ = {
			isa = PBXGroup;
			children = (
				58FF482918AE4A2000B978D9 /* VintageFilm.acv */,
				58FF482A18AE4A2000B978D9 /* GPUEffectVintageFilm.h */,
				58FF482B18AE4A2000B978D9 /* GPUEffectVintageFilm.m */,
			);
			name = VintageFilm;
			sourceTree = "<group>";
		};
		58FF482E18AE4B1E00B978D9 /* Hazelnut */ = {
			isa = PBXGroup;
			children = (
				58FF482F18AE4B3C00B978D9 /* Hazelnut1.acv */,
				58FF483018AE4B3C00B978D9 /* Hazelnut2.acv */,
				58FF483118AE4B3C00B978D9 /* GPUEffectHazelnut.h */,
				58FF483218AE4B3C00B978D9 /* GPUEffectHazelnut.m */,
			);
			name = Hazelnut;
			sourceTree = "<group>";
		};
		58FF483618AE4BCE00B978D9 /* ColorfulCandy */ = {
			isa = PBXGroup;
			children = (
				58FF483718AE4BDF00B978D9 /* Candy.acv */,
				58FF483818AE4BDF00B978D9 /* GPUEffectColorfulCandy.h */,
				58FF483918AE4BDF00B978D9 /* GPUEffectColorfulCandy.m */,
			);
			name = ColorfulCandy;
			sourceTree = "<group>";
		};
		58FF483C18AE4C7800B978D9 /* Haze3 */ = {
			isa = PBXGroup;
			children = (
				58FF483D18AE4C8300B978D9 /* GPUEffectHaze3.h */,
				58FF483E18AE4C8300B978D9 /* GPUEffectHaze3.m */,
			);
			name = Haze3;
			sourceTree = "<group>";
		};
		58FF484018AE512900B978D9 /* GPUImageFilter */ = {
			isa = PBXGroup;
			children = (
				58FF484E18AE586F00B978D9 /* GPUAdjustmentsWhiteBalance.h */,
				58FF484F18AE586F00B978D9 /* GPUAdjustmentsWhiteBalance.m */,
				58FF485018AE586F00B978D9 /* GPULevelsImageFilter.h */,
				58FF485118AE586F00B978D9 /* GPULevelsImageFilter.m */,
				58FF485218AE586F00B978D9 /* GPUAdjustmentsSaturation.h */,
				58FF485318AE586F00B978D9 /* GPUAdjustmentsSaturation.m */,
				58FF485418AE586F00B978D9 /* GPUAdjustmentsBrightness.h */,
				58FF485518AE586F00B978D9 /* GPUAdjustmentsBrightness.m */,
				58FF484718AE516500B978D9 /* GPUKelvinFilter.h */,
				58FF484818AE516500B978D9 /* GPUKelvinFilter.m */,
				58FF484118AE513D00B978D9 /* GPUImageVividLightBlendFilter.h */,
				58FF484218AE513D00B978D9 /* GPUImageVividLightBlendFilter.m */,
				58FF484318AE513D00B978D9 /* GPUImageLinearDodgeBlendFilter.h */,
				58FF484418AE513D00B978D9 /* GPUImageLinearDodgeBlendFilter.m */,
				58FF485A18AE589F00B978D9 /* GPUPhotoFilter.h */,
				58FF485B18AE589F00B978D9 /* GPUPhotoFilter.m */,
			);
			name = GPUImageFilter;
			sourceTree = "<group>";
		};
/* End PBXGroup section */

/* Begin PBXNativeTarget section */
		58F767AD18AD6F4800015FBA /* Vintage */ = {
			isa = PBXNativeTarget;
			buildConfigurationList = 58F767E018AD6F4900015FBA /* Build configuration list for PBXNativeTarget "Vintage" */;
			buildPhases = (
				58F767AA18AD6F4800015FBA /* Sources */,
				58F767AB18AD6F4800015FBA /* Frameworks */,
				58F767AC18AD6F4800015FBA /* Resources */,
			);
			buildRules = (
			);
			dependencies = (
			);
			name = Vintage;
			productName = Vintage;
			productReference = 58F767AE18AD6F4800015FBA /* Vintage.app */;
			productType = "com.apple.product-type.application";
		};
		58F767CE18AD6F4900015FBA /* VintageTests */ = {
			isa = PBXNativeTarget;
			buildConfigurationList = 58F767E318AD6F4900015FBA /* Build configuration list for PBXNativeTarget "VintageTests" */;
			buildPhases = (
				58F767CB18AD6F4900015FBA /* Sources */,
				58F767CC18AD6F4900015FBA /* Frameworks */,
				58F767CD18AD6F4900015FBA /* Resources */,
			);
			buildRules = (
			);
			dependencies = (
				58F767D518AD6F4900015FBA /* PBXTargetDependency */,
			);
			name = VintageTests;
			productName = VintageTests;
			productReference = 58F767CF18AD6F4900015FBA /* VintageTests.xctest */;
			productType = "com.apple.product-type.bundle.unit-test";
		};
/* End PBXNativeTarget section */

/* Begin PBXProject section */
		58F767A618AD6F4800015FBA /* Project object */ = {
			isa = PBXProject;
			attributes = {
				LastUpgradeCheck = 0500;
				ORGANIZATIONNAME = SSC;
				TargetAttributes = {
					58F767CE18AD6F4900015FBA = {
						TestTargetID = 58F767AD18AD6F4800015FBA;
					};
				};
			};
			buildConfigurationList = 58F767A918AD6F4800015FBA /* Build configuration list for PBXProject "Vintage" */;
			compatibilityVersion = "Xcode 3.2";
			developmentRegion = English;
			hasScannedForEncodings = 0;
			knownRegions = (
				en,
				Base,
				ja,
			);
			mainGroup = 58F767A518AD6F4800015FBA;
			productRefGroup = 58F767AF18AD6F4800015FBA /* Products */;
			projectDirPath = "";
			projectReferences = (
				{
					ProductGroup = 58F78B0C18AE6D1E004510AC /* Products */;
					ProjectRef = 58F78B0B18AE6D1E004510AC /* GPUImage.xcodeproj */;
				},
			);
			projectRoot = "";
			targets = (
				58F767AD18AD6F4800015FBA /* Vintage */,
				58F767CE18AD6F4900015FBA /* VintageTests */,
			);
		};
/* End PBXProject section */

/* Begin PBXReferenceProxy section */
		58F78B1218AE6D1F004510AC /* libGPUImage.a */ = {
			isa = PBXReferenceProxy;
			fileType = archive.ar;
			path = libGPUImage.a;
			remoteRef = 58F78B1118AE6D1F004510AC /* PBXContainerItemProxy */;
			sourceTree = BUILT_PRODUCTS_DIR;
		};
		58F78B1418AE6D1F004510AC /* GPUImageTests.octest */ = {
			isa = PBXReferenceProxy;
			fileType = wrapper.cfbundle;
			path = GPUImageTests.octest;
			remoteRef = 58F78B1318AE6D1F004510AC /* PBXContainerItemProxy */;
			sourceTree = BUILT_PRODUCTS_DIR;
		};
/* End PBXReferenceProxy section */

/* Begin PBXResourcesBuildPhase section */
		58F767AC18AD6F4800015FBA /* Resources */ = {
			isa = PBXResourcesBuildPhase;
			buildActionMask = 2147483647;
			files = (
				588F125E18AE245D00787045 /* CavalleriaRusticana1.acv in Resources */,
				588F123718AE220500787045 /* Girder1.acv in Resources */,
				58FF480218AE484F00B978D9 /* Joyful2.acv in Resources */,
				588F122918AE21EB00787045 /* Summers3.acv in Resources */,
				588F121D18AE21C200787045 /* Miami1.acv in Resources */,
				588F123618AE220500787045 /* Girder2.acv in Resources */,
				58FF482518AE49F800B978D9 /* Vintage21.acv in Resources */,
				588F121B18AE21C200787045 /* Miami3.acv in Resources */,
				58FB369718AEAFEC00B284FB /* rounded-mplus-1p-regular.ttf in Resources */,
				58FF47F918AE47D000B978D9 /* SpringLight1.acv in Resources */,
				588F122818AE21EB00787045 /* Summers4.acv in Resources */,
				58FF483418AE4B3C00B978D9 /* Hazelnut2.acv in Resources */,
				58FB898218AE1031001F661B /* home@2x.jpg in Resources */,
				588F123E18AE224F00787045 /* FaerieVintage1.acv in Resources */,
				588F121C18AE21C200787045 /* Miami2.acv in Resources */,
				588F123F18AE224F00787045 /* FaerieVintage2.acv in Resources */,
				588F127318AE24D300787045 /* CreamyNoon3.acv in Resources */,
				58FB369418AEAFEC00B284FB /* rounded-mplus-1p-heavy.ttf in Resources */,
				58FF482C18AE4A2000B978D9 /* VintageFilm.acv in Resources */,
				58FF47EF18AE478E00B978D9 /* GentleMemories1.acv in Resources */,
				58FF480C18AE488B00B978D9 /* WarmAutumn3.acv in Resources */,
				58F767CA18AD6F4900015FBA /* Images.xcassets in Resources */,
				58FF481D18AE49DC00B978D9 /* Vintage11.acv in Resources */,
				588F127D18AE251700787045 /* Vanilla2.acv in Resources */,
				58FB369618AEAFEC00B284FB /* rounded-mplus-1p-medium.ttf in Resources */,
				581595E818AEBFB400621C3F /* Localizable.strings in Resources */,
				588F126618AE248E00787045 /* VividVintage3.acv in Resources */,
				58FB369818AEAFEC00B284FB /* rounded-mplus-1p-thin.ttf in Resources */,
				588F123518AE220500787045 /* Girder3.acv in Resources */,
				58FF480B18AE488B00B978D9 /* WarmAutumn2.acv in Resources */,
				58FF481218AE48BB00B978D9 /* Weekend.acv in Resources */,
				588F122B18AE21EB00787045 /* Summers1.acv in Resources */,
				588F126818AE248E00787045 /* VividVintage2.acv in Resources */,
				58F767BC18AD6F4900015FBA /* InfoPlist.strings in Resources */,
				58FF483A18AE4BDF00B978D9 /* Candy.acv in Resources */,
				58FB898118AE1031001F661B /* home-568h@2x.jpg in Resources */,
				58FF47F018AE478E00B978D9 /* GentleMemories2.acv in Resources */,
				588F124F18AE235000787045 /* SunsetCarnevale1.acv in Resources */,
				58FF47FA18AE47D000B978D9 /* SpringLight2.acv in Resources */,
				588F122718AE21EB00787045 /* Summers5.acv in Resources */,
				588F127E18AE251700787045 /* Vanilla3.acv in Resources */,
				588F122A18AE21EB00787045 /* Summers2.acv in Resources */,
				58FF47F118AE478E00B978D9 /* GentleMemories3.acv in Resources */,
				588F127418AE24D300787045 /* CreamyNoon4.acv in Resources */,
				588F124518AE22CE00787045 /* PinkBubbleTea.acv in Resources */,
				588F127118AE24D300787045 /* CreamyNoon1.acv in Resources */,
				588F123418AE220500787045 /* Girder4.acv in Resources */,
				58FF483318AE4B3C00B978D9 /* Hazelnut1.acv in Resources */,
				588F127218AE24D300787045 /* CreamyNoon2.acv in Resources */,
				58FF481E18AE49DC00B978D9 /* Vintage12.acv in Resources */,
				58F767C518AD6F4900015FBA /* Main.storyboard in Resources */,
				588F126718AE248E00787045 /* VividVintage1.acv in Resources */,
				58FB369518AEAFEC00B284FB /* rounded-mplus-1p-light.ttf in Resources */,
				58FF480A18AE488B00B978D9 /* WarmAutumn1.acv in Resources */,
				58FB369318AEAFEC00B284FB /* rounded-mplus-1p-bold.ttf in Resources */,
				58FF47F218AE478E00B978D9 /* GentleMemories4.acv in Resources */,
				58FF482618AE49F800B978D9 /* Vintage22.acv in Resources */,
				58FF480118AE484F00B978D9 /* Joyful1.acv in Resources */,
				588F125818AE241800787045 /* DreamyVintage1.acv in Resources */,
				588F127C18AE251700787045 /* Vanilla1.acv in Resources */,
			);
			runOnlyForDeploymentPostprocessing = 0;
		};
		58F767CD18AD6F4900015FBA /* Resources */ = {
			isa = PBXResourcesBuildPhase;
			buildActionMask = 2147483647;
			files = (
				58F767DB18AD6F4900015FBA /* InfoPlist.strings in Resources */,
			);
			runOnlyForDeploymentPostprocessing = 0;
		};
/* End PBXResourcesBuildPhase section */

/* Begin PBXSourcesBuildPhase section */
		58F767AA18AD6F4800015FBA /* Sources */ = {
			isa = PBXSourcesBuildPhase;
			buildActionMask = 2147483647;
			files = (
				58FF481318AE48BB00B978D9 /* GPUEffectWeekend.m in Sources */,
				58FF480318AE484F00B978D9 /* GPUEffectJoyful.m in Sources */,
				58F5563918AE16EB008B2857 /* UIBlurredButton.m in Sources */,
				588F121E18AE21C200787045 /* GPUEffectMiami.m in Sources */,
				5826CEAB18AE14230091E303 /* UIScrollView+extend.m in Sources */,
				58FF482718AE49F800B978D9 /* GPUEffectVintage2.m in Sources */,
				588F126918AE248E00787045 /* GPUEffectVividVintage.m in Sources */,
				58FF481F18AE49DC00B978D9 /* GPUEffectVintage1.m in Sources */,
				58F767C818AD6F4900015FBA /* HomeViewController.m in Sources */,
				58FF481718AE490D00B978D9 /* GPUEffectOldTone.m in Sources */,
				58F767C218AD6F4900015FBA /* AppDelegate.m in Sources */,
				588F121018AE20A100787045 /* GPUImageGradientColorGenerator.m in Sources */,
				58FF485618AE586F00B978D9 /* GPUAdjustmentsWhiteBalance.m in Sources */,
				58FB899B18AE12B1001F661B /* UIScreen+extend.m in Sources */,
				588F127518AE24D300787045 /* GPUEffectCreamyNoon.m in Sources */,
				58FF484618AE513D00B978D9 /* GPUImageLinearDodgeBlendFilter.m in Sources */,
				588F120018AE203400787045 /* GPUImageHueSaturationFilter.m in Sources */,
				58FF484918AE516500B978D9 /* GPUKelvinFilter.m in Sources */,
				58FF482D18AE4A2000B978D9 /* GPUEffectVintageFilm.m in Sources */,
				588F11F818AE1FC700787045 /* GPUImagePhotoFilter.m in Sources */,
				58F767BE18AD6F4900015FBA /* main.m in Sources */,
				588F125F18AE245D00787045 /* GPUEffectCavalleriaRusticana.m in Sources */,
				588F124618AE22CE00787045 /* GPUEffectPinkBubbleTea.m in Sources */,
				588F11FC18AE1FEC00787045 /* GPUImageGradientMapFilter.m in Sources */,
				58FF485918AE586F00B978D9 /* GPUAdjustmentsBrightness.m in Sources */,
				58FF484518AE513D00B978D9 /* GPUImageVividLightBlendFilter.m in Sources */,
				588F124A18AE22F800787045 /* GPUEffectBeachVintage.m in Sources */,
				588F120818AE207800787045 /* GPUImageSelectiveColorFilter.m in Sources */,
				58FF480D18AE488B00B978D9 /* GPUEffectWarmAutumn.m in Sources */,
				588F120C18AE208E00787045 /* GPUImageChannelMixerFilter.m in Sources */,
				58FB899A18AE12B1001F661B /* UIDevice+extend.m in Sources */,
				58FF483518AE4B3C00B978D9 /* GPUEffectHazelnut.m in Sources */,
				58FB899018AE1165001F661B /* UIFadeNavigationController.m in Sources */,
				588F125018AE235000787045 /* GPUEffectSunsetCarnevale.m in Sources */,
				58FF47FB18AE47D000B978D9 /* GPUEffectSpringLight.m in Sources */,
				58FB899C18AE12B1001F661B /* UIView+extend.m in Sources */,
				588F121418AE215200787045 /* GPUImageEffects.m in Sources */,
				588F125918AE241800787045 /* GPUEffectDreamyVintage.m in Sources */,
				58FB898B18AE10CF001F661B /* RootController.m in Sources */,
				58FF483B18AE4BDF00B978D9 /* GPUEffectColorfulCandy.m in Sources */,
				58FF485718AE586F00B978D9 /* GPULevelsImageFilter.m in Sources */,
				58FF485C18AE589F00B978D9 /* GPUPhotoFilter.m in Sources */,
				58FF483F18AE4C8300B978D9 /* GPUEffectHaze3.m in Sources */,
				58FF47F318AE478E00B978D9 /* GPUEffectGentleMemories.m in Sources */,
				588F124018AE224F00787045 /* GPUEffectFaerieVintage.m in Sources */,
				588F122C18AE21EB00787045 /* GPUEffectSummers.m in Sources */,
				588F123818AE220500787045 /* GPUEffectGirder.m in Sources */,
				58FF485818AE586F00B978D9 /* GPUAdjustmentsSaturation.m in Sources */,
				588F120418AE205E00787045 /* GPUImageColorBalanceFilter.m in Sources */,
				588F127F18AE251700787045 /* GPUEffectVanilla.m in Sources */,
			);
			runOnlyForDeploymentPostprocessing = 0;
		};
		58F767CB18AD6F4900015FBA /* Sources */ = {
			isa = PBXSourcesBuildPhase;
			buildActionMask = 2147483647;
			files = (
				58F767DD18AD6F4900015FBA /* VintageTests.m in Sources */,
			);
			runOnlyForDeploymentPostprocessing = 0;
		};
/* End PBXSourcesBuildPhase section */

/* Begin PBXTargetDependency section */
		58F767D518AD6F4900015FBA /* PBXTargetDependency */ = {
			isa = PBXTargetDependency;
			target = 58F767AD18AD6F4800015FBA /* Vintage */;
			targetProxy = 58F767D418AD6F4900015FBA /* PBXContainerItemProxy */;
		};
/* End PBXTargetDependency section */

/* Begin PBXVariantGroup section */
		581595EA18AEBFB400621C3F /* Localizable.strings */ = {
			isa = PBXVariantGroup;
			children = (
				581595E918AEBFB400621C3F /* Base */,
				581595EE18AEBFB800621C3F /* en */,
				581595EF18AEBFB900621C3F /* ja */,
			);
			name = Localizable.strings;
			sourceTree = "<group>";
		};
		58F767BA18AD6F4900015FBA /* InfoPlist.strings */ = {
			isa = PBXVariantGroup;
			children = (
				58F767BB18AD6F4900015FBA /* en */,
				58F78AD518AEB3290099A85F /* ja */,
			);
			name = InfoPlist.strings;
			sourceTree = "<group>";
		};
		58F767C318AD6F4900015FBA /* Main.storyboard */ = {
			isa = PBXVariantGroup;
			children = (
				58F767C418AD6F4900015FBA /* Base */,
				58F78AD418AEB3290099A85F /* ja */,
			);
			name = Main.storyboard;
			sourceTree = "<group>";
		};
		58F767D918AD6F4900015FBA /* InfoPlist.strings */ = {
			isa = PBXVariantGroup;
			children = (
				58F767DA18AD6F4900015FBA /* en */,
				58F78AD618AEB32A0099A85F /* ja */,
			);
			name = InfoPlist.strings;
			sourceTree = "<group>";
		};
/* End PBXVariantGroup section */

/* Begin XCBuildConfiguration section */
		58F767DE18AD6F4900015FBA /* Debug */ = {
			isa = XCBuildConfiguration;
			buildSettings = {
				ALWAYS_SEARCH_USER_PATHS = NO;
				ARCHS = "$(ARCHS_STANDARD_INCLUDING_64_BIT)";
				CLANG_CXX_LANGUAGE_STANDARD = "gnu++0x";
				CLANG_CXX_LIBRARY = "libc++";
				CLANG_ENABLE_MODULES = YES;
				CLANG_ENABLE_OBJC_ARC = YES;
				CLANG_WARN_BOOL_CONVERSION = YES;
				CLANG_WARN_CONSTANT_CONVERSION = YES;
				CLANG_WARN_DIRECT_OBJC_ISA_USAGE = YES_ERROR;
				CLANG_WARN_EMPTY_BODY = YES;
				CLANG_WARN_ENUM_CONVERSION = YES;
				CLANG_WARN_INT_CONVERSION = YES;
				CLANG_WARN_OBJC_ROOT_CLASS = YES_ERROR;
				CLANG_WARN__DUPLICATE_METHOD_MATCH = YES;
				"CODE_SIGN_IDENTITY[sdk=iphoneos*]" = "iPhone Developer";
				COPY_PHASE_STRIP = NO;
				GCC_C_LANGUAGE_STANDARD = gnu99;
				GCC_DYNAMIC_NO_PIC = NO;
				GCC_OPTIMIZATION_LEVEL = 0;
				GCC_PREPROCESSOR_DEFINITIONS = (
					"DEBUG=1",
					"$(inherited)",
				);
				GCC_SYMBOLS_PRIVATE_EXTERN = NO;
				GCC_WARN_64_TO_32_BIT_CONVERSION = YES;
				GCC_WARN_ABOUT_RETURN_TYPE = YES_ERROR;
				GCC_WARN_UNDECLARED_SELECTOR = YES;
				GCC_WARN_UNINITIALIZED_AUTOS = YES;
				GCC_WARN_UNUSED_FUNCTION = YES;
				GCC_WARN_UNUSED_VARIABLE = YES;
				IPHONEOS_DEPLOYMENT_TARGET = 7.0;
				ONLY_ACTIVE_ARCH = YES;
				SDKROOT = iphoneos;
			};
			name = Debug;
		};
		58F767DF18AD6F4900015FBA /* Release */ = {
			isa = XCBuildConfiguration;
			buildSettings = {
				ALWAYS_SEARCH_USER_PATHS = NO;
				ARCHS = "$(ARCHS_STANDARD_INCLUDING_64_BIT)";
				CLANG_CXX_LANGUAGE_STANDARD = "gnu++0x";
				CLANG_CXX_LIBRARY = "libc++";
				CLANG_ENABLE_MODULES = YES;
				CLANG_ENABLE_OBJC_ARC = YES;
				CLANG_WARN_BOOL_CONVERSION = YES;
				CLANG_WARN_CONSTANT_CONVERSION = YES;
				CLANG_WARN_DIRECT_OBJC_ISA_USAGE = YES_ERROR;
				CLANG_WARN_EMPTY_BODY = YES;
				CLANG_WARN_ENUM_CONVERSION = YES;
				CLANG_WARN_INT_CONVERSION = YES;
				CLANG_WARN_OBJC_ROOT_CLASS = YES_ERROR;
				CLANG_WARN__DUPLICATE_METHOD_MATCH = YES;
				"CODE_SIGN_IDENTITY[sdk=iphoneos*]" = "iPhone Developer";
				COPY_PHASE_STRIP = YES;
				ENABLE_NS_ASSERTIONS = NO;
				GCC_C_LANGUAGE_STANDARD = gnu99;
				GCC_WARN_64_TO_32_BIT_CONVERSION = YES;
				GCC_WARN_ABOUT_RETURN_TYPE = YES_ERROR;
				GCC_WARN_UNDECLARED_SELECTOR = YES;
				GCC_WARN_UNINITIALIZED_AUTOS = YES;
				GCC_WARN_UNUSED_FUNCTION = YES;
				GCC_WARN_UNUSED_VARIABLE = YES;
				IPHONEOS_DEPLOYMENT_TARGET = 7.0;
				SDKROOT = iphoneos;
				VALIDATE_PRODUCT = YES;
			};
			name = Release;
		};
		58F767E118AD6F4900015FBA /* Debug */ = {
			isa = XCBuildConfiguration;
			buildSettings = {
				ARCHS = "$(ARCHS_STANDARD_INCLUDING_64_BIT)";
				ASSETCATALOG_COMPILER_APPICON_NAME = AppIcon;
				ASSETCATALOG_COMPILER_LAUNCHIMAGE_NAME = LaunchImage;
				GCC_PRECOMPILE_PREFIX_HEADER = YES;
				GCC_PREFIX_HEADER = "Vintage/Vintage-Prefix.pch";
				INFOPLIST_FILE = "Vintage/Vintage-Info.plist";
				IPHONEOS_DEPLOYMENT_TARGET = 6.0;
				OTHER_LDFLAGS = "-ObjC";
				PRODUCT_NAME = "$(TARGET_NAME)";
				USER_HEADER_SEARCH_PATHS = "./GPUImage/framework/**";
				WRAPPER_EXTENSION = app;
			};
			name = Debug;
		};
		58F767E218AD6F4900015FBA /* Release */ = {
			isa = XCBuildConfiguration;
			buildSettings = {
				ARCHS = "$(ARCHS_STANDARD_INCLUDING_64_BIT)";
				ASSETCATALOG_COMPILER_APPICON_NAME = AppIcon;
				ASSETCATALOG_COMPILER_LAUNCHIMAGE_NAME = LaunchImage;
				GCC_PRECOMPILE_PREFIX_HEADER = YES;
				GCC_PREFIX_HEADER = "Vintage/Vintage-Prefix.pch";
				INFOPLIST_FILE = "Vintage/Vintage-Info.plist";
				IPHONEOS_DEPLOYMENT_TARGET = 6.0;
				OTHER_LDFLAGS = "-ObjC";
				PRODUCT_NAME = "$(TARGET_NAME)";
				USER_HEADER_SEARCH_PATHS = "./GPUImage/framework/**";
				WRAPPER_EXTENSION = app;
			};
			name = Release;
		};
		58F767E418AD6F4900015FBA /* Debug */ = {
			isa = XCBuildConfiguration;
			buildSettings = {
				ARCHS = "$(ARCHS_STANDARD_INCLUDING_64_BIT)";
				BUNDLE_LOADER = "$(BUILT_PRODUCTS_DIR)/Vintage.app/Vintage";
				FRAMEWORK_SEARCH_PATHS = (
					"$(SDKROOT)/Developer/Library/Frameworks",
					"$(inherited)",
					"$(DEVELOPER_FRAMEWORKS_DIR)",
				);
				GCC_PRECOMPILE_PREFIX_HEADER = YES;
				GCC_PREFIX_HEADER = "Vintage/Vintage-Prefix.pch";
				GCC_PREPROCESSOR_DEFINITIONS = (
					"DEBUG=1",
					"$(inherited)",
				);
				INFOPLIST_FILE = "VintageTests/VintageTests-Info.plist";
				PRODUCT_NAME = "$(TARGET_NAME)";
				TEST_HOST = "$(BUNDLE_LOADER)";
				WRAPPER_EXTENSION = xctest;
			};
			name = Debug;
		};
		58F767E518AD6F4900015FBA /* Release */ = {
			isa = XCBuildConfiguration;
			buildSettings = {
				ARCHS = "$(ARCHS_STANDARD_INCLUDING_64_BIT)";
				BUNDLE_LOADER = "$(BUILT_PRODUCTS_DIR)/Vintage.app/Vintage";
				FRAMEWORK_SEARCH_PATHS = (
					"$(SDKROOT)/Developer/Library/Frameworks",
					"$(inherited)",
					"$(DEVELOPER_FRAMEWORKS_DIR)",
				);
				GCC_PRECOMPILE_PREFIX_HEADER = YES;
				GCC_PREFIX_HEADER = "Vintage/Vintage-Prefix.pch";
				INFOPLIST_FILE = "VintageTests/VintageTests-Info.plist";
				PRODUCT_NAME = "$(TARGET_NAME)";
				TEST_HOST = "$(BUNDLE_LOADER)";
				WRAPPER_EXTENSION = xctest;
			};
			name = Release;
		};
/* End XCBuildConfiguration section */

/* Begin XCConfigurationList section */
		58F767A918AD6F4800015FBA /* Build configuration list for PBXProject "Vintage" */ = {
			isa = XCConfigurationList;
			buildConfigurations = (
				58F767DE18AD6F4900015FBA /* Debug */,
				58F767DF18AD6F4900015FBA /* Release */,
			);
			defaultConfigurationIsVisible = 0;
			defaultConfigurationName = Release;
		};
		58F767E018AD6F4900015FBA /* Build configuration list for PBXNativeTarget "Vintage" */ = {
			isa = XCConfigurationList;
			buildConfigurations = (
				58F767E118AD6F4900015FBA /* Debug */,
				58F767E218AD6F4900015FBA /* Release */,
			);
			defaultConfigurationIsVisible = 0;
			defaultConfigurationName = Release;
		};
		58F767E318AD6F4900015FBA /* Build configuration list for PBXNativeTarget "VintageTests" */ = {
			isa = XCConfigurationList;
			buildConfigurations = (
				58F767E418AD6F4900015FBA /* Debug */,
				58F767E518AD6F4900015FBA /* Release */,
			);
			defaultConfigurationIsVisible = 0;
			defaultConfigurationName = Release;
		};
/* End XCConfigurationList section */
	};
	rootObject = 58F767A618AD6F4800015FBA /* Project object */;
}
